
Microsoft Visual Studio Solution File, Format Version 12.00
# Visual Studio Version 17
VisualStudioVersion = 17.3.32901.215
MinimumVisualStudioVersion = 10.0.40219.1
Project("{8BC9CEB8-8B4A-11D0-8D11-00A0C91BC942}") = "Yunuty", "Yunuty\Yunuty.vcxproj", "{60308F48-95FA-432C-849D-B74BE6CCCE60}"
EndProject
Project("{8BC9CEB8-8B4A-11D0-8D11-00A0C91BC942}") = "Yunu3DGraphicsInterface", "Yunu3DGraphicsInterface\Yunu3DGraphicsEngine.vcxproj", "{9E096B24-E24D-4BFC-9A4D-64C93013BC39}"
EndProject
Project("{8BC9CEB8-8B4A-11D0-8D11-00A0C91BC942}") = "InWanderLand", "InWanderLand\InWanderLand.vcxproj", "{49F28A62-3499-4DD9-B0D4-A6F8D83EEA4B}"
	ProjectSection(ProjectDependencies) = postProject
		{2BD97F71-C51D-4422-A416-2B78779E9D80} = {2BD97F71-C51D-4422-A416-2B78779E9D80}
		{60308F48-95FA-432C-849D-B74BE6CCCE60} = {60308F48-95FA-432C-849D-B74BE6CCCE60}
	EndProjectSection
EndProject
Project("{8BC9CEB8-8B4A-11D0-8D11-00A0C91BC942}") = "NailEngine", "NailEngine\NailEngine.vcxproj", "{2BD97F71-C51D-4422-A416-2B78779E9D80}"
EndProject
Project("{8BC9CEB8-8B4A-11D0-8D11-00A0C91BC942}") = "NailResourceTool", "NailResourceTool\NailResourceTool.vcxproj", "{D2DF305D-D19B-414A-BBE7-888B948DFF62}"
	ProjectSection(ProjectDependencies) = postProject
		{2BD97F71-C51D-4422-A416-2B78779E9D80} = {2BD97F71-C51D-4422-A416-2B78779E9D80}
		{60308F48-95FA-432C-849D-B74BE6CCCE60} = {60308F48-95FA-432C-849D-B74BE6CCCE60}
	EndProjectSection
EndProject
Project("{8BC9CEB8-8B4A-11D0-8D11-00A0C91BC942}") = "ParticleTool", "ParticleTool\ParticleTool.vcxproj", "{EAC4506F-45A9-4FFF-9050-C6D158B046DE}"
	ProjectSection(ProjectDependencies) = postProject
		{2BD97F71-C51D-4422-A416-2B78779E9D80} = {2BD97F71-C51D-4422-A416-2B78779E9D80}
		{60308F48-95FA-432C-849D-B74BE6CCCE60} = {60308F48-95FA-432C-849D-B74BE6CCCE60}
	EndProjectSection
EndProject
Project("{FAE04EC0-301F-11D3-BF4B-00C04F79EFBC}") = "YunusVSExtension", "YunusVSExtension\YunusVSExtension.csproj", "{2E443C18-3FE9-4CE8-9B23-FB74926F410E}"
EndProject
Global
	GlobalSection(SolutionConfigurationPlatforms) = preSolution
		Debug|Any CPU = Debug|Any CPU
		Debug|arm64 = Debug|arm64
		Debug|x64 = Debug|x64
		Debug|x86 = Debug|x86
		DebugEditorExe|Any CPU = DebugEditorExe|Any CPU
		DebugEditorExe|arm64 = DebugEditorExe|arm64
		DebugEditorExe|x64 = DebugEditorExe|x64
		DebugEditorExe|x86 = DebugEditorExe|x86
		DebugEditorUnitTests|Any CPU = DebugEditorUnitTests|Any CPU
		DebugEditorUnitTests|arm64 = DebugEditorUnitTests|arm64
		DebugEditorUnitTests|x64 = DebugEditorUnitTests|x64
		DebugEditorUnitTests|x86 = DebugEditorUnitTests|x86
		DebugExe|Any CPU = DebugExe|Any CPU
		DebugExe|arm64 = DebugExe|arm64
		DebugExe|x64 = DebugExe|x64
		DebugExe|x86 = DebugExe|x86
		DebugGraphicsExe|Any CPU = DebugGraphicsExe|Any CPU
		DebugGraphicsExe|arm64 = DebugGraphicsExe|arm64
		DebugGraphicsExe|x64 = DebugGraphicsExe|x64
		DebugGraphicsExe|x86 = DebugGraphicsExe|x86
		DebugUnitTests|Any CPU = DebugUnitTests|Any CPU
		DebugUnitTests|arm64 = DebugUnitTests|arm64
		DebugUnitTests|x64 = DebugUnitTests|x64
		DebugUnitTests|x86 = DebugUnitTests|x86
		Release|Any CPU = Release|Any CPU
		Release|arm64 = Release|arm64
		Release|x64 = Release|x64
		Release|x86 = Release|x86
		ReleaseEditorExe|Any CPU = ReleaseEditorExe|Any CPU
		ReleaseEditorExe|arm64 = ReleaseEditorExe|arm64
		ReleaseEditorExe|x64 = ReleaseEditorExe|x64
		ReleaseEditorExe|x86 = ReleaseEditorExe|x86
		ReleaseEditorUnitTests|Any CPU = ReleaseEditorUnitTests|Any CPU
		ReleaseEditorUnitTests|arm64 = ReleaseEditorUnitTests|arm64
		ReleaseEditorUnitTests|x64 = ReleaseEditorUnitTests|x64
		ReleaseEditorUnitTests|x86 = ReleaseEditorUnitTests|x86
		ReleaseExe|Any CPU = ReleaseExe|Any CPU
		ReleaseExe|arm64 = ReleaseExe|arm64
		ReleaseExe|x64 = ReleaseExe|x64
		ReleaseExe|x86 = ReleaseExe|x86
		ReleaseGraphicsExe|Any CPU = ReleaseGraphicsExe|Any CPU
		ReleaseGraphicsExe|arm64 = ReleaseGraphicsExe|arm64
		ReleaseGraphicsExe|x64 = ReleaseGraphicsExe|x64
		ReleaseGraphicsExe|x86 = ReleaseGraphicsExe|x86
		ReleaseUnitTests|Any CPU = ReleaseUnitTests|Any CPU
		ReleaseUnitTests|arm64 = ReleaseUnitTests|arm64
		ReleaseUnitTests|x64 = ReleaseUnitTests|x64
		ReleaseUnitTests|x86 = ReleaseUnitTests|x86
	EndGlobalSection
	GlobalSection(ProjectConfigurationPlatforms) = postSolution
		{60308F48-95FA-432C-849D-B74BE6CCCE60}.Debug|Any CPU.ActiveCfg = Debug|x64
		{60308F48-95FA-432C-849D-B74BE6CCCE60}.Debug|Any CPU.Build.0 = Debug|x64
		{60308F48-95FA-432C-849D-B74BE6CCCE60}.Debug|arm64.ActiveCfg = Debug|x64
		{60308F48-95FA-432C-849D-B74BE6CCCE60}.Debug|arm64.Build.0 = Debug|x64
		{60308F48-95FA-432C-849D-B74BE6CCCE60}.Debug|x64.ActiveCfg = Debug|x64
		{60308F48-95FA-432C-849D-B74BE6CCCE60}.Debug|x64.Build.0 = Debug|x64
		{60308F48-95FA-432C-849D-B74BE6CCCE60}.Debug|x86.ActiveCfg = Debug|Win32
		{60308F48-95FA-432C-849D-B74BE6CCCE60}.Debug|x86.Build.0 = Debug|Win32
		{60308F48-95FA-432C-849D-B74BE6CCCE60}.DebugEditorExe|Any CPU.ActiveCfg = Debug|x64
		{60308F48-95FA-432C-849D-B74BE6CCCE60}.DebugEditorExe|Any CPU.Build.0 = Debug|x64
		{60308F48-95FA-432C-849D-B74BE6CCCE60}.DebugEditorExe|arm64.ActiveCfg = Debug|x64
		{60308F48-95FA-432C-849D-B74BE6CCCE60}.DebugEditorExe|arm64.Build.0 = Debug|x64
		{60308F48-95FA-432C-849D-B74BE6CCCE60}.DebugEditorExe|x64.ActiveCfg = Debug|x64
		{60308F48-95FA-432C-849D-B74BE6CCCE60}.DebugEditorExe|x64.Build.0 = Debug|x64
		{60308F48-95FA-432C-849D-B74BE6CCCE60}.DebugEditorExe|x86.ActiveCfg = Debug|Win32
		{60308F48-95FA-432C-849D-B74BE6CCCE60}.DebugEditorExe|x86.Build.0 = Debug|Win32
		{60308F48-95FA-432C-849D-B74BE6CCCE60}.DebugEditorUnitTests|Any CPU.ActiveCfg = Debug|x64
		{60308F48-95FA-432C-849D-B74BE6CCCE60}.DebugEditorUnitTests|Any CPU.Build.0 = Debug|x64
		{60308F48-95FA-432C-849D-B74BE6CCCE60}.DebugEditorUnitTests|arm64.ActiveCfg = Debug|x64
		{60308F48-95FA-432C-849D-B74BE6CCCE60}.DebugEditorUnitTests|arm64.Build.0 = Debug|x64
		{60308F48-95FA-432C-849D-B74BE6CCCE60}.DebugEditorUnitTests|x64.ActiveCfg = Debug|x64
		{60308F48-95FA-432C-849D-B74BE6CCCE60}.DebugEditorUnitTests|x64.Build.0 = Debug|x64
		{60308F48-95FA-432C-849D-B74BE6CCCE60}.DebugEditorUnitTests|x86.ActiveCfg = Debug|Win32
		{60308F48-95FA-432C-849D-B74BE6CCCE60}.DebugEditorUnitTests|x86.Build.0 = Debug|Win32
		{60308F48-95FA-432C-849D-B74BE6CCCE60}.DebugExe|Any CPU.ActiveCfg = Debug|x64
		{60308F48-95FA-432C-849D-B74BE6CCCE60}.DebugExe|Any CPU.Build.0 = Debug|x64
		{60308F48-95FA-432C-849D-B74BE6CCCE60}.DebugExe|arm64.ActiveCfg = Debug|x64
		{60308F48-95FA-432C-849D-B74BE6CCCE60}.DebugExe|arm64.Build.0 = Debug|x64
		{60308F48-95FA-432C-849D-B74BE6CCCE60}.DebugExe|x64.ActiveCfg = Debug|x64
		{60308F48-95FA-432C-849D-B74BE6CCCE60}.DebugExe|x64.Build.0 = Debug|x64
		{60308F48-95FA-432C-849D-B74BE6CCCE60}.DebugExe|x86.ActiveCfg = Debug|Win32
		{60308F48-95FA-432C-849D-B74BE6CCCE60}.DebugExe|x86.Build.0 = Debug|Win32
		{60308F48-95FA-432C-849D-B74BE6CCCE60}.DebugGraphicsExe|Any CPU.ActiveCfg = Debug|x64
		{60308F48-95FA-432C-849D-B74BE6CCCE60}.DebugGraphicsExe|Any CPU.Build.0 = Debug|x64
		{60308F48-95FA-432C-849D-B74BE6CCCE60}.DebugGraphicsExe|arm64.ActiveCfg = Debug|x64
		{60308F48-95FA-432C-849D-B74BE6CCCE60}.DebugGraphicsExe|arm64.Build.0 = Debug|x64
		{60308F48-95FA-432C-849D-B74BE6CCCE60}.DebugGraphicsExe|x64.ActiveCfg = Debug|x64
		{60308F48-95FA-432C-849D-B74BE6CCCE60}.DebugGraphicsExe|x64.Build.0 = Debug|x64
		{60308F48-95FA-432C-849D-B74BE6CCCE60}.DebugGraphicsExe|x86.ActiveCfg = Debug|Win32
		{60308F48-95FA-432C-849D-B74BE6CCCE60}.DebugGraphicsExe|x86.Build.0 = Debug|Win32
		{60308F48-95FA-432C-849D-B74BE6CCCE60}.DebugUnitTests|Any CPU.ActiveCfg = Debug|x64
		{60308F48-95FA-432C-849D-B74BE6CCCE60}.DebugUnitTests|Any CPU.Build.0 = Debug|x64
		{60308F48-95FA-432C-849D-B74BE6CCCE60}.DebugUnitTests|arm64.ActiveCfg = Debug|x64
		{60308F48-95FA-432C-849D-B74BE6CCCE60}.DebugUnitTests|arm64.Build.0 = Debug|x64
		{60308F48-95FA-432C-849D-B74BE6CCCE60}.DebugUnitTests|x64.ActiveCfg = Debug|x64
		{60308F48-95FA-432C-849D-B74BE6CCCE60}.DebugUnitTests|x64.Build.0 = Debug|x64
		{60308F48-95FA-432C-849D-B74BE6CCCE60}.DebugUnitTests|x86.ActiveCfg = Debug|Win32
		{60308F48-95FA-432C-849D-B74BE6CCCE60}.DebugUnitTests|x86.Build.0 = Debug|Win32
		{60308F48-95FA-432C-849D-B74BE6CCCE60}.Release|Any CPU.ActiveCfg = Release|x64
		{60308F48-95FA-432C-849D-B74BE6CCCE60}.Release|Any CPU.Build.0 = Release|x64
		{60308F48-95FA-432C-849D-B74BE6CCCE60}.Release|arm64.ActiveCfg = Release|x64
		{60308F48-95FA-432C-849D-B74BE6CCCE60}.Release|arm64.Build.0 = Release|x64
		{60308F48-95FA-432C-849D-B74BE6CCCE60}.Release|x64.ActiveCfg = Release|x64
		{60308F48-95FA-432C-849D-B74BE6CCCE60}.Release|x64.Build.0 = Release|x64
		{60308F48-95FA-432C-849D-B74BE6CCCE60}.Release|x86.ActiveCfg = Release|Win32
		{60308F48-95FA-432C-849D-B74BE6CCCE60}.Release|x86.Build.0 = Release|Win32
		{60308F48-95FA-432C-849D-B74BE6CCCE60}.ReleaseEditorExe|Any CPU.ActiveCfg = Release|x64
		{60308F48-95FA-432C-849D-B74BE6CCCE60}.ReleaseEditorExe|Any CPU.Build.0 = Release|x64
		{60308F48-95FA-432C-849D-B74BE6CCCE60}.ReleaseEditorExe|arm64.ActiveCfg = Release|x64
		{60308F48-95FA-432C-849D-B74BE6CCCE60}.ReleaseEditorExe|arm64.Build.0 = Release|x64
		{60308F48-95FA-432C-849D-B74BE6CCCE60}.ReleaseEditorExe|x64.ActiveCfg = Release|x64
		{60308F48-95FA-432C-849D-B74BE6CCCE60}.ReleaseEditorExe|x64.Build.0 = Release|x64
		{60308F48-95FA-432C-849D-B74BE6CCCE60}.ReleaseEditorExe|x86.ActiveCfg = Release|Win32
		{60308F48-95FA-432C-849D-B74BE6CCCE60}.ReleaseEditorExe|x86.Build.0 = Release|Win32
		{60308F48-95FA-432C-849D-B74BE6CCCE60}.ReleaseEditorUnitTests|Any CPU.ActiveCfg = Release|x64
		{60308F48-95FA-432C-849D-B74BE6CCCE60}.ReleaseEditorUnitTests|Any CPU.Build.0 = Release|x64
		{60308F48-95FA-432C-849D-B74BE6CCCE60}.ReleaseEditorUnitTests|arm64.ActiveCfg = Release|x64
		{60308F48-95FA-432C-849D-B74BE6CCCE60}.ReleaseEditorUnitTests|arm64.Build.0 = Release|x64
		{60308F48-95FA-432C-849D-B74BE6CCCE60}.ReleaseEditorUnitTests|x64.ActiveCfg = Release|x64
		{60308F48-95FA-432C-849D-B74BE6CCCE60}.ReleaseEditorUnitTests|x64.Build.0 = Release|x64
		{60308F48-95FA-432C-849D-B74BE6CCCE60}.ReleaseEditorUnitTests|x86.ActiveCfg = Release|Win32
		{60308F48-95FA-432C-849D-B74BE6CCCE60}.ReleaseEditorUnitTests|x86.Build.0 = Release|Win32
		{60308F48-95FA-432C-849D-B74BE6CCCE60}.ReleaseExe|Any CPU.ActiveCfg = Release|x64
		{60308F48-95FA-432C-849D-B74BE6CCCE60}.ReleaseExe|Any CPU.Build.0 = Release|x64
		{60308F48-95FA-432C-849D-B74BE6CCCE60}.ReleaseExe|arm64.ActiveCfg = Release|x64
		{60308F48-95FA-432C-849D-B74BE6CCCE60}.ReleaseExe|arm64.Build.0 = Release|x64
		{60308F48-95FA-432C-849D-B74BE6CCCE60}.ReleaseExe|x64.ActiveCfg = Release|x64
		{60308F48-95FA-432C-849D-B74BE6CCCE60}.ReleaseExe|x64.Build.0 = Release|x64
		{60308F48-95FA-432C-849D-B74BE6CCCE60}.ReleaseExe|x86.ActiveCfg = Release|Win32
		{60308F48-95FA-432C-849D-B74BE6CCCE60}.ReleaseExe|x86.Build.0 = Release|Win32
		{60308F48-95FA-432C-849D-B74BE6CCCE60}.ReleaseGraphicsExe|Any CPU.ActiveCfg = Release|x64
		{60308F48-95FA-432C-849D-B74BE6CCCE60}.ReleaseGraphicsExe|Any CPU.Build.0 = Release|x64
		{60308F48-95FA-432C-849D-B74BE6CCCE60}.ReleaseGraphicsExe|arm64.ActiveCfg = Release|x64
		{60308F48-95FA-432C-849D-B74BE6CCCE60}.ReleaseGraphicsExe|arm64.Build.0 = Release|x64
		{60308F48-95FA-432C-849D-B74BE6CCCE60}.ReleaseGraphicsExe|x64.ActiveCfg = Release|x64
		{60308F48-95FA-432C-849D-B74BE6CCCE60}.ReleaseGraphicsExe|x64.Build.0 = Release|x64
		{60308F48-95FA-432C-849D-B74BE6CCCE60}.ReleaseGraphicsExe|x86.ActiveCfg = Release|Win32
		{60308F48-95FA-432C-849D-B74BE6CCCE60}.ReleaseGraphicsExe|x86.Build.0 = Release|Win32
		{60308F48-95FA-432C-849D-B74BE6CCCE60}.ReleaseUnitTests|Any CPU.ActiveCfg = Release|x64
		{60308F48-95FA-432C-849D-B74BE6CCCE60}.ReleaseUnitTests|Any CPU.Build.0 = Release|x64
		{60308F48-95FA-432C-849D-B74BE6CCCE60}.ReleaseUnitTests|arm64.ActiveCfg = Release|x64
		{60308F48-95FA-432C-849D-B74BE6CCCE60}.ReleaseUnitTests|arm64.Build.0 = Release|x64
		{60308F48-95FA-432C-849D-B74BE6CCCE60}.ReleaseUnitTests|x64.ActiveCfg = Release|x64
		{60308F48-95FA-432C-849D-B74BE6CCCE60}.ReleaseUnitTests|x64.Build.0 = Release|x64
		{60308F48-95FA-432C-849D-B74BE6CCCE60}.ReleaseUnitTests|x86.ActiveCfg = Release|Win32
		{60308F48-95FA-432C-849D-B74BE6CCCE60}.ReleaseUnitTests|x86.Build.0 = Release|Win32
		{9E096B24-E24D-4BFC-9A4D-64C93013BC39}.Debug|Any CPU.ActiveCfg = Debug|x64
		{9E096B24-E24D-4BFC-9A4D-64C93013BC39}.Debug|Any CPU.Build.0 = Debug|x64
		{9E096B24-E24D-4BFC-9A4D-64C93013BC39}.Debug|arm64.ActiveCfg = Debug|x64
		{9E096B24-E24D-4BFC-9A4D-64C93013BC39}.Debug|arm64.Build.0 = Debug|x64
		{9E096B24-E24D-4BFC-9A4D-64C93013BC39}.Debug|x64.ActiveCfg = Debug|x64
		{9E096B24-E24D-4BFC-9A4D-64C93013BC39}.Debug|x64.Build.0 = Debug|x64
		{9E096B24-E24D-4BFC-9A4D-64C93013BC39}.Debug|x86.ActiveCfg = Debug|Win32
		{9E096B24-E24D-4BFC-9A4D-64C93013BC39}.Debug|x86.Build.0 = Debug|Win32
		{9E096B24-E24D-4BFC-9A4D-64C93013BC39}.DebugEditorExe|Any CPU.ActiveCfg = Debug|x64
		{9E096B24-E24D-4BFC-9A4D-64C93013BC39}.DebugEditorExe|Any CPU.Build.0 = Debug|x64
		{9E096B24-E24D-4BFC-9A4D-64C93013BC39}.DebugEditorExe|arm64.ActiveCfg = Debug|x64
		{9E096B24-E24D-4BFC-9A4D-64C93013BC39}.DebugEditorExe|arm64.Build.0 = Debug|x64
		{9E096B24-E24D-4BFC-9A4D-64C93013BC39}.DebugEditorExe|x64.ActiveCfg = Debug|x64
		{9E096B24-E24D-4BFC-9A4D-64C93013BC39}.DebugEditorExe|x64.Build.0 = Debug|x64
		{9E096B24-E24D-4BFC-9A4D-64C93013BC39}.DebugEditorExe|x86.ActiveCfg = Debug|Win32
		{9E096B24-E24D-4BFC-9A4D-64C93013BC39}.DebugEditorExe|x86.Build.0 = Debug|Win32
		{9E096B24-E24D-4BFC-9A4D-64C93013BC39}.DebugEditorUnitTests|Any CPU.ActiveCfg = Debug|x64
		{9E096B24-E24D-4BFC-9A4D-64C93013BC39}.DebugEditorUnitTests|Any CPU.Build.0 = Debug|x64
		{9E096B24-E24D-4BFC-9A4D-64C93013BC39}.DebugEditorUnitTests|arm64.ActiveCfg = Debug|x64
		{9E096B24-E24D-4BFC-9A4D-64C93013BC39}.DebugEditorUnitTests|arm64.Build.0 = Debug|x64
		{9E096B24-E24D-4BFC-9A4D-64C93013BC39}.DebugEditorUnitTests|x64.ActiveCfg = Debug|x64
		{9E096B24-E24D-4BFC-9A4D-64C93013BC39}.DebugEditorUnitTests|x64.Build.0 = Debug|x64
		{9E096B24-E24D-4BFC-9A4D-64C93013BC39}.DebugEditorUnitTests|x86.ActiveCfg = Debug|Win32
		{9E096B24-E24D-4BFC-9A4D-64C93013BC39}.DebugEditorUnitTests|x86.Build.0 = Debug|Win32
		{9E096B24-E24D-4BFC-9A4D-64C93013BC39}.DebugExe|Any CPU.ActiveCfg = Debug|x64
		{9E096B24-E24D-4BFC-9A4D-64C93013BC39}.DebugExe|Any CPU.Build.0 = Debug|x64
		{9E096B24-E24D-4BFC-9A4D-64C93013BC39}.DebugExe|arm64.ActiveCfg = Debug|x64
		{9E096B24-E24D-4BFC-9A4D-64C93013BC39}.DebugExe|arm64.Build.0 = Debug|x64
		{9E096B24-E24D-4BFC-9A4D-64C93013BC39}.DebugExe|x64.ActiveCfg = Debug|x64
		{9E096B24-E24D-4BFC-9A4D-64C93013BC39}.DebugExe|x64.Build.0 = Debug|x64
		{9E096B24-E24D-4BFC-9A4D-64C93013BC39}.DebugExe|x86.ActiveCfg = Debug|Win32
		{9E096B24-E24D-4BFC-9A4D-64C93013BC39}.DebugExe|x86.Build.0 = Debug|Win32
		{9E096B24-E24D-4BFC-9A4D-64C93013BC39}.DebugGraphicsExe|Any CPU.ActiveCfg = Debug|x64
		{9E096B24-E24D-4BFC-9A4D-64C93013BC39}.DebugGraphicsExe|Any CPU.Build.0 = Debug|x64
		{9E096B24-E24D-4BFC-9A4D-64C93013BC39}.DebugGraphicsExe|arm64.ActiveCfg = Debug|x64
		{9E096B24-E24D-4BFC-9A4D-64C93013BC39}.DebugGraphicsExe|arm64.Build.0 = Debug|x64
		{9E096B24-E24D-4BFC-9A4D-64C93013BC39}.DebugGraphicsExe|x64.ActiveCfg = Debug|x64
		{9E096B24-E24D-4BFC-9A4D-64C93013BC39}.DebugGraphicsExe|x64.Build.0 = Debug|x64
		{9E096B24-E24D-4BFC-9A4D-64C93013BC39}.DebugGraphicsExe|x86.ActiveCfg = Debug|Win32
		{9E096B24-E24D-4BFC-9A4D-64C93013BC39}.DebugGraphicsExe|x86.Build.0 = Debug|Win32
		{9E096B24-E24D-4BFC-9A4D-64C93013BC39}.DebugUnitTests|Any CPU.ActiveCfg = Debug|x64
		{9E096B24-E24D-4BFC-9A4D-64C93013BC39}.DebugUnitTests|Any CPU.Build.0 = Debug|x64
		{9E096B24-E24D-4BFC-9A4D-64C93013BC39}.DebugUnitTests|arm64.ActiveCfg = Debug|x64
		{9E096B24-E24D-4BFC-9A4D-64C93013BC39}.DebugUnitTests|arm64.Build.0 = Debug|x64
		{9E096B24-E24D-4BFC-9A4D-64C93013BC39}.DebugUnitTests|x64.ActiveCfg = Debug|x64
		{9E096B24-E24D-4BFC-9A4D-64C93013BC39}.DebugUnitTests|x64.Build.0 = Debug|x64
		{9E096B24-E24D-4BFC-9A4D-64C93013BC39}.DebugUnitTests|x86.ActiveCfg = Debug|Win32
		{9E096B24-E24D-4BFC-9A4D-64C93013BC39}.DebugUnitTests|x86.Build.0 = Debug|Win32
		{9E096B24-E24D-4BFC-9A4D-64C93013BC39}.Release|Any CPU.ActiveCfg = Release|x64
		{9E096B24-E24D-4BFC-9A4D-64C93013BC39}.Release|Any CPU.Build.0 = Release|x64
		{9E096B24-E24D-4BFC-9A4D-64C93013BC39}.Release|arm64.ActiveCfg = Release|x64
		{9E096B24-E24D-4BFC-9A4D-64C93013BC39}.Release|arm64.Build.0 = Release|x64
		{9E096B24-E24D-4BFC-9A4D-64C93013BC39}.Release|x64.ActiveCfg = Release|x64
		{9E096B24-E24D-4BFC-9A4D-64C93013BC39}.Release|x64.Build.0 = Release|x64
		{9E096B24-E24D-4BFC-9A4D-64C93013BC39}.Release|x86.ActiveCfg = Release|Win32
		{9E096B24-E24D-4BFC-9A4D-64C93013BC39}.Release|x86.Build.0 = Release|Win32
		{9E096B24-E24D-4BFC-9A4D-64C93013BC39}.ReleaseEditorExe|Any CPU.ActiveCfg = Release|x64
		{9E096B24-E24D-4BFC-9A4D-64C93013BC39}.ReleaseEditorExe|Any CPU.Build.0 = Release|x64
		{9E096B24-E24D-4BFC-9A4D-64C93013BC39}.ReleaseEditorExe|arm64.ActiveCfg = Release|x64
		{9E096B24-E24D-4BFC-9A4D-64C93013BC39}.ReleaseEditorExe|arm64.Build.0 = Release|x64
		{9E096B24-E24D-4BFC-9A4D-64C93013BC39}.ReleaseEditorExe|x64.ActiveCfg = Release|x64
		{9E096B24-E24D-4BFC-9A4D-64C93013BC39}.ReleaseEditorExe|x64.Build.0 = Release|x64
		{9E096B24-E24D-4BFC-9A4D-64C93013BC39}.ReleaseEditorExe|x86.ActiveCfg = Release|Win32
		{9E096B24-E24D-4BFC-9A4D-64C93013BC39}.ReleaseEditorExe|x86.Build.0 = Release|Win32
		{9E096B24-E24D-4BFC-9A4D-64C93013BC39}.ReleaseEditorUnitTests|Any CPU.ActiveCfg = Release|x64
		{9E096B24-E24D-4BFC-9A4D-64C93013BC39}.ReleaseEditorUnitTests|Any CPU.Build.0 = Release|x64
		{9E096B24-E24D-4BFC-9A4D-64C93013BC39}.ReleaseEditorUnitTests|arm64.ActiveCfg = Release|x64
		{9E096B24-E24D-4BFC-9A4D-64C93013BC39}.ReleaseEditorUnitTests|arm64.Build.0 = Release|x64
		{9E096B24-E24D-4BFC-9A4D-64C93013BC39}.ReleaseEditorUnitTests|x64.ActiveCfg = Release|x64
		{9E096B24-E24D-4BFC-9A4D-64C93013BC39}.ReleaseEditorUnitTests|x64.Build.0 = Release|x64
		{9E096B24-E24D-4BFC-9A4D-64C93013BC39}.ReleaseEditorUnitTests|x86.ActiveCfg = Release|Win32
		{9E096B24-E24D-4BFC-9A4D-64C93013BC39}.ReleaseEditorUnitTests|x86.Build.0 = Release|Win32
		{9E096B24-E24D-4BFC-9A4D-64C93013BC39}.ReleaseExe|Any CPU.ActiveCfg = Release|x64
		{9E096B24-E24D-4BFC-9A4D-64C93013BC39}.ReleaseExe|Any CPU.Build.0 = Release|x64
		{9E096B24-E24D-4BFC-9A4D-64C93013BC39}.ReleaseExe|arm64.ActiveCfg = Release|x64
		{9E096B24-E24D-4BFC-9A4D-64C93013BC39}.ReleaseExe|arm64.Build.0 = Release|x64
		{9E096B24-E24D-4BFC-9A4D-64C93013BC39}.ReleaseExe|x64.ActiveCfg = Release|x64
		{9E096B24-E24D-4BFC-9A4D-64C93013BC39}.ReleaseExe|x64.Build.0 = Release|x64
		{9E096B24-E24D-4BFC-9A4D-64C93013BC39}.ReleaseExe|x86.ActiveCfg = Release|Win32
		{9E096B24-E24D-4BFC-9A4D-64C93013BC39}.ReleaseExe|x86.Build.0 = Release|Win32
		{9E096B24-E24D-4BFC-9A4D-64C93013BC39}.ReleaseGraphicsExe|Any CPU.ActiveCfg = Release|x64
		{9E096B24-E24D-4BFC-9A4D-64C93013BC39}.ReleaseGraphicsExe|Any CPU.Build.0 = Release|x64
		{9E096B24-E24D-4BFC-9A4D-64C93013BC39}.ReleaseGraphicsExe|arm64.ActiveCfg = Release|x64
		{9E096B24-E24D-4BFC-9A4D-64C93013BC39}.ReleaseGraphicsExe|arm64.Build.0 = Release|x64
		{9E096B24-E24D-4BFC-9A4D-64C93013BC39}.ReleaseGraphicsExe|x64.ActiveCfg = Release|x64
		{9E096B24-E24D-4BFC-9A4D-64C93013BC39}.ReleaseGraphicsExe|x64.Build.0 = Release|x64
		{9E096B24-E24D-4BFC-9A4D-64C93013BC39}.ReleaseGraphicsExe|x86.ActiveCfg = Release|Win32
		{9E096B24-E24D-4BFC-9A4D-64C93013BC39}.ReleaseGraphicsExe|x86.Build.0 = Release|Win32
		{9E096B24-E24D-4BFC-9A4D-64C93013BC39}.ReleaseUnitTests|Any CPU.ActiveCfg = Release|x64
		{9E096B24-E24D-4BFC-9A4D-64C93013BC39}.ReleaseUnitTests|Any CPU.Build.0 = Release|x64
		{9E096B24-E24D-4BFC-9A4D-64C93013BC39}.ReleaseUnitTests|arm64.ActiveCfg = Release|x64
		{9E096B24-E24D-4BFC-9A4D-64C93013BC39}.ReleaseUnitTests|arm64.Build.0 = Release|x64
		{9E096B24-E24D-4BFC-9A4D-64C93013BC39}.ReleaseUnitTests|x64.ActiveCfg = Release|x64
		{9E096B24-E24D-4BFC-9A4D-64C93013BC39}.ReleaseUnitTests|x64.Build.0 = Release|x64
		{9E096B24-E24D-4BFC-9A4D-64C93013BC39}.ReleaseUnitTests|x86.ActiveCfg = Release|Win32
		{9E096B24-E24D-4BFC-9A4D-64C93013BC39}.ReleaseUnitTests|x86.Build.0 = Release|Win32
		{49F28A62-3499-4DD9-B0D4-A6F8D83EEA4B}.Debug|Any CPU.ActiveCfg = DebugGraphicsExe|x64
		{49F28A62-3499-4DD9-B0D4-A6F8D83EEA4B}.Debug|Any CPU.Build.0 = DebugGraphicsExe|x64
		{49F28A62-3499-4DD9-B0D4-A6F8D83EEA4B}.Debug|arm64.ActiveCfg = DebugGraphicsExe|x64
		{49F28A62-3499-4DD9-B0D4-A6F8D83EEA4B}.Debug|arm64.Build.0 = DebugGraphicsExe|x64
		{49F28A62-3499-4DD9-B0D4-A6F8D83EEA4B}.Debug|x64.ActiveCfg = DebugUnitTests|x64
		{49F28A62-3499-4DD9-B0D4-A6F8D83EEA4B}.Debug|x64.Build.0 = DebugUnitTests|x64
		{49F28A62-3499-4DD9-B0D4-A6F8D83EEA4B}.Debug|x86.ActiveCfg = DebugEditorExe|Win32
		{49F28A62-3499-4DD9-B0D4-A6F8D83EEA4B}.Debug|x86.Build.0 = DebugEditorExe|Win32
		{49F28A62-3499-4DD9-B0D4-A6F8D83EEA4B}.DebugEditorExe|Any CPU.ActiveCfg = DebugEditorExe|x64
		{49F28A62-3499-4DD9-B0D4-A6F8D83EEA4B}.DebugEditorExe|Any CPU.Build.0 = DebugEditorExe|x64
		{49F28A62-3499-4DD9-B0D4-A6F8D83EEA4B}.DebugEditorExe|arm64.ActiveCfg = DebugEditorExe|x64
		{49F28A62-3499-4DD9-B0D4-A6F8D83EEA4B}.DebugEditorExe|arm64.Build.0 = DebugEditorExe|x64
		{49F28A62-3499-4DD9-B0D4-A6F8D83EEA4B}.DebugEditorExe|x64.ActiveCfg = DebugEditorExe|x64
		{49F28A62-3499-4DD9-B0D4-A6F8D83EEA4B}.DebugEditorExe|x64.Build.0 = DebugEditorExe|x64
		{49F28A62-3499-4DD9-B0D4-A6F8D83EEA4B}.DebugEditorExe|x86.ActiveCfg = DebugEditorExe|Win32
		{49F28A62-3499-4DD9-B0D4-A6F8D83EEA4B}.DebugEditorExe|x86.Build.0 = DebugEditorExe|Win32
		{49F28A62-3499-4DD9-B0D4-A6F8D83EEA4B}.DebugEditorUnitTests|Any CPU.ActiveCfg = DebugEditorUnitTests|x64
		{49F28A62-3499-4DD9-B0D4-A6F8D83EEA4B}.DebugEditorUnitTests|Any CPU.Build.0 = DebugEditorUnitTests|x64
		{49F28A62-3499-4DD9-B0D4-A6F8D83EEA4B}.DebugEditorUnitTests|arm64.ActiveCfg = DebugEditorUnitTests|x64
		{49F28A62-3499-4DD9-B0D4-A6F8D83EEA4B}.DebugEditorUnitTests|arm64.Build.0 = DebugEditorUnitTests|x64
		{49F28A62-3499-4DD9-B0D4-A6F8D83EEA4B}.DebugEditorUnitTests|x64.ActiveCfg = DebugEditorUnitTests|x64
		{49F28A62-3499-4DD9-B0D4-A6F8D83EEA4B}.DebugEditorUnitTests|x64.Build.0 = DebugEditorUnitTests|x64
		{49F28A62-3499-4DD9-B0D4-A6F8D83EEA4B}.DebugEditorUnitTests|x86.ActiveCfg = DebugEditorUnitTests|Win32
		{49F28A62-3499-4DD9-B0D4-A6F8D83EEA4B}.DebugEditorUnitTests|x86.Build.0 = DebugEditorUnitTests|Win32
		{49F28A62-3499-4DD9-B0D4-A6F8D83EEA4B}.DebugExe|Any CPU.ActiveCfg = DebugExe|x64
		{49F28A62-3499-4DD9-B0D4-A6F8D83EEA4B}.DebugExe|Any CPU.Build.0 = DebugExe|x64
		{49F28A62-3499-4DD9-B0D4-A6F8D83EEA4B}.DebugExe|arm64.ActiveCfg = DebugExe|x64
		{49F28A62-3499-4DD9-B0D4-A6F8D83EEA4B}.DebugExe|arm64.Build.0 = DebugExe|x64
		{49F28A62-3499-4DD9-B0D4-A6F8D83EEA4B}.DebugExe|x64.ActiveCfg = DebugExe|x64
		{49F28A62-3499-4DD9-B0D4-A6F8D83EEA4B}.DebugExe|x64.Build.0 = DebugExe|x64
		{49F28A62-3499-4DD9-B0D4-A6F8D83EEA4B}.DebugExe|x86.ActiveCfg = DebugExe|Win32
		{49F28A62-3499-4DD9-B0D4-A6F8D83EEA4B}.DebugExe|x86.Build.0 = DebugExe|Win32
		{49F28A62-3499-4DD9-B0D4-A6F8D83EEA4B}.DebugGraphicsExe|Any CPU.ActiveCfg = DebugGraphicsExe|x64
		{49F28A62-3499-4DD9-B0D4-A6F8D83EEA4B}.DebugGraphicsExe|Any CPU.Build.0 = DebugGraphicsExe|x64
		{49F28A62-3499-4DD9-B0D4-A6F8D83EEA4B}.DebugGraphicsExe|arm64.ActiveCfg = DebugGraphicsExe|x64
		{49F28A62-3499-4DD9-B0D4-A6F8D83EEA4B}.DebugGraphicsExe|arm64.Build.0 = DebugGraphicsExe|x64
		{49F28A62-3499-4DD9-B0D4-A6F8D83EEA4B}.DebugGraphicsExe|x64.ActiveCfg = DebugGraphicsExe|x64
		{49F28A62-3499-4DD9-B0D4-A6F8D83EEA4B}.DebugGraphicsExe|x64.Build.0 = DebugGraphicsExe|x64
		{49F28A62-3499-4DD9-B0D4-A6F8D83EEA4B}.DebugGraphicsExe|x86.ActiveCfg = DebugGraphicsExe|Win32
		{49F28A62-3499-4DD9-B0D4-A6F8D83EEA4B}.DebugGraphicsExe|x86.Build.0 = DebugGraphicsExe|Win32
		{49F28A62-3499-4DD9-B0D4-A6F8D83EEA4B}.DebugUnitTests|Any CPU.ActiveCfg = DebugUnitTests|x64
		{49F28A62-3499-4DD9-B0D4-A6F8D83EEA4B}.DebugUnitTests|Any CPU.Build.0 = DebugUnitTests|x64
		{49F28A62-3499-4DD9-B0D4-A6F8D83EEA4B}.DebugUnitTests|arm64.ActiveCfg = DebugUnitTests|x64
		{49F28A62-3499-4DD9-B0D4-A6F8D83EEA4B}.DebugUnitTests|arm64.Build.0 = DebugUnitTests|x64
		{49F28A62-3499-4DD9-B0D4-A6F8D83EEA4B}.DebugUnitTests|x64.ActiveCfg = DebugUnitTests|x64
		{49F28A62-3499-4DD9-B0D4-A6F8D83EEA4B}.DebugUnitTests|x64.Build.0 = DebugUnitTests|x64
		{49F28A62-3499-4DD9-B0D4-A6F8D83EEA4B}.DebugUnitTests|x86.ActiveCfg = DebugUnitTests|Win32
		{49F28A62-3499-4DD9-B0D4-A6F8D83EEA4B}.DebugUnitTests|x86.Build.0 = DebugUnitTests|Win32
		{49F28A62-3499-4DD9-B0D4-A6F8D83EEA4B}.Release|Any CPU.ActiveCfg = ReleaseGraphicsExe|x64
		{49F28A62-3499-4DD9-B0D4-A6F8D83EEA4B}.Release|Any CPU.Build.0 = ReleaseGraphicsExe|x64
		{49F28A62-3499-4DD9-B0D4-A6F8D83EEA4B}.Release|arm64.ActiveCfg = ReleaseGraphicsExe|x64
		{49F28A62-3499-4DD9-B0D4-A6F8D83EEA4B}.Release|arm64.Build.0 = ReleaseGraphicsExe|x64
		{49F28A62-3499-4DD9-B0D4-A6F8D83EEA4B}.Release|x64.ActiveCfg = ReleaseUnitTests|x64
		{49F28A62-3499-4DD9-B0D4-A6F8D83EEA4B}.Release|x64.Build.0 = ReleaseUnitTests|x64
		{49F28A62-3499-4DD9-B0D4-A6F8D83EEA4B}.Release|x86.ActiveCfg = ReleaseEditorExe|Win32
		{49F28A62-3499-4DD9-B0D4-A6F8D83EEA4B}.Release|x86.Build.0 = ReleaseEditorExe|Win32
		{49F28A62-3499-4DD9-B0D4-A6F8D83EEA4B}.ReleaseEditorExe|Any CPU.ActiveCfg = ReleaseEditorExe|x64
		{49F28A62-3499-4DD9-B0D4-A6F8D83EEA4B}.ReleaseEditorExe|Any CPU.Build.0 = ReleaseEditorExe|x64
		{49F28A62-3499-4DD9-B0D4-A6F8D83EEA4B}.ReleaseEditorExe|arm64.ActiveCfg = ReleaseEditorExe|x64
		{49F28A62-3499-4DD9-B0D4-A6F8D83EEA4B}.ReleaseEditorExe|arm64.Build.0 = ReleaseEditorExe|x64
		{49F28A62-3499-4DD9-B0D4-A6F8D83EEA4B}.ReleaseEditorExe|x64.ActiveCfg = ReleaseEditorExe|x64
		{49F28A62-3499-4DD9-B0D4-A6F8D83EEA4B}.ReleaseEditorExe|x64.Build.0 = ReleaseEditorExe|x64
		{49F28A62-3499-4DD9-B0D4-A6F8D83EEA4B}.ReleaseEditorExe|x86.ActiveCfg = ReleaseEditorExe|Win32
		{49F28A62-3499-4DD9-B0D4-A6F8D83EEA4B}.ReleaseEditorExe|x86.Build.0 = ReleaseEditorExe|Win32
		{49F28A62-3499-4DD9-B0D4-A6F8D83EEA4B}.ReleaseEditorUnitTests|Any CPU.ActiveCfg = ReleaseEditorUnitTests|x64
		{49F28A62-3499-4DD9-B0D4-A6F8D83EEA4B}.ReleaseEditorUnitTests|Any CPU.Build.0 = ReleaseEditorUnitTests|x64
		{49F28A62-3499-4DD9-B0D4-A6F8D83EEA4B}.ReleaseEditorUnitTests|arm64.ActiveCfg = ReleaseEditorUnitTests|x64
		{49F28A62-3499-4DD9-B0D4-A6F8D83EEA4B}.ReleaseEditorUnitTests|arm64.Build.0 = ReleaseEditorUnitTests|x64
		{49F28A62-3499-4DD9-B0D4-A6F8D83EEA4B}.ReleaseEditorUnitTests|x64.ActiveCfg = ReleaseEditorUnitTests|x64
		{49F28A62-3499-4DD9-B0D4-A6F8D83EEA4B}.ReleaseEditorUnitTests|x64.Build.0 = ReleaseEditorUnitTests|x64
		{49F28A62-3499-4DD9-B0D4-A6F8D83EEA4B}.ReleaseEditorUnitTests|x86.ActiveCfg = ReleaseEditorUnitTests|Win32
		{49F28A62-3499-4DD9-B0D4-A6F8D83EEA4B}.ReleaseEditorUnitTests|x86.Build.0 = ReleaseEditorUnitTests|Win32
		{49F28A62-3499-4DD9-B0D4-A6F8D83EEA4B}.ReleaseExe|Any CPU.ActiveCfg = ReleaseExe|x64
		{49F28A62-3499-4DD9-B0D4-A6F8D83EEA4B}.ReleaseExe|Any CPU.Build.0 = ReleaseExe|x64
		{49F28A62-3499-4DD9-B0D4-A6F8D83EEA4B}.ReleaseExe|arm64.ActiveCfg = ReleaseExe|x64
		{49F28A62-3499-4DD9-B0D4-A6F8D83EEA4B}.ReleaseExe|arm64.Build.0 = ReleaseExe|x64
		{49F28A62-3499-4DD9-B0D4-A6F8D83EEA4B}.ReleaseExe|x64.ActiveCfg = ReleaseExe|x64
		{49F28A62-3499-4DD9-B0D4-A6F8D83EEA4B}.ReleaseExe|x64.Build.0 = ReleaseExe|x64
		{49F28A62-3499-4DD9-B0D4-A6F8D83EEA4B}.ReleaseExe|x86.ActiveCfg = ReleaseExe|Win32
		{49F28A62-3499-4DD9-B0D4-A6F8D83EEA4B}.ReleaseExe|x86.Build.0 = ReleaseExe|Win32
		{49F28A62-3499-4DD9-B0D4-A6F8D83EEA4B}.ReleaseGraphicsExe|Any CPU.ActiveCfg = ReleaseGraphicsExe|x64
		{49F28A62-3499-4DD9-B0D4-A6F8D83EEA4B}.ReleaseGraphicsExe|Any CPU.Build.0 = ReleaseGraphicsExe|x64
		{49F28A62-3499-4DD9-B0D4-A6F8D83EEA4B}.ReleaseGraphicsExe|arm64.ActiveCfg = ReleaseGraphicsExe|x64
		{49F28A62-3499-4DD9-B0D4-A6F8D83EEA4B}.ReleaseGraphicsExe|arm64.Build.0 = ReleaseGraphicsExe|x64
		{49F28A62-3499-4DD9-B0D4-A6F8D83EEA4B}.ReleaseGraphicsExe|x64.ActiveCfg = ReleaseGraphicsExe|x64
		{49F28A62-3499-4DD9-B0D4-A6F8D83EEA4B}.ReleaseGraphicsExe|x64.Build.0 = ReleaseGraphicsExe|x64
		{49F28A62-3499-4DD9-B0D4-A6F8D83EEA4B}.ReleaseGraphicsExe|x86.ActiveCfg = ReleaseGraphicsExe|Win32
		{49F28A62-3499-4DD9-B0D4-A6F8D83EEA4B}.ReleaseGraphicsExe|x86.Build.0 = ReleaseGraphicsExe|Win32
		{49F28A62-3499-4DD9-B0D4-A6F8D83EEA4B}.ReleaseUnitTests|Any CPU.ActiveCfg = ReleaseUnitTests|x64
		{49F28A62-3499-4DD9-B0D4-A6F8D83EEA4B}.ReleaseUnitTests|Any CPU.Build.0 = ReleaseUnitTests|x64
		{49F28A62-3499-4DD9-B0D4-A6F8D83EEA4B}.ReleaseUnitTests|arm64.ActiveCfg = ReleaseUnitTests|x64
		{49F28A62-3499-4DD9-B0D4-A6F8D83EEA4B}.ReleaseUnitTests|arm64.Build.0 = ReleaseUnitTests|x64
		{49F28A62-3499-4DD9-B0D4-A6F8D83EEA4B}.ReleaseUnitTests|x64.ActiveCfg = ReleaseUnitTests|x64
		{49F28A62-3499-4DD9-B0D4-A6F8D83EEA4B}.ReleaseUnitTests|x64.Build.0 = ReleaseUnitTests|x64
		{49F28A62-3499-4DD9-B0D4-A6F8D83EEA4B}.ReleaseUnitTests|x86.ActiveCfg = ReleaseUnitTests|Win32
		{49F28A62-3499-4DD9-B0D4-A6F8D83EEA4B}.ReleaseUnitTests|x86.Build.0 = ReleaseUnitTests|Win32
		{2BD97F71-C51D-4422-A416-2B78779E9D80}.Debug|Any CPU.ActiveCfg = Debug|x64
		{2BD97F71-C51D-4422-A416-2B78779E9D80}.Debug|Any CPU.Build.0 = Debug|x64
		{2BD97F71-C51D-4422-A416-2B78779E9D80}.Debug|arm64.ActiveCfg = Debug|x64
		{2BD97F71-C51D-4422-A416-2B78779E9D80}.Debug|arm64.Build.0 = Debug|x64
		{2BD97F71-C51D-4422-A416-2B78779E9D80}.Debug|x64.ActiveCfg = Debug|x64
		{2BD97F71-C51D-4422-A416-2B78779E9D80}.Debug|x64.Build.0 = Debug|x64
		{2BD97F71-C51D-4422-A416-2B78779E9D80}.Debug|x86.ActiveCfg = Debug|Win32
		{2BD97F71-C51D-4422-A416-2B78779E9D80}.Debug|x86.Build.0 = Debug|Win32
		{2BD97F71-C51D-4422-A416-2B78779E9D80}.DebugEditorExe|Any CPU.ActiveCfg = Debug|x64
		{2BD97F71-C51D-4422-A416-2B78779E9D80}.DebugEditorExe|Any CPU.Build.0 = Debug|x64
		{2BD97F71-C51D-4422-A416-2B78779E9D80}.DebugEditorExe|arm64.ActiveCfg = Debug|x64
		{2BD97F71-C51D-4422-A416-2B78779E9D80}.DebugEditorExe|arm64.Build.0 = Debug|x64
		{2BD97F71-C51D-4422-A416-2B78779E9D80}.DebugEditorExe|x64.ActiveCfg = Debug|x64
		{2BD97F71-C51D-4422-A416-2B78779E9D80}.DebugEditorExe|x64.Build.0 = Debug|x64
		{2BD97F71-C51D-4422-A416-2B78779E9D80}.DebugEditorExe|x86.ActiveCfg = Debug|Win32
		{2BD97F71-C51D-4422-A416-2B78779E9D80}.DebugEditorExe|x86.Build.0 = Debug|Win32
		{2BD97F71-C51D-4422-A416-2B78779E9D80}.DebugEditorUnitTests|Any CPU.ActiveCfg = Debug|x64
		{2BD97F71-C51D-4422-A416-2B78779E9D80}.DebugEditorUnitTests|Any CPU.Build.0 = Debug|x64
		{2BD97F71-C51D-4422-A416-2B78779E9D80}.DebugEditorUnitTests|arm64.ActiveCfg = Debug|x64
		{2BD97F71-C51D-4422-A416-2B78779E9D80}.DebugEditorUnitTests|arm64.Build.0 = Debug|x64
		{2BD97F71-C51D-4422-A416-2B78779E9D80}.DebugEditorUnitTests|x64.ActiveCfg = Debug|x64
		{2BD97F71-C51D-4422-A416-2B78779E9D80}.DebugEditorUnitTests|x64.Build.0 = Debug|x64
		{2BD97F71-C51D-4422-A416-2B78779E9D80}.DebugEditorUnitTests|x86.ActiveCfg = Debug|Win32
		{2BD97F71-C51D-4422-A416-2B78779E9D80}.DebugEditorUnitTests|x86.Build.0 = Debug|Win32
		{2BD97F71-C51D-4422-A416-2B78779E9D80}.DebugExe|Any CPU.ActiveCfg = Debug|x64
		{2BD97F71-C51D-4422-A416-2B78779E9D80}.DebugExe|Any CPU.Build.0 = Debug|x64
		{2BD97F71-C51D-4422-A416-2B78779E9D80}.DebugExe|arm64.ActiveCfg = Debug|x64
		{2BD97F71-C51D-4422-A416-2B78779E9D80}.DebugExe|arm64.Build.0 = Debug|x64
		{2BD97F71-C51D-4422-A416-2B78779E9D80}.DebugExe|x64.ActiveCfg = Debug|x64
		{2BD97F71-C51D-4422-A416-2B78779E9D80}.DebugExe|x64.Build.0 = Debug|x64
		{2BD97F71-C51D-4422-A416-2B78779E9D80}.DebugExe|x86.ActiveCfg = Debug|Win32
		{2BD97F71-C51D-4422-A416-2B78779E9D80}.DebugExe|x86.Build.0 = Debug|Win32
		{2BD97F71-C51D-4422-A416-2B78779E9D80}.DebugGraphicsExe|Any CPU.ActiveCfg = Debug|x64
		{2BD97F71-C51D-4422-A416-2B78779E9D80}.DebugGraphicsExe|Any CPU.Build.0 = Debug|x64
		{2BD97F71-C51D-4422-A416-2B78779E9D80}.DebugGraphicsExe|arm64.ActiveCfg = Debug|x64
		{2BD97F71-C51D-4422-A416-2B78779E9D80}.DebugGraphicsExe|arm64.Build.0 = Debug|x64
		{2BD97F71-C51D-4422-A416-2B78779E9D80}.DebugGraphicsExe|x64.ActiveCfg = Debug|x64
		{2BD97F71-C51D-4422-A416-2B78779E9D80}.DebugGraphicsExe|x64.Build.0 = Debug|x64
		{2BD97F71-C51D-4422-A416-2B78779E9D80}.DebugGraphicsExe|x86.ActiveCfg = Debug|Win32
		{2BD97F71-C51D-4422-A416-2B78779E9D80}.DebugGraphicsExe|x86.Build.0 = Debug|Win32
		{2BD97F71-C51D-4422-A416-2B78779E9D80}.DebugUnitTests|Any CPU.ActiveCfg = Debug|x64
		{2BD97F71-C51D-4422-A416-2B78779E9D80}.DebugUnitTests|Any CPU.Build.0 = Debug|x64
		{2BD97F71-C51D-4422-A416-2B78779E9D80}.DebugUnitTests|arm64.ActiveCfg = Debug|x64
		{2BD97F71-C51D-4422-A416-2B78779E9D80}.DebugUnitTests|arm64.Build.0 = Debug|x64
		{2BD97F71-C51D-4422-A416-2B78779E9D80}.DebugUnitTests|x64.ActiveCfg = Debug|x64
		{2BD97F71-C51D-4422-A416-2B78779E9D80}.DebugUnitTests|x64.Build.0 = Debug|x64
		{2BD97F71-C51D-4422-A416-2B78779E9D80}.DebugUnitTests|x86.ActiveCfg = Debug|Win32
		{2BD97F71-C51D-4422-A416-2B78779E9D80}.DebugUnitTests|x86.Build.0 = Debug|Win32
		{2BD97F71-C51D-4422-A416-2B78779E9D80}.Release|Any CPU.ActiveCfg = Release|x64
		{2BD97F71-C51D-4422-A416-2B78779E9D80}.Release|Any CPU.Build.0 = Release|x64
		{2BD97F71-C51D-4422-A416-2B78779E9D80}.Release|arm64.ActiveCfg = Release|x64
		{2BD97F71-C51D-4422-A416-2B78779E9D80}.Release|arm64.Build.0 = Release|x64
		{2BD97F71-C51D-4422-A416-2B78779E9D80}.Release|x64.ActiveCfg = Release|x64
		{2BD97F71-C51D-4422-A416-2B78779E9D80}.Release|x64.Build.0 = Release|x64
		{2BD97F71-C51D-4422-A416-2B78779E9D80}.Release|x86.ActiveCfg = Release|Win32
		{2BD97F71-C51D-4422-A416-2B78779E9D80}.Release|x86.Build.0 = Release|Win32
		{2BD97F71-C51D-4422-A416-2B78779E9D80}.ReleaseEditorExe|Any CPU.ActiveCfg = Release|x64
		{2BD97F71-C51D-4422-A416-2B78779E9D80}.ReleaseEditorExe|Any CPU.Build.0 = Release|x64
		{2BD97F71-C51D-4422-A416-2B78779E9D80}.ReleaseEditorExe|arm64.ActiveCfg = Release|x64
		{2BD97F71-C51D-4422-A416-2B78779E9D80}.ReleaseEditorExe|arm64.Build.0 = Release|x64
		{2BD97F71-C51D-4422-A416-2B78779E9D80}.ReleaseEditorExe|x64.ActiveCfg = Release|x64
		{2BD97F71-C51D-4422-A416-2B78779E9D80}.ReleaseEditorExe|x64.Build.0 = Release|x64
		{2BD97F71-C51D-4422-A416-2B78779E9D80}.ReleaseEditorExe|x86.ActiveCfg = Release|Win32
		{2BD97F71-C51D-4422-A416-2B78779E9D80}.ReleaseEditorExe|x86.Build.0 = Release|Win32
		{2BD97F71-C51D-4422-A416-2B78779E9D80}.ReleaseEditorUnitTests|Any CPU.ActiveCfg = Release|x64
		{2BD97F71-C51D-4422-A416-2B78779E9D80}.ReleaseEditorUnitTests|Any CPU.Build.0 = Release|x64
		{2BD97F71-C51D-4422-A416-2B78779E9D80}.ReleaseEditorUnitTests|arm64.ActiveCfg = Release|x64
		{2BD97F71-C51D-4422-A416-2B78779E9D80}.ReleaseEditorUnitTests|arm64.Build.0 = Release|x64
		{2BD97F71-C51D-4422-A416-2B78779E9D80}.ReleaseEditorUnitTests|x64.ActiveCfg = Release|x64
		{2BD97F71-C51D-4422-A416-2B78779E9D80}.ReleaseEditorUnitTests|x64.Build.0 = Release|x64
		{2BD97F71-C51D-4422-A416-2B78779E9D80}.ReleaseEditorUnitTests|x86.ActiveCfg = Release|Win32
		{2BD97F71-C51D-4422-A416-2B78779E9D80}.ReleaseEditorUnitTests|x86.Build.0 = Release|Win32
		{2BD97F71-C51D-4422-A416-2B78779E9D80}.ReleaseExe|Any CPU.ActiveCfg = Release|x64
		{2BD97F71-C51D-4422-A416-2B78779E9D80}.ReleaseExe|Any CPU.Build.0 = Release|x64
		{2BD97F71-C51D-4422-A416-2B78779E9D80}.ReleaseExe|arm64.ActiveCfg = Release|x64
		{2BD97F71-C51D-4422-A416-2B78779E9D80}.ReleaseExe|arm64.Build.0 = Release|x64
		{2BD97F71-C51D-4422-A416-2B78779E9D80}.ReleaseExe|x64.ActiveCfg = Release|x64
		{2BD97F71-C51D-4422-A416-2B78779E9D80}.ReleaseExe|x64.Build.0 = Release|x64
		{2BD97F71-C51D-4422-A416-2B78779E9D80}.ReleaseExe|x86.ActiveCfg = Release|Win32
		{2BD97F71-C51D-4422-A416-2B78779E9D80}.ReleaseExe|x86.Build.0 = Release|Win32
		{2BD97F71-C51D-4422-A416-2B78779E9D80}.ReleaseGraphicsExe|Any CPU.ActiveCfg = Release|x64
		{2BD97F71-C51D-4422-A416-2B78779E9D80}.ReleaseGraphicsExe|Any CPU.Build.0 = Release|x64
		{2BD97F71-C51D-4422-A416-2B78779E9D80}.ReleaseGraphicsExe|arm64.ActiveCfg = Release|x64
		{2BD97F71-C51D-4422-A416-2B78779E9D80}.ReleaseGraphicsExe|arm64.Build.0 = Release|x64
		{2BD97F71-C51D-4422-A416-2B78779E9D80}.ReleaseGraphicsExe|x64.ActiveCfg = Release|x64
		{2BD97F71-C51D-4422-A416-2B78779E9D80}.ReleaseGraphicsExe|x64.Build.0 = Release|x64
		{2BD97F71-C51D-4422-A416-2B78779E9D80}.ReleaseGraphicsExe|x86.ActiveCfg = Release|Win32
		{2BD97F71-C51D-4422-A416-2B78779E9D80}.ReleaseGraphicsExe|x86.Build.0 = Release|Win32
		{2BD97F71-C51D-4422-A416-2B78779E9D80}.ReleaseUnitTests|Any CPU.ActiveCfg = Release|x64
		{2BD97F71-C51D-4422-A416-2B78779E9D80}.ReleaseUnitTests|Any CPU.Build.0 = Release|x64
		{2BD97F71-C51D-4422-A416-2B78779E9D80}.ReleaseUnitTests|arm64.ActiveCfg = Release|x64
		{2BD97F71-C51D-4422-A416-2B78779E9D80}.ReleaseUnitTests|arm64.Build.0 = Release|x64
		{2BD97F71-C51D-4422-A416-2B78779E9D80}.ReleaseUnitTests|x64.ActiveCfg = Release|x64
		{2BD97F71-C51D-4422-A416-2B78779E9D80}.ReleaseUnitTests|x64.Build.0 = Release|x64
		{2BD97F71-C51D-4422-A416-2B78779E9D80}.ReleaseUnitTests|x86.ActiveCfg = Release|Win32
		{2BD97F71-C51D-4422-A416-2B78779E9D80}.ReleaseUnitTests|x86.Build.0 = Release|Win32
		{D2DF305D-D19B-414A-BBE7-888B948DFF62}.Debug|Any CPU.ActiveCfg = Debug|x64
		{D2DF305D-D19B-414A-BBE7-888B948DFF62}.Debug|Any CPU.Build.0 = Debug|x64
		{D2DF305D-D19B-414A-BBE7-888B948DFF62}.Debug|arm64.ActiveCfg = Debug|x64
		{D2DF305D-D19B-414A-BBE7-888B948DFF62}.Debug|arm64.Build.0 = Debug|x64
		{D2DF305D-D19B-414A-BBE7-888B948DFF62}.Debug|x64.ActiveCfg = Debug|x64
		{D2DF305D-D19B-414A-BBE7-888B948DFF62}.Debug|x64.Build.0 = Debug|x64
		{D2DF305D-D19B-414A-BBE7-888B948DFF62}.Debug|x86.ActiveCfg = Debug|Win32
		{D2DF305D-D19B-414A-BBE7-888B948DFF62}.Debug|x86.Build.0 = Debug|Win32
		{D2DF305D-D19B-414A-BBE7-888B948DFF62}.DebugEditorExe|Any CPU.ActiveCfg = Debug|x64
		{D2DF305D-D19B-414A-BBE7-888B948DFF62}.DebugEditorExe|Any CPU.Build.0 = Debug|x64
		{D2DF305D-D19B-414A-BBE7-888B948DFF62}.DebugEditorExe|arm64.ActiveCfg = Debug|x64
		{D2DF305D-D19B-414A-BBE7-888B948DFF62}.DebugEditorExe|arm64.Build.0 = Debug|x64
		{D2DF305D-D19B-414A-BBE7-888B948DFF62}.DebugEditorExe|x64.ActiveCfg = Debug|x64
		{D2DF305D-D19B-414A-BBE7-888B948DFF62}.DebugEditorExe|x64.Build.0 = Debug|x64
		{D2DF305D-D19B-414A-BBE7-888B948DFF62}.DebugEditorExe|x86.ActiveCfg = Debug|Win32
		{D2DF305D-D19B-414A-BBE7-888B948DFF62}.DebugEditorExe|x86.Build.0 = Debug|Win32
		{D2DF305D-D19B-414A-BBE7-888B948DFF62}.DebugEditorUnitTests|Any CPU.ActiveCfg = Debug|x64
		{D2DF305D-D19B-414A-BBE7-888B948DFF62}.DebugEditorUnitTests|Any CPU.Build.0 = Debug|x64
		{D2DF305D-D19B-414A-BBE7-888B948DFF62}.DebugEditorUnitTests|arm64.ActiveCfg = Debug|x64
		{D2DF305D-D19B-414A-BBE7-888B948DFF62}.DebugEditorUnitTests|arm64.Build.0 = Debug|x64
		{D2DF305D-D19B-414A-BBE7-888B948DFF62}.DebugEditorUnitTests|x64.ActiveCfg = Debug|x64
		{D2DF305D-D19B-414A-BBE7-888B948DFF62}.DebugEditorUnitTests|x64.Build.0 = Debug|x64
		{D2DF305D-D19B-414A-BBE7-888B948DFF62}.DebugEditorUnitTests|x86.ActiveCfg = Debug|Win32
		{D2DF305D-D19B-414A-BBE7-888B948DFF62}.DebugEditorUnitTests|x86.Build.0 = Debug|Win32
		{D2DF305D-D19B-414A-BBE7-888B948DFF62}.DebugExe|Any CPU.ActiveCfg = Debug|x64
		{D2DF305D-D19B-414A-BBE7-888B948DFF62}.DebugExe|Any CPU.Build.0 = Debug|x64
		{D2DF305D-D19B-414A-BBE7-888B948DFF62}.DebugExe|arm64.ActiveCfg = Debug|x64
		{D2DF305D-D19B-414A-BBE7-888B948DFF62}.DebugExe|arm64.Build.0 = Debug|x64
		{D2DF305D-D19B-414A-BBE7-888B948DFF62}.DebugExe|x64.ActiveCfg = Debug|x64
		{D2DF305D-D19B-414A-BBE7-888B948DFF62}.DebugExe|x64.Build.0 = Debug|x64
		{D2DF305D-D19B-414A-BBE7-888B948DFF62}.DebugExe|x86.ActiveCfg = Debug|Win32
		{D2DF305D-D19B-414A-BBE7-888B948DFF62}.DebugExe|x86.Build.0 = Debug|Win32
		{D2DF305D-D19B-414A-BBE7-888B948DFF62}.DebugGraphicsExe|Any CPU.ActiveCfg = Debug|x64
		{D2DF305D-D19B-414A-BBE7-888B948DFF62}.DebugGraphicsExe|Any CPU.Build.0 = Debug|x64
		{D2DF305D-D19B-414A-BBE7-888B948DFF62}.DebugGraphicsExe|arm64.ActiveCfg = Debug|x64
		{D2DF305D-D19B-414A-BBE7-888B948DFF62}.DebugGraphicsExe|arm64.Build.0 = Debug|x64
		{D2DF305D-D19B-414A-BBE7-888B948DFF62}.DebugGraphicsExe|x64.ActiveCfg = Debug|x64
		{D2DF305D-D19B-414A-BBE7-888B948DFF62}.DebugGraphicsExe|x64.Build.0 = Debug|x64
		{D2DF305D-D19B-414A-BBE7-888B948DFF62}.DebugGraphicsExe|x86.ActiveCfg = Debug|Win32
		{D2DF305D-D19B-414A-BBE7-888B948DFF62}.DebugGraphicsExe|x86.Build.0 = Debug|Win32
		{D2DF305D-D19B-414A-BBE7-888B948DFF62}.DebugUnitTests|Any CPU.ActiveCfg = Debug|x64
		{D2DF305D-D19B-414A-BBE7-888B948DFF62}.DebugUnitTests|Any CPU.Build.0 = Debug|x64
		{D2DF305D-D19B-414A-BBE7-888B948DFF62}.DebugUnitTests|arm64.ActiveCfg = Debug|x64
		{D2DF305D-D19B-414A-BBE7-888B948DFF62}.DebugUnitTests|arm64.Build.0 = Debug|x64
		{D2DF305D-D19B-414A-BBE7-888B948DFF62}.DebugUnitTests|x64.ActiveCfg = Debug|x64
		{D2DF305D-D19B-414A-BBE7-888B948DFF62}.DebugUnitTests|x64.Build.0 = Debug|x64
		{D2DF305D-D19B-414A-BBE7-888B948DFF62}.DebugUnitTests|x86.ActiveCfg = Debug|Win32
		{D2DF305D-D19B-414A-BBE7-888B948DFF62}.DebugUnitTests|x86.Build.0 = Debug|Win32
		{D2DF305D-D19B-414A-BBE7-888B948DFF62}.Release|Any CPU.ActiveCfg = Release|x64
		{D2DF305D-D19B-414A-BBE7-888B948DFF62}.Release|Any CPU.Build.0 = Release|x64
		{D2DF305D-D19B-414A-BBE7-888B948DFF62}.Release|arm64.ActiveCfg = Release|x64
		{D2DF305D-D19B-414A-BBE7-888B948DFF62}.Release|arm64.Build.0 = Release|x64
		{D2DF305D-D19B-414A-BBE7-888B948DFF62}.Release|x64.ActiveCfg = Release|x64
		{D2DF305D-D19B-414A-BBE7-888B948DFF62}.Release|x64.Build.0 = Release|x64
		{D2DF305D-D19B-414A-BBE7-888B948DFF62}.Release|x86.ActiveCfg = Release|Win32
		{D2DF305D-D19B-414A-BBE7-888B948DFF62}.Release|x86.Build.0 = Release|Win32
		{D2DF305D-D19B-414A-BBE7-888B948DFF62}.ReleaseEditorExe|Any CPU.ActiveCfg = Release|x64
		{D2DF305D-D19B-414A-BBE7-888B948DFF62}.ReleaseEditorExe|Any CPU.Build.0 = Release|x64
		{D2DF305D-D19B-414A-BBE7-888B948DFF62}.ReleaseEditorExe|arm64.ActiveCfg = Release|x64
		{D2DF305D-D19B-414A-BBE7-888B948DFF62}.ReleaseEditorExe|arm64.Build.0 = Release|x64
		{D2DF305D-D19B-414A-BBE7-888B948DFF62}.ReleaseEditorExe|x64.ActiveCfg = Release|x64
		{D2DF305D-D19B-414A-BBE7-888B948DFF62}.ReleaseEditorExe|x64.Build.0 = Release|x64
		{D2DF305D-D19B-414A-BBE7-888B948DFF62}.ReleaseEditorExe|x86.ActiveCfg = Release|Win32
		{D2DF305D-D19B-414A-BBE7-888B948DFF62}.ReleaseEditorExe|x86.Build.0 = Release|Win32
		{D2DF305D-D19B-414A-BBE7-888B948DFF62}.ReleaseEditorUnitTests|Any CPU.ActiveCfg = Release|x64
		{D2DF305D-D19B-414A-BBE7-888B948DFF62}.ReleaseEditorUnitTests|Any CPU.Build.0 = Release|x64
		{D2DF305D-D19B-414A-BBE7-888B948DFF62}.ReleaseEditorUnitTests|arm64.ActiveCfg = Release|x64
		{D2DF305D-D19B-414A-BBE7-888B948DFF62}.ReleaseEditorUnitTests|arm64.Build.0 = Release|x64
		{D2DF305D-D19B-414A-BBE7-888B948DFF62}.ReleaseEditorUnitTests|x64.ActiveCfg = Release|x64
		{D2DF305D-D19B-414A-BBE7-888B948DFF62}.ReleaseEditorUnitTests|x64.Build.0 = Release|x64
		{D2DF305D-D19B-414A-BBE7-888B948DFF62}.ReleaseEditorUnitTests|x86.ActiveCfg = Release|Win32
		{D2DF305D-D19B-414A-BBE7-888B948DFF62}.ReleaseEditorUnitTests|x86.Build.0 = Release|Win32
		{D2DF305D-D19B-414A-BBE7-888B948DFF62}.ReleaseExe|Any CPU.ActiveCfg = Release|x64
		{D2DF305D-D19B-414A-BBE7-888B948DFF62}.ReleaseExe|Any CPU.Build.0 = Release|x64
		{D2DF305D-D19B-414A-BBE7-888B948DFF62}.ReleaseExe|arm64.ActiveCfg = Release|x64
		{D2DF305D-D19B-414A-BBE7-888B948DFF62}.ReleaseExe|arm64.Build.0 = Release|x64
		{D2DF305D-D19B-414A-BBE7-888B948DFF62}.ReleaseExe|x64.ActiveCfg = Release|x64
		{D2DF305D-D19B-414A-BBE7-888B948DFF62}.ReleaseExe|x64.Build.0 = Release|x64
		{D2DF305D-D19B-414A-BBE7-888B948DFF62}.ReleaseExe|x86.ActiveCfg = Release|Win32
		{D2DF305D-D19B-414A-BBE7-888B948DFF62}.ReleaseExe|x86.Build.0 = Release|Win32
		{D2DF305D-D19B-414A-BBE7-888B948DFF62}.ReleaseGraphicsExe|Any CPU.ActiveCfg = Release|x64
		{D2DF305D-D19B-414A-BBE7-888B948DFF62}.ReleaseGraphicsExe|Any CPU.Build.0 = Release|x64
		{D2DF305D-D19B-414A-BBE7-888B948DFF62}.ReleaseGraphicsExe|arm64.ActiveCfg = Release|x64
		{D2DF305D-D19B-414A-BBE7-888B948DFF62}.ReleaseGraphicsExe|arm64.Build.0 = Release|x64
		{D2DF305D-D19B-414A-BBE7-888B948DFF62}.ReleaseGraphicsExe|x64.ActiveCfg = Release|x64
		{D2DF305D-D19B-414A-BBE7-888B948DFF62}.ReleaseGraphicsExe|x64.Build.0 = Release|x64
		{D2DF305D-D19B-414A-BBE7-888B948DFF62}.ReleaseGraphicsExe|x86.ActiveCfg = Release|Win32
		{D2DF305D-D19B-414A-BBE7-888B948DFF62}.ReleaseGraphicsExe|x86.Build.0 = Release|Win32
		{D2DF305D-D19B-414A-BBE7-888B948DFF62}.ReleaseUnitTests|Any CPU.ActiveCfg = Release|x64
		{D2DF305D-D19B-414A-BBE7-888B948DFF62}.ReleaseUnitTests|Any CPU.Build.0 = Release|x64
		{D2DF305D-D19B-414A-BBE7-888B948DFF62}.ReleaseUnitTests|arm64.ActiveCfg = Release|x64
		{D2DF305D-D19B-414A-BBE7-888B948DFF62}.ReleaseUnitTests|arm64.Build.0 = Release|x64
		{D2DF305D-D19B-414A-BBE7-888B948DFF62}.ReleaseUnitTests|x64.ActiveCfg = Release|x64
		{D2DF305D-D19B-414A-BBE7-888B948DFF62}.ReleaseUnitTests|x64.Build.0 = Release|x64
		{D2DF305D-D19B-414A-BBE7-888B948DFF62}.ReleaseUnitTests|x86.ActiveCfg = Release|Win32
		{D2DF305D-D19B-414A-BBE7-888B948DFF62}.ReleaseUnitTests|x86.Build.0 = Release|Win32
		{EAC4506F-45A9-4FFF-9050-C6D158B046DE}.Debug|Any CPU.ActiveCfg = Debug|x64
		{EAC4506F-45A9-4FFF-9050-C6D158B046DE}.Debug|Any CPU.Build.0 = Debug|x64
		{EAC4506F-45A9-4FFF-9050-C6D158B046DE}.Debug|arm64.ActiveCfg = Debug|x64
		{EAC4506F-45A9-4FFF-9050-C6D158B046DE}.Debug|arm64.Build.0 = Debug|x64
		{EAC4506F-45A9-4FFF-9050-C6D158B046DE}.Debug|x64.ActiveCfg = Debug|x64
		{EAC4506F-45A9-4FFF-9050-C6D158B046DE}.Debug|x64.Build.0 = Debug|x64
		{EAC4506F-45A9-4FFF-9050-C6D158B046DE}.Debug|x86.ActiveCfg = Debug|Win32
		{EAC4506F-45A9-4FFF-9050-C6D158B046DE}.Debug|x86.Build.0 = Debug|Win32
		{EAC4506F-45A9-4FFF-9050-C6D158B046DE}.DebugEditorExe|Any CPU.ActiveCfg = Debug|x64
		{EAC4506F-45A9-4FFF-9050-C6D158B046DE}.DebugEditorExe|Any CPU.Build.0 = Debug|x64
		{EAC4506F-45A9-4FFF-9050-C6D158B046DE}.DebugEditorExe|arm64.ActiveCfg = Debug|x64
		{EAC4506F-45A9-4FFF-9050-C6D158B046DE}.DebugEditorExe|arm64.Build.0 = Debug|x64
		{EAC4506F-45A9-4FFF-9050-C6D158B046DE}.DebugEditorExe|x64.ActiveCfg = Debug|x64
		{EAC4506F-45A9-4FFF-9050-C6D158B046DE}.DebugEditorExe|x64.Build.0 = Debug|x64
		{EAC4506F-45A9-4FFF-9050-C6D158B046DE}.DebugEditorExe|x86.ActiveCfg = Debug|Win32
		{EAC4506F-45A9-4FFF-9050-C6D158B046DE}.DebugEditorExe|x86.Build.0 = Debug|Win32
		{EAC4506F-45A9-4FFF-9050-C6D158B046DE}.DebugEditorUnitTests|Any CPU.ActiveCfg = Debug|x64
		{EAC4506F-45A9-4FFF-9050-C6D158B046DE}.DebugEditorUnitTests|Any CPU.Build.0 = Debug|x64
		{EAC4506F-45A9-4FFF-9050-C6D158B046DE}.DebugEditorUnitTests|arm64.ActiveCfg = Debug|x64
		{EAC4506F-45A9-4FFF-9050-C6D158B046DE}.DebugEditorUnitTests|arm64.Build.0 = Debug|x64
		{EAC4506F-45A9-4FFF-9050-C6D158B046DE}.DebugEditorUnitTests|x64.ActiveCfg = Debug|x64
		{EAC4506F-45A9-4FFF-9050-C6D158B046DE}.DebugEditorUnitTests|x64.Build.0 = Debug|x64
		{EAC4506F-45A9-4FFF-9050-C6D158B046DE}.DebugEditorUnitTests|x86.ActiveCfg = Debug|Win32
		{EAC4506F-45A9-4FFF-9050-C6D158B046DE}.DebugEditorUnitTests|x86.Build.0 = Debug|Win32
		{EAC4506F-45A9-4FFF-9050-C6D158B046DE}.DebugExe|Any CPU.ActiveCfg = Debug|x64
		{EAC4506F-45A9-4FFF-9050-C6D158B046DE}.DebugExe|Any CPU.Build.0 = Debug|x64
		{EAC4506F-45A9-4FFF-9050-C6D158B046DE}.DebugExe|arm64.ActiveCfg = Debug|x64
		{EAC4506F-45A9-4FFF-9050-C6D158B046DE}.DebugExe|arm64.Build.0 = Debug|x64
		{EAC4506F-45A9-4FFF-9050-C6D158B046DE}.DebugExe|x64.ActiveCfg = Debug|x64
		{EAC4506F-45A9-4FFF-9050-C6D158B046DE}.DebugExe|x64.Build.0 = Debug|x64
		{EAC4506F-45A9-4FFF-9050-C6D158B046DE}.DebugExe|x86.ActiveCfg = Debug|Win32
		{EAC4506F-45A9-4FFF-9050-C6D158B046DE}.DebugExe|x86.Build.0 = Debug|Win32
		{EAC4506F-45A9-4FFF-9050-C6D158B046DE}.DebugGraphicsExe|Any CPU.ActiveCfg = Debug|x64
		{EAC4506F-45A9-4FFF-9050-C6D158B046DE}.DebugGraphicsExe|Any CPU.Build.0 = Debug|x64
		{EAC4506F-45A9-4FFF-9050-C6D158B046DE}.DebugGraphicsExe|arm64.ActiveCfg = Debug|x64
		{EAC4506F-45A9-4FFF-9050-C6D158B046DE}.DebugGraphicsExe|arm64.Build.0 = Debug|x64
		{EAC4506F-45A9-4FFF-9050-C6D158B046DE}.DebugGraphicsExe|x64.ActiveCfg = Debug|x64
		{EAC4506F-45A9-4FFF-9050-C6D158B046DE}.DebugGraphicsExe|x64.Build.0 = Debug|x64
		{EAC4506F-45A9-4FFF-9050-C6D158B046DE}.DebugGraphicsExe|x86.ActiveCfg = Debug|Win32
		{EAC4506F-45A9-4FFF-9050-C6D158B046DE}.DebugGraphicsExe|x86.Build.0 = Debug|Win32
		{EAC4506F-45A9-4FFF-9050-C6D158B046DE}.DebugUnitTests|Any CPU.ActiveCfg = Debug|x64
		{EAC4506F-45A9-4FFF-9050-C6D158B046DE}.DebugUnitTests|Any CPU.Build.0 = Debug|x64
		{EAC4506F-45A9-4FFF-9050-C6D158B046DE}.DebugUnitTests|arm64.ActiveCfg = Debug|x64
		{EAC4506F-45A9-4FFF-9050-C6D158B046DE}.DebugUnitTests|arm64.Build.0 = Debug|x64
		{EAC4506F-45A9-4FFF-9050-C6D158B046DE}.DebugUnitTests|x64.ActiveCfg = Debug|x64
		{EAC4506F-45A9-4FFF-9050-C6D158B046DE}.DebugUnitTests|x64.Build.0 = Debug|x64
		{EAC4506F-45A9-4FFF-9050-C6D158B046DE}.DebugUnitTests|x86.ActiveCfg = Debug|Win32
		{EAC4506F-45A9-4FFF-9050-C6D158B046DE}.DebugUnitTests|x86.Build.0 = Debug|Win32
		{EAC4506F-45A9-4FFF-9050-C6D158B046DE}.Release|Any CPU.ActiveCfg = Release|x64
		{EAC4506F-45A9-4FFF-9050-C6D158B046DE}.Release|Any CPU.Build.0 = Release|x64
		{EAC4506F-45A9-4FFF-9050-C6D158B046DE}.Release|arm64.ActiveCfg = Release|x64
		{EAC4506F-45A9-4FFF-9050-C6D158B046DE}.Release|arm64.Build.0 = Release|x64
		{EAC4506F-45A9-4FFF-9050-C6D158B046DE}.Release|x64.ActiveCfg = Release|x64
		{EAC4506F-45A9-4FFF-9050-C6D158B046DE}.Release|x64.Build.0 = Release|x64
		{EAC4506F-45A9-4FFF-9050-C6D158B046DE}.Release|x86.ActiveCfg = Release|Win32
		{EAC4506F-45A9-4FFF-9050-C6D158B046DE}.Release|x86.Build.0 = Release|Win32
		{EAC4506F-45A9-4FFF-9050-C6D158B046DE}.ReleaseEditorExe|Any CPU.ActiveCfg = Release|x64
		{EAC4506F-45A9-4FFF-9050-C6D158B046DE}.ReleaseEditorExe|Any CPU.Build.0 = Release|x64
		{EAC4506F-45A9-4FFF-9050-C6D158B046DE}.ReleaseEditorExe|arm64.ActiveCfg = Release|x64
		{EAC4506F-45A9-4FFF-9050-C6D158B046DE}.ReleaseEditorExe|arm64.Build.0 = Release|x64
		{EAC4506F-45A9-4FFF-9050-C6D158B046DE}.ReleaseEditorExe|x64.ActiveCfg = Release|x64
		{EAC4506F-45A9-4FFF-9050-C6D158B046DE}.ReleaseEditorExe|x64.Build.0 = Release|x64
		{EAC4506F-45A9-4FFF-9050-C6D158B046DE}.ReleaseEditorExe|x86.ActiveCfg = Release|Win32
		{EAC4506F-45A9-4FFF-9050-C6D158B046DE}.ReleaseEditorExe|x86.Build.0 = Release|Win32
		{EAC4506F-45A9-4FFF-9050-C6D158B046DE}.ReleaseEditorUnitTests|Any CPU.ActiveCfg = Release|x64
		{EAC4506F-45A9-4FFF-9050-C6D158B046DE}.ReleaseEditorUnitTests|Any CPU.Build.0 = Release|x64
		{EAC4506F-45A9-4FFF-9050-C6D158B046DE}.ReleaseEditorUnitTests|arm64.ActiveCfg = Release|x64
		{EAC4506F-45A9-4FFF-9050-C6D158B046DE}.ReleaseEditorUnitTests|arm64.Build.0 = Release|x64
		{EAC4506F-45A9-4FFF-9050-C6D158B046DE}.ReleaseEditorUnitTests|x64.ActiveCfg = Release|x64
		{EAC4506F-45A9-4FFF-9050-C6D158B046DE}.ReleaseEditorUnitTests|x64.Build.0 = Release|x64
		{EAC4506F-45A9-4FFF-9050-C6D158B046DE}.ReleaseEditorUnitTests|x86.ActiveCfg = Release|Win32
		{EAC4506F-45A9-4FFF-9050-C6D158B046DE}.ReleaseEditorUnitTests|x86.Build.0 = Release|Win32
		{EAC4506F-45A9-4FFF-9050-C6D158B046DE}.ReleaseExe|Any CPU.ActiveCfg = Release|x64
		{EAC4506F-45A9-4FFF-9050-C6D158B046DE}.ReleaseExe|Any CPU.Build.0 = Release|x64
		{EAC4506F-45A9-4FFF-9050-C6D158B046DE}.ReleaseExe|arm64.ActiveCfg = Release|x64
		{EAC4506F-45A9-4FFF-9050-C6D158B046DE}.ReleaseExe|arm64.Build.0 = Release|x64
		{EAC4506F-45A9-4FFF-9050-C6D158B046DE}.ReleaseExe|x64.ActiveCfg = Release|x64
		{EAC4506F-45A9-4FFF-9050-C6D158B046DE}.ReleaseExe|x64.Build.0 = Release|x64
		{EAC4506F-45A9-4FFF-9050-C6D158B046DE}.ReleaseExe|x86.ActiveCfg = Release|Win32
		{EAC4506F-45A9-4FFF-9050-C6D158B046DE}.ReleaseExe|x86.Build.0 = Release|Win32
		{EAC4506F-45A9-4FFF-9050-C6D158B046DE}.ReleaseGraphicsExe|Any CPU.ActiveCfg = Release|x64
		{EAC4506F-45A9-4FFF-9050-C6D158B046DE}.ReleaseGraphicsExe|Any CPU.Build.0 = Release|x64
		{EAC4506F-45A9-4FFF-9050-C6D158B046DE}.ReleaseGraphicsExe|arm64.ActiveCfg = Release|x64
		{EAC4506F-45A9-4FFF-9050-C6D158B046DE}.ReleaseGraphicsExe|arm64.Build.0 = Release|x64
		{EAC4506F-45A9-4FFF-9050-C6D158B046DE}.ReleaseGraphicsExe|x64.ActiveCfg = Release|x64
		{EAC4506F-45A9-4FFF-9050-C6D158B046DE}.ReleaseGraphicsExe|x64.Build.0 = Release|x64
		{EAC4506F-45A9-4FFF-9050-C6D158B046DE}.ReleaseGraphicsExe|x86.ActiveCfg = Release|Win32
		{EAC4506F-45A9-4FFF-9050-C6D158B046DE}.ReleaseGraphicsExe|x86.Build.0 = Release|Win32
		{EAC4506F-45A9-4FFF-9050-C6D158B046DE}.ReleaseUnitTests|Any CPU.ActiveCfg = Release|x64
		{EAC4506F-45A9-4FFF-9050-C6D158B046DE}.ReleaseUnitTests|Any CPU.Build.0 = Release|x64
		{EAC4506F-45A9-4FFF-9050-C6D158B046DE}.ReleaseUnitTests|arm64.ActiveCfg = Release|x64
		{EAC4506F-45A9-4FFF-9050-C6D158B046DE}.ReleaseUnitTests|arm64.Build.0 = Release|x64
		{EAC4506F-45A9-4FFF-9050-C6D158B046DE}.ReleaseUnitTests|x64.ActiveCfg = Release|x64
		{EAC4506F-45A9-4FFF-9050-C6D158B046DE}.ReleaseUnitTests|x64.Build.0 = Release|x64
		{EAC4506F-45A9-4FFF-9050-C6D158B046DE}.ReleaseUnitTests|x86.ActiveCfg = Release|Win32
		{EAC4506F-45A9-4FFF-9050-C6D158B046DE}.ReleaseUnitTests|x86.Build.0 = Release|Win32
		{2E443C18-3FE9-4CE8-9B23-FB74926F410E}.Debug|Any CPU.ActiveCfg = Debug|Any CPU
		{2E443C18-3FE9-4CE8-9B23-FB74926F410E}.Debug|Any CPU.Build.0 = Debug|Any CPU
		{2E443C18-3FE9-4CE8-9B23-FB74926F410E}.Debug|arm64.ActiveCfg = Debug|arm64
		{2E443C18-3FE9-4CE8-9B23-FB74926F410E}.Debug|arm64.Build.0 = Debug|arm64
		{2E443C18-3FE9-4CE8-9B23-FB74926F410E}.Debug|x64.ActiveCfg = Debug|Any CPU
		{2E443C18-3FE9-4CE8-9B23-FB74926F410E}.Debug|x86.ActiveCfg = Debug|x86
		{2E443C18-3FE9-4CE8-9B23-FB74926F410E}.Debug|x86.Build.0 = Debug|x86
		{2E443C18-3FE9-4CE8-9B23-FB74926F410E}.DebugEditorExe|Any CPU.ActiveCfg = Debug|Any CPU
		{2E443C18-3FE9-4CE8-9B23-FB74926F410E}.DebugEditorExe|Any CPU.Build.0 = Debug|Any CPU
		{2E443C18-3FE9-4CE8-9B23-FB74926F410E}.DebugEditorExe|arm64.ActiveCfg = Debug|arm64
		{2E443C18-3FE9-4CE8-9B23-FB74926F410E}.DebugEditorExe|arm64.Build.0 = Debug|arm64
		{2E443C18-3FE9-4CE8-9B23-FB74926F410E}.DebugEditorExe|x64.ActiveCfg = Debug|Any CPU
		{2E443C18-3FE9-4CE8-9B23-FB74926F410E}.DebugEditorExe|x86.ActiveCfg = Debug|x86
		{2E443C18-3FE9-4CE8-9B23-FB74926F410E}.DebugEditorExe|x86.Build.0 = Debug|x86
		{2E443C18-3FE9-4CE8-9B23-FB74926F410E}.DebugEditorUnitTests|Any CPU.ActiveCfg = Debug|Any CPU
		{2E443C18-3FE9-4CE8-9B23-FB74926F410E}.DebugEditorUnitTests|Any CPU.Build.0 = Debug|Any CPU
		{2E443C18-3FE9-4CE8-9B23-FB74926F410E}.DebugEditorUnitTests|arm64.ActiveCfg = Debug|arm64
		{2E443C18-3FE9-4CE8-9B23-FB74926F410E}.DebugEditorUnitTests|arm64.Build.0 = Debug|arm64
		{2E443C18-3FE9-4CE8-9B23-FB74926F410E}.DebugEditorUnitTests|x64.ActiveCfg = Debug|Any CPU
		{2E443C18-3FE9-4CE8-9B23-FB74926F410E}.DebugEditorUnitTests|x86.ActiveCfg = Debug|x86
		{2E443C18-3FE9-4CE8-9B23-FB74926F410E}.DebugEditorUnitTests|x86.Build.0 = Debug|x86
		{2E443C18-3FE9-4CE8-9B23-FB74926F410E}.DebugExe|Any CPU.ActiveCfg = Debug|Any CPU
		{2E443C18-3FE9-4CE8-9B23-FB74926F410E}.DebugExe|Any CPU.Build.0 = Debug|Any CPU
		{2E443C18-3FE9-4CE8-9B23-FB74926F410E}.DebugExe|arm64.ActiveCfg = Debug|arm64
		{2E443C18-3FE9-4CE8-9B23-FB74926F410E}.DebugExe|arm64.Build.0 = Debug|arm64
		{2E443C18-3FE9-4CE8-9B23-FB74926F410E}.DebugExe|x64.ActiveCfg = Debug|Any CPU
		{2E443C18-3FE9-4CE8-9B23-FB74926F410E}.DebugExe|x86.ActiveCfg = Debug|x86
		{2E443C18-3FE9-4CE8-9B23-FB74926F410E}.DebugExe|x86.Build.0 = Debug|x86
		{2E443C18-3FE9-4CE8-9B23-FB74926F410E}.DebugGraphicsExe|Any CPU.ActiveCfg = Debug|Any CPU
		{2E443C18-3FE9-4CE8-9B23-FB74926F410E}.DebugGraphicsExe|Any CPU.Build.0 = Debug|Any CPU
		{2E443C18-3FE9-4CE8-9B23-FB74926F410E}.DebugGraphicsExe|arm64.ActiveCfg = Debug|arm64
		{2E443C18-3FE9-4CE8-9B23-FB74926F410E}.DebugGraphicsExe|arm64.Build.0 = Debug|arm64
		{2E443C18-3FE9-4CE8-9B23-FB74926F410E}.DebugGraphicsExe|x64.ActiveCfg = Debug|Any CPU
		{2E443C18-3FE9-4CE8-9B23-FB74926F410E}.DebugGraphicsExe|x86.ActiveCfg = Debug|x86
		{2E443C18-3FE9-4CE8-9B23-FB74926F410E}.DebugGraphicsExe|x86.Build.0 = Debug|x86
		{2E443C18-3FE9-4CE8-9B23-FB74926F410E}.DebugUnitTests|Any CPU.ActiveCfg = Debug|Any CPU
		{2E443C18-3FE9-4CE8-9B23-FB74926F410E}.DebugUnitTests|Any CPU.Build.0 = Debug|Any CPU
		{2E443C18-3FE9-4CE8-9B23-FB74926F410E}.DebugUnitTests|arm64.ActiveCfg = Debug|arm64
		{2E443C18-3FE9-4CE8-9B23-FB74926F410E}.DebugUnitTests|arm64.Build.0 = Debug|arm64
		{2E443C18-3FE9-4CE8-9B23-FB74926F410E}.DebugUnitTests|x64.ActiveCfg = Debug|Any CPU
		{2E443C18-3FE9-4CE8-9B23-FB74926F410E}.DebugUnitTests|x86.ActiveCfg = Debug|x86
		{2E443C18-3FE9-4CE8-9B23-FB74926F410E}.DebugUnitTests|x86.Build.0 = Debug|x86
		{2E443C18-3FE9-4CE8-9B23-FB74926F410E}.Release|Any CPU.ActiveCfg = Release|Any CPU
		{2E443C18-3FE9-4CE8-9B23-FB74926F410E}.Release|Any CPU.Build.0 = Release|Any CPU
		{2E443C18-3FE9-4CE8-9B23-FB74926F410E}.Release|arm64.ActiveCfg = Release|arm64
		{2E443C18-3FE9-4CE8-9B23-FB74926F410E}.Release|arm64.Build.0 = Release|arm64
		{2E443C18-3FE9-4CE8-9B23-FB74926F410E}.Release|x64.ActiveCfg = Release|Any CPU
		{2E443C18-3FE9-4CE8-9B23-FB74926F410E}.Release|x86.ActiveCfg = Release|x86
		{2E443C18-3FE9-4CE8-9B23-FB74926F410E}.Release|x86.Build.0 = Release|x86
		{2E443C18-3FE9-4CE8-9B23-FB74926F410E}.ReleaseEditorExe|Any CPU.ActiveCfg = Release|Any CPU
		{2E443C18-3FE9-4CE8-9B23-FB74926F410E}.ReleaseEditorExe|Any CPU.Build.0 = Release|Any CPU
		{2E443C18-3FE9-4CE8-9B23-FB74926F410E}.ReleaseEditorExe|arm64.ActiveCfg = Release|arm64
		{2E443C18-3FE9-4CE8-9B23-FB74926F410E}.ReleaseEditorExe|arm64.Build.0 = Release|arm64
		{2E443C18-3FE9-4CE8-9B23-FB74926F410E}.ReleaseEditorExe|x64.ActiveCfg = Release|Any CPU
		{2E443C18-3FE9-4CE8-9B23-FB74926F410E}.ReleaseEditorExe|x86.ActiveCfg = Release|x86
		{2E443C18-3FE9-4CE8-9B23-FB74926F410E}.ReleaseEditorExe|x86.Build.0 = Release|x86
		{2E443C18-3FE9-4CE8-9B23-FB74926F410E}.ReleaseEditorUnitTests|Any CPU.ActiveCfg = Release|Any CPU
		{2E443C18-3FE9-4CE8-9B23-FB74926F410E}.ReleaseEditorUnitTests|Any CPU.Build.0 = Release|Any CPU
		{2E443C18-3FE9-4CE8-9B23-FB74926F410E}.ReleaseEditorUnitTests|arm64.ActiveCfg = Release|arm64
		{2E443C18-3FE9-4CE8-9B23-FB74926F410E}.ReleaseEditorUnitTests|arm64.Build.0 = Release|arm64
		{2E443C18-3FE9-4CE8-9B23-FB74926F410E}.ReleaseEditorUnitTests|x64.ActiveCfg = Release|Any CPU
		{2E443C18-3FE9-4CE8-9B23-FB74926F410E}.ReleaseEditorUnitTests|x86.ActiveCfg = Release|x86
		{2E443C18-3FE9-4CE8-9B23-FB74926F410E}.ReleaseEditorUnitTests|x86.Build.0 = Release|x86
		{2E443C18-3FE9-4CE8-9B23-FB74926F410E}.ReleaseExe|Any CPU.ActiveCfg = Release|Any CPU
		{2E443C18-3FE9-4CE8-9B23-FB74926F410E}.ReleaseExe|Any CPU.Build.0 = Release|Any CPU
		{2E443C18-3FE9-4CE8-9B23-FB74926F410E}.ReleaseExe|arm64.ActiveCfg = Release|arm64
		{2E443C18-3FE9-4CE8-9B23-FB74926F410E}.ReleaseExe|arm64.Build.0 = Release|arm64
		{2E443C18-3FE9-4CE8-9B23-FB74926F410E}.ReleaseExe|x64.ActiveCfg = Release|Any CPU
		{2E443C18-3FE9-4CE8-9B23-FB74926F410E}.ReleaseExe|x86.ActiveCfg = Release|x86
		{2E443C18-3FE9-4CE8-9B23-FB74926F410E}.ReleaseExe|x86.Build.0 = Release|x86
		{2E443C18-3FE9-4CE8-9B23-FB74926F410E}.ReleaseGraphicsExe|Any CPU.ActiveCfg = Release|Any CPU
		{2E443C18-3FE9-4CE8-9B23-FB74926F410E}.ReleaseGraphicsExe|Any CPU.Build.0 = Release|Any CPU
		{2E443C18-3FE9-4CE8-9B23-FB74926F410E}.ReleaseGraphicsExe|arm64.ActiveCfg = Release|arm64
		{2E443C18-3FE9-4CE8-9B23-FB74926F410E}.ReleaseGraphicsExe|arm64.Build.0 = Release|arm64
		{2E443C18-3FE9-4CE8-9B23-FB74926F410E}.ReleaseGraphicsExe|x64.ActiveCfg = Release|Any CPU
		{2E443C18-3FE9-4CE8-9B23-FB74926F410E}.ReleaseGraphicsExe|x86.ActiveCfg = Release|x86
		{2E443C18-3FE9-4CE8-9B23-FB74926F410E}.ReleaseGraphicsExe|x86.Build.0 = Release|x86
		{2E443C18-3FE9-4CE8-9B23-FB74926F410E}.ReleaseUnitTests|Any CPU.ActiveCfg = Release|Any CPU
		{2E443C18-3FE9-4CE8-9B23-FB74926F410E}.ReleaseUnitTests|Any CPU.Build.0 = Release|Any CPU
		{2E443C18-3FE9-4CE8-9B23-FB74926F410E}.ReleaseUnitTests|arm64.ActiveCfg = Release|arm64
		{2E443C18-3FE9-4CE8-9B23-FB74926F410E}.ReleaseUnitTests|arm64.Build.0 = Release|arm64
		{2E443C18-3FE9-4CE8-9B23-FB74926F410E}.ReleaseUnitTests|x64.ActiveCfg = Release|Any CPU
		{2E443C18-3FE9-4CE8-9B23-FB74926F410E}.ReleaseUnitTests|x86.ActiveCfg = Release|x86
		{2E443C18-3FE9-4CE8-9B23-FB74926F410E}.ReleaseUnitTests|x86.Build.0 = Release|x86
	EndGlobalSection
	GlobalSection(SolutionProperties) = preSolution
		HideSolutionNode = FALSE
	EndGlobalSection
	GlobalSection(ExtensibilityGlobals) = postSolution
		SolutionGuid = {38BC6C34-37A4-41E5-8E88-69FE9F319263}
	EndGlobalSection
EndGlobal
