
Microsoft Visual Studio Solution File, Format Version 12.00
# Visual Studio Version 17
VisualStudioVersion = 17.3.32901.215
MinimumVisualStudioVersion = 10.0.40219.1
Project("{8BC9CEB8-8B4A-11D0-8D11-00A0C91BC942}") = "Yunuty", "Yunuty\Yunuty.vcxproj", "{60308F48-95FA-432C-849D-B74BE6CCCE60}"
	ProjectSection(ProjectDependencies) = postProject
		{2BD97F71-C51D-4422-A416-2B78779E9D80} = {2BD97F71-C51D-4422-A416-2B78779E9D80}
	EndProjectSection
EndProject
Project("{8BC9CEB8-8B4A-11D0-8D11-00A0C91BC942}") = "Yunu3DGraphicsInterface", "Yunu3DGraphicsInterface\Yunu3DGraphicsEngine.vcxproj", "{9E096B24-E24D-4BFC-9A4D-64C93013BC39}"
EndProject
Project("{8BC9CEB8-8B4A-11D0-8D11-00A0C91BC942}") = "YunutyEngineDemo", "YunutyEngineDemo\YunutyEditor.vcxproj", "{9F316E83-5AE5-4939-A723-305A94F48005}"
	ProjectSection(ProjectDependencies) = postProject
		{2BD97F71-C51D-4422-A416-2B78779E9D80} = {2BD97F71-C51D-4422-A416-2B78779E9D80}
		{60308F48-95FA-432C-849D-B74BE6CCCE60} = {60308F48-95FA-432C-849D-B74BE6CCCE60}
	EndProjectSection
EndProject
Project("{8BC9CEB8-8B4A-11D0-8D11-00A0C91BC942}") = "YunutyEditor", "YunutyEngineEditor\GameEngineEditor.vcxproj", "{C5B07A85-84B5-4B52-BCCF-1546ADDCB9F5}"
	ProjectSection(ProjectDependencies) = postProject
		{60308F48-95FA-432C-849D-B74BE6CCCE60} = {60308F48-95FA-432C-849D-B74BE6CCCE60}
	EndProjectSection
EndProject
Project("{8BC9CEB8-8B4A-11D0-8D11-00A0C91BC942}") = "MZParser", "MZParser\MZParser.vcxproj", "{D12CCAD3-1057-4D9C-9487-34676BE37033}"
EndProject
Project("{8BC9CEB8-8B4A-11D0-8D11-00A0C91BC942}") = "FFGraphicsEngine", "FFGraphicsEngine\FFGraphicsEngine.vcxproj", "{51D3296C-AD97-4D80-ADD3-C4254A93C5ED}"
EndProject
Project("{8BC9CEB8-8B4A-11D0-8D11-00A0C91BC942}") = "NailEngine", "NailEngine\NailEngine.vcxproj", "{2BD97F71-C51D-4422-A416-2B78779E9D80}"
EndProject
Global
	GlobalSection(SolutionConfigurationPlatforms) = preSolution
		Debug|x64 = Debug|x64
		Debug|x86 = Debug|x86
		Dist|x64 = Dist|x64
		Dist|x86 = Dist|x86
		Release|x64 = Release|x64
		Release|x86 = Release|x86
	EndGlobalSection
	GlobalSection(ProjectConfigurationPlatforms) = postSolution
		{60308F48-95FA-432C-849D-B74BE6CCCE60}.Debug|x64.ActiveCfg = Debug|x64
		{60308F48-95FA-432C-849D-B74BE6CCCE60}.Debug|x64.Build.0 = Debug|x64
		{60308F48-95FA-432C-849D-B74BE6CCCE60}.Debug|x86.ActiveCfg = Debug|Win32
		{60308F48-95FA-432C-849D-B74BE6CCCE60}.Debug|x86.Build.0 = Debug|Win32
		{60308F48-95FA-432C-849D-B74BE6CCCE60}.Dist|x64.ActiveCfg = Debug|x64
		{60308F48-95FA-432C-849D-B74BE6CCCE60}.Dist|x64.Build.0 = Debug|x64
		{60308F48-95FA-432C-849D-B74BE6CCCE60}.Dist|x86.ActiveCfg = Debug|Win32
		{60308F48-95FA-432C-849D-B74BE6CCCE60}.Dist|x86.Build.0 = Debug|Win32
		{60308F48-95FA-432C-849D-B74BE6CCCE60}.Release|x64.ActiveCfg = Release|x64
		{60308F48-95FA-432C-849D-B74BE6CCCE60}.Release|x64.Build.0 = Release|x64
		{60308F48-95FA-432C-849D-B74BE6CCCE60}.Release|x86.ActiveCfg = Release|Win32
		{60308F48-95FA-432C-849D-B74BE6CCCE60}.Release|x86.Build.0 = Release|Win32
		{9E096B24-E24D-4BFC-9A4D-64C93013BC39}.Debug|x64.ActiveCfg = Debug|x64
		{9E096B24-E24D-4BFC-9A4D-64C93013BC39}.Debug|x64.Build.0 = Debug|x64
		{9E096B24-E24D-4BFC-9A4D-64C93013BC39}.Debug|x86.ActiveCfg = Debug|Win32
		{9E096B24-E24D-4BFC-9A4D-64C93013BC39}.Debug|x86.Build.0 = Debug|Win32
		{9E096B24-E24D-4BFC-9A4D-64C93013BC39}.Dist|x64.ActiveCfg = Debug|x64
		{9E096B24-E24D-4BFC-9A4D-64C93013BC39}.Dist|x64.Build.0 = Debug|x64
		{9E096B24-E24D-4BFC-9A4D-64C93013BC39}.Dist|x86.ActiveCfg = Debug|Win32
		{9E096B24-E24D-4BFC-9A4D-64C93013BC39}.Dist|x86.Build.0 = Debug|Win32
		{9E096B24-E24D-4BFC-9A4D-64C93013BC39}.Release|x64.ActiveCfg = Release|x64
		{9E096B24-E24D-4BFC-9A4D-64C93013BC39}.Release|x64.Build.0 = Release|x64
		{9E096B24-E24D-4BFC-9A4D-64C93013BC39}.Release|x86.ActiveCfg = Release|Win32
		{9E096B24-E24D-4BFC-9A4D-64C93013BC39}.Release|x86.Build.0 = Release|Win32
		{9F316E83-5AE5-4939-A723-305A94F48005}.Debug|x64.ActiveCfg = Debug|x64
		{9F316E83-5AE5-4939-A723-305A94F48005}.Debug|x64.Build.0 = Debug|x64
		{9F316E83-5AE5-4939-A723-305A94F48005}.Debug|x86.ActiveCfg = Debug|Win32
		{9F316E83-5AE5-4939-A723-305A94F48005}.Debug|x86.Build.0 = Debug|Win32
		{9F316E83-5AE5-4939-A723-305A94F48005}.Dist|x64.ActiveCfg = Debug|x64
		{9F316E83-5AE5-4939-A723-305A94F48005}.Dist|x64.Build.0 = Debug|x64
		{9F316E83-5AE5-4939-A723-305A94F48005}.Dist|x86.ActiveCfg = Debug|Win32
		{9F316E83-5AE5-4939-A723-305A94F48005}.Dist|x86.Build.0 = Debug|Win32
		{9F316E83-5AE5-4939-A723-305A94F48005}.Release|x64.ActiveCfg = Release|x64
		{9F316E83-5AE5-4939-A723-305A94F48005}.Release|x64.Build.0 = Release|x64
		{9F316E83-5AE5-4939-A723-305A94F48005}.Release|x86.ActiveCfg = Release|Win32
		{9F316E83-5AE5-4939-A723-305A94F48005}.Release|x86.Build.0 = Release|Win32
		{C5B07A85-84B5-4B52-BCCF-1546ADDCB9F5}.Debug|x64.ActiveCfg = Debug|x64
		{C5B07A85-84B5-4B52-BCCF-1546ADDCB9F5}.Debug|x64.Build.0 = Debug|x64
		{C5B07A85-84B5-4B52-BCCF-1546ADDCB9F5}.Debug|x86.ActiveCfg = Debug|Win32
		{C5B07A85-84B5-4B52-BCCF-1546ADDCB9F5}.Debug|x86.Build.0 = Debug|Win32
		{C5B07A85-84B5-4B52-BCCF-1546ADDCB9F5}.Dist|x64.ActiveCfg = Debug|x64
		{C5B07A85-84B5-4B52-BCCF-1546ADDCB9F5}.Dist|x64.Build.0 = Debug|x64
		{C5B07A85-84B5-4B52-BCCF-1546ADDCB9F5}.Dist|x86.ActiveCfg = Debug|Win32
		{C5B07A85-84B5-4B52-BCCF-1546ADDCB9F5}.Dist|x86.Build.0 = Debug|Win32
		{C5B07A85-84B5-4B52-BCCF-1546ADDCB9F5}.Release|x64.ActiveCfg = Release|x64
		{C5B07A85-84B5-4B52-BCCF-1546ADDCB9F5}.Release|x64.Build.0 = Release|x64
		{C5B07A85-84B5-4B52-BCCF-1546ADDCB9F5}.Release|x86.ActiveCfg = Release|Win32
		{C5B07A85-84B5-4B52-BCCF-1546ADDCB9F5}.Release|x86.Build.0 = Release|Win32
		{D12CCAD3-1057-4D9C-9487-34676BE37033}.Debug|x64.ActiveCfg = Debug|x64
		{D12CCAD3-1057-4D9C-9487-34676BE37033}.Debug|x64.Build.0 = Debug|x64
		{D12CCAD3-1057-4D9C-9487-34676BE37033}.Debug|x86.ActiveCfg = Debug|Win32
		{D12CCAD3-1057-4D9C-9487-34676BE37033}.Debug|x86.Build.0 = Debug|Win32
		{D12CCAD3-1057-4D9C-9487-34676BE37033}.Dist|x64.ActiveCfg = Debug|x64
		{D12CCAD3-1057-4D9C-9487-34676BE37033}.Dist|x64.Build.0 = Debug|x64
		{D12CCAD3-1057-4D9C-9487-34676BE37033}.Dist|x86.ActiveCfg = Debug|Win32
		{D12CCAD3-1057-4D9C-9487-34676BE37033}.Dist|x86.Build.0 = Debug|Win32
		{D12CCAD3-1057-4D9C-9487-34676BE37033}.Release|x64.ActiveCfg = Release|x64
		{D12CCAD3-1057-4D9C-9487-34676BE37033}.Release|x64.Build.0 = Release|x64
		{D12CCAD3-1057-4D9C-9487-34676BE37033}.Release|x86.ActiveCfg = Release|Win32
		{D12CCAD3-1057-4D9C-9487-34676BE37033}.Release|x86.Build.0 = Release|Win32
		{51D3296C-AD97-4D80-ADD3-C4254A93C5ED}.Debug|x64.ActiveCfg = Debug|x64
		{51D3296C-AD97-4D80-ADD3-C4254A93C5ED}.Debug|x64.Build.0 = Debug|x64
		{51D3296C-AD97-4D80-ADD3-C4254A93C5ED}.Debug|x86.ActiveCfg = Debug|Win32
		{51D3296C-AD97-4D80-ADD3-C4254A93C5ED}.Debug|x86.Build.0 = Debug|Win32
		{51D3296C-AD97-4D80-ADD3-C4254A93C5ED}.Dist|x64.ActiveCfg = Debug|x64
		{51D3296C-AD97-4D80-ADD3-C4254A93C5ED}.Dist|x64.Build.0 = Debug|x64
		{51D3296C-AD97-4D80-ADD3-C4254A93C5ED}.Dist|x86.ActiveCfg = Debug|Win32
		{51D3296C-AD97-4D80-ADD3-C4254A93C5ED}.Dist|x86.Build.0 = Debug|Win32
		{51D3296C-AD97-4D80-ADD3-C4254A93C5ED}.Release|x64.ActiveCfg = Release|x64
		{51D3296C-AD97-4D80-ADD3-C4254A93C5ED}.Release|x64.Build.0 = Release|x64
		{51D3296C-AD97-4D80-ADD3-C4254A93C5ED}.Release|x86.ActiveCfg = Release|Win32
		{51D3296C-AD97-4D80-ADD3-C4254A93C5ED}.Release|x86.Build.0 = Release|Win32
		{2BD97F71-C51D-4422-A416-2B78779E9D80}.Debug|x64.ActiveCfg = Debug|x64
		{2BD97F71-C51D-4422-A416-2B78779E9D80}.Debug|x64.Build.0 = Debug|x64
		{2BD97F71-C51D-4422-A416-2B78779E9D80}.Debug|x86.ActiveCfg = Debug|Win32
		{2BD97F71-C51D-4422-A416-2B78779E9D80}.Debug|x86.Build.0 = Debug|Win32
		{2BD97F71-C51D-4422-A416-2B78779E9D80}.Dist|x64.ActiveCfg = Debug|x64
		{2BD97F71-C51D-4422-A416-2B78779E9D80}.Dist|x64.Build.0 = Debug|x64
		{2BD97F71-C51D-4422-A416-2B78779E9D80}.Dist|x86.ActiveCfg = Debug|Win32
		{2BD97F71-C51D-4422-A416-2B78779E9D80}.Dist|x86.Build.0 = Debug|Win32
		{2BD97F71-C51D-4422-A416-2B78779E9D80}.Release|x64.ActiveCfg = Release|x64
		{2BD97F71-C51D-4422-A416-2B78779E9D80}.Release|x64.Build.0 = Release|x64
		{2BD97F71-C51D-4422-A416-2B78779E9D80}.Release|x86.ActiveCfg = Release|Win32
		{2BD97F71-C51D-4422-A416-2B78779E9D80}.Release|x86.Build.0 = Release|Win32
	EndGlobalSection
	GlobalSection(SolutionProperties) = preSolution
		HideSolutionNode = FALSE
	EndGlobalSection
	GlobalSection(ExtensibilityGlobals) = postSolution
		SolutionGuid = {38BC6C34-37A4-41E5-8E88-69FE9F319263}
	EndGlobalSection
EndGlobal
