
Microsoft Visual Studio Solution File, Format Version 12.00
# Visual Studio Version 17
VisualStudioVersion = 17.3.32901.215
MinimumVisualStudioVersion = 10.0.40219.1
Project("{8BC9CEB8-8B4A-11D0-8D11-00A0C91BC942}") = "Yunuty", "Yunuty\Yunuty.vcxproj", "{60308F48-95FA-432C-849D-B74BE6CCCE60}"
EndProject
Project("{8BC9CEB8-8B4A-11D0-8D11-00A0C91BC942}") = "Yunu3DGraphicsInterface", "Yunu3DGraphicsInterface\Yunu3DGraphicsEngine.vcxproj", "{9E096B24-E24D-4BFC-9A4D-64C93013BC39}"
EndProject
Project("{8BC9CEB8-8B4A-11D0-8D11-00A0C91BC942}") = "InWanderLand", "InWanderLand\InWanderLand.vcxproj", "{49F28A62-3499-4DD9-B0D4-A6F8D83EEA4B}"
	ProjectSection(ProjectDependencies) = postProject
		{2BD97F71-C51D-4422-A416-2B78779E9D80} = {2BD97F71-C51D-4422-A416-2B78779E9D80}
		{60308F48-95FA-432C-849D-B74BE6CCCE60} = {60308F48-95FA-432C-849D-B74BE6CCCE60}
		{D2DF305D-D19B-414A-BBE7-888B948DFF62} = {D2DF305D-D19B-414A-BBE7-888B948DFF62}
	EndProjectSection
EndProject
Project("{8BC9CEB8-8B4A-11D0-8D11-00A0C91BC942}") = "NailEngine", "NailEngine\NailEngine.vcxproj", "{2BD97F71-C51D-4422-A416-2B78779E9D80}"
EndProject
Project("{8BC9CEB8-8B4A-11D0-8D11-00A0C91BC942}") = "NailResourceTool", "NailResourceTool\NailResourceTool.vcxproj", "{D2DF305D-D19B-414A-BBE7-888B948DFF62}"
	ProjectSection(ProjectDependencies) = postProject
		{2BD97F71-C51D-4422-A416-2B78779E9D80} = {2BD97F71-C51D-4422-A416-2B78779E9D80}
		{60308F48-95FA-432C-849D-B74BE6CCCE60} = {60308F48-95FA-432C-849D-B74BE6CCCE60}
	EndProjectSection
EndProject
Global
	GlobalSection(SolutionConfigurationPlatforms) = preSolution
		Debug|x64 = Debug|x64
		Debug|x86 = Debug|x86
		DebugEditorExe|x64 = DebugEditorExe|x64
		DebugEditorExe|x86 = DebugEditorExe|x86
		DebugEditorUnitTests|x64 = DebugEditorUnitTests|x64
		DebugEditorUnitTests|x86 = DebugEditorUnitTests|x86
		DebugExe|x64 = DebugExe|x64
		DebugExe|x86 = DebugExe|x86
		DebugGraphicsExe|x64 = DebugGraphicsExe|x64
		DebugGraphicsExe|x86 = DebugGraphicsExe|x86
		DebugUnitTests|x64 = DebugUnitTests|x64
		DebugUnitTests|x86 = DebugUnitTests|x86
		Release|x64 = Release|x64
		Release|x86 = Release|x86
		ReleaseEditorExe|x64 = ReleaseEditorExe|x64
		ReleaseEditorExe|x86 = ReleaseEditorExe|x86
		ReleaseEditorUnitTests|x64 = ReleaseEditorUnitTests|x64
		ReleaseEditorUnitTests|x86 = ReleaseEditorUnitTests|x86
		ReleaseExe|x64 = ReleaseExe|x64
		ReleaseExe|x86 = ReleaseExe|x86
		ReleaseGraphicsExe|x64 = ReleaseGraphicsExe|x64
		ReleaseGraphicsExe|x86 = ReleaseGraphicsExe|x86
		ReleaseUnitTests|x64 = ReleaseUnitTests|x64
		ReleaseUnitTests|x86 = ReleaseUnitTests|x86
	EndGlobalSection
	GlobalSection(ProjectConfigurationPlatforms) = postSolution
		{60308F48-95FA-432C-849D-B74BE6CCCE60}.Debug|x64.ActiveCfg = Debug|x64
		{60308F48-95FA-432C-849D-B74BE6CCCE60}.Debug|x64.Build.0 = Debug|x64
		{60308F48-95FA-432C-849D-B74BE6CCCE60}.Debug|x86.ActiveCfg = Debug|Win32
		{60308F48-95FA-432C-849D-B74BE6CCCE60}.Debug|x86.Build.0 = Debug|Win32
		{60308F48-95FA-432C-849D-B74BE6CCCE60}.DebugEditorExe|x64.ActiveCfg = Debug|x64
		{60308F48-95FA-432C-849D-B74BE6CCCE60}.DebugEditorExe|x64.Build.0 = Debug|x64
		{60308F48-95FA-432C-849D-B74BE6CCCE60}.DebugEditorExe|x86.ActiveCfg = Debug|Win32
		{60308F48-95FA-432C-849D-B74BE6CCCE60}.DebugEditorExe|x86.Build.0 = Debug|Win32
		{60308F48-95FA-432C-849D-B74BE6CCCE60}.DebugEditorUnitTests|x64.ActiveCfg = Debug|x64
		{60308F48-95FA-432C-849D-B74BE6CCCE60}.DebugEditorUnitTests|x64.Build.0 = Debug|x64
		{60308F48-95FA-432C-849D-B74BE6CCCE60}.DebugEditorUnitTests|x86.ActiveCfg = Debug|Win32
		{60308F48-95FA-432C-849D-B74BE6CCCE60}.DebugEditorUnitTests|x86.Build.0 = Debug|Win32
		{60308F48-95FA-432C-849D-B74BE6CCCE60}.DebugExe|x64.ActiveCfg = Debug|x64
		{60308F48-95FA-432C-849D-B74BE6CCCE60}.DebugExe|x64.Build.0 = Debug|x64
		{60308F48-95FA-432C-849D-B74BE6CCCE60}.DebugExe|x86.ActiveCfg = Debug|Win32
		{60308F48-95FA-432C-849D-B74BE6CCCE60}.DebugExe|x86.Build.0 = Debug|Win32
		{60308F48-95FA-432C-849D-B74BE6CCCE60}.DebugGraphicsExe|x64.ActiveCfg = Debug|x64
		{60308F48-95FA-432C-849D-B74BE6CCCE60}.DebugGraphicsExe|x64.Build.0 = Debug|x64
		{60308F48-95FA-432C-849D-B74BE6CCCE60}.DebugGraphicsExe|x86.ActiveCfg = Debug|Win32
		{60308F48-95FA-432C-849D-B74BE6CCCE60}.DebugGraphicsExe|x86.Build.0 = Debug|Win32
		{60308F48-95FA-432C-849D-B74BE6CCCE60}.DebugUnitTests|x64.ActiveCfg = Debug|x64
		{60308F48-95FA-432C-849D-B74BE6CCCE60}.DebugUnitTests|x64.Build.0 = Debug|x64
		{60308F48-95FA-432C-849D-B74BE6CCCE60}.DebugUnitTests|x86.ActiveCfg = Debug|Win32
		{60308F48-95FA-432C-849D-B74BE6CCCE60}.DebugUnitTests|x86.Build.0 = Debug|Win32
		{60308F48-95FA-432C-849D-B74BE6CCCE60}.Release|x64.ActiveCfg = Release|x64
		{60308F48-95FA-432C-849D-B74BE6CCCE60}.Release|x64.Build.0 = Release|x64
		{60308F48-95FA-432C-849D-B74BE6CCCE60}.Release|x86.ActiveCfg = Release|Win32
		{60308F48-95FA-432C-849D-B74BE6CCCE60}.Release|x86.Build.0 = Release|Win32
		{60308F48-95FA-432C-849D-B74BE6CCCE60}.ReleaseEditorExe|x64.ActiveCfg = Release|x64
		{60308F48-95FA-432C-849D-B74BE6CCCE60}.ReleaseEditorExe|x64.Build.0 = Release|x64
		{60308F48-95FA-432C-849D-B74BE6CCCE60}.ReleaseEditorExe|x86.ActiveCfg = Release|Win32
		{60308F48-95FA-432C-849D-B74BE6CCCE60}.ReleaseEditorExe|x86.Build.0 = Release|Win32
		{60308F48-95FA-432C-849D-B74BE6CCCE60}.ReleaseEditorUnitTests|x64.ActiveCfg = Release|x64
		{60308F48-95FA-432C-849D-B74BE6CCCE60}.ReleaseEditorUnitTests|x64.Build.0 = Release|x64
		{60308F48-95FA-432C-849D-B74BE6CCCE60}.ReleaseEditorUnitTests|x86.ActiveCfg = Release|Win32
		{60308F48-95FA-432C-849D-B74BE6CCCE60}.ReleaseEditorUnitTests|x86.Build.0 = Release|Win32
		{60308F48-95FA-432C-849D-B74BE6CCCE60}.ReleaseExe|x64.ActiveCfg = Release|x64
		{60308F48-95FA-432C-849D-B74BE6CCCE60}.ReleaseExe|x64.Build.0 = Release|x64
		{60308F48-95FA-432C-849D-B74BE6CCCE60}.ReleaseExe|x86.ActiveCfg = Release|Win32
		{60308F48-95FA-432C-849D-B74BE6CCCE60}.ReleaseExe|x86.Build.0 = Release|Win32
		{60308F48-95FA-432C-849D-B74BE6CCCE60}.ReleaseGraphicsExe|x64.ActiveCfg = Release|x64
		{60308F48-95FA-432C-849D-B74BE6CCCE60}.ReleaseGraphicsExe|x64.Build.0 = Release|x64
		{60308F48-95FA-432C-849D-B74BE6CCCE60}.ReleaseGraphicsExe|x86.ActiveCfg = Release|Win32
		{60308F48-95FA-432C-849D-B74BE6CCCE60}.ReleaseGraphicsExe|x86.Build.0 = Release|Win32
		{60308F48-95FA-432C-849D-B74BE6CCCE60}.ReleaseUnitTests|x64.ActiveCfg = Release|x64
		{60308F48-95FA-432C-849D-B74BE6CCCE60}.ReleaseUnitTests|x64.Build.0 = Release|x64
		{60308F48-95FA-432C-849D-B74BE6CCCE60}.ReleaseUnitTests|x86.ActiveCfg = Release|Win32
		{60308F48-95FA-432C-849D-B74BE6CCCE60}.ReleaseUnitTests|x86.Build.0 = Release|Win32
		{9E096B24-E24D-4BFC-9A4D-64C93013BC39}.Debug|x64.ActiveCfg = Debug|x64
		{9E096B24-E24D-4BFC-9A4D-64C93013BC39}.Debug|x64.Build.0 = Debug|x64
		{9E096B24-E24D-4BFC-9A4D-64C93013BC39}.Debug|x86.ActiveCfg = Debug|Win32
		{9E096B24-E24D-4BFC-9A4D-64C93013BC39}.Debug|x86.Build.0 = Debug|Win32
		{9E096B24-E24D-4BFC-9A4D-64C93013BC39}.DebugEditorExe|x64.ActiveCfg = Debug|x64
		{9E096B24-E24D-4BFC-9A4D-64C93013BC39}.DebugEditorExe|x64.Build.0 = Debug|x64
		{9E096B24-E24D-4BFC-9A4D-64C93013BC39}.DebugEditorExe|x86.ActiveCfg = Debug|Win32
		{9E096B24-E24D-4BFC-9A4D-64C93013BC39}.DebugEditorExe|x86.Build.0 = Debug|Win32
		{9E096B24-E24D-4BFC-9A4D-64C93013BC39}.DebugEditorUnitTests|x64.ActiveCfg = Debug|x64
		{9E096B24-E24D-4BFC-9A4D-64C93013BC39}.DebugEditorUnitTests|x64.Build.0 = Debug|x64
		{9E096B24-E24D-4BFC-9A4D-64C93013BC39}.DebugEditorUnitTests|x86.ActiveCfg = Debug|Win32
		{9E096B24-E24D-4BFC-9A4D-64C93013BC39}.DebugEditorUnitTests|x86.Build.0 = Debug|Win32
		{9E096B24-E24D-4BFC-9A4D-64C93013BC39}.DebugExe|x64.ActiveCfg = Debug|x64
		{9E096B24-E24D-4BFC-9A4D-64C93013BC39}.DebugExe|x64.Build.0 = Debug|x64
		{9E096B24-E24D-4BFC-9A4D-64C93013BC39}.DebugExe|x86.ActiveCfg = Debug|Win32
		{9E096B24-E24D-4BFC-9A4D-64C93013BC39}.DebugExe|x86.Build.0 = Debug|Win32
		{9E096B24-E24D-4BFC-9A4D-64C93013BC39}.DebugGraphicsExe|x64.ActiveCfg = Debug|x64
		{9E096B24-E24D-4BFC-9A4D-64C93013BC39}.DebugGraphicsExe|x64.Build.0 = Debug|x64
		{9E096B24-E24D-4BFC-9A4D-64C93013BC39}.DebugGraphicsExe|x86.ActiveCfg = Debug|Win32
		{9E096B24-E24D-4BFC-9A4D-64C93013BC39}.DebugGraphicsExe|x86.Build.0 = Debug|Win32
		{9E096B24-E24D-4BFC-9A4D-64C93013BC39}.DebugUnitTests|x64.ActiveCfg = Debug|x64
		{9E096B24-E24D-4BFC-9A4D-64C93013BC39}.DebugUnitTests|x64.Build.0 = Debug|x64
		{9E096B24-E24D-4BFC-9A4D-64C93013BC39}.DebugUnitTests|x86.ActiveCfg = Debug|Win32
		{9E096B24-E24D-4BFC-9A4D-64C93013BC39}.DebugUnitTests|x86.Build.0 = Debug|Win32
		{9E096B24-E24D-4BFC-9A4D-64C93013BC39}.Release|x64.ActiveCfg = Release|x64
		{9E096B24-E24D-4BFC-9A4D-64C93013BC39}.Release|x64.Build.0 = Release|x64
		{9E096B24-E24D-4BFC-9A4D-64C93013BC39}.Release|x86.ActiveCfg = Release|Win32
		{9E096B24-E24D-4BFC-9A4D-64C93013BC39}.Release|x86.Build.0 = Release|Win32
		{9E096B24-E24D-4BFC-9A4D-64C93013BC39}.ReleaseEditorExe|x64.ActiveCfg = Release|x64
		{9E096B24-E24D-4BFC-9A4D-64C93013BC39}.ReleaseEditorExe|x64.Build.0 = Release|x64
		{9E096B24-E24D-4BFC-9A4D-64C93013BC39}.ReleaseEditorExe|x86.ActiveCfg = Release|Win32
		{9E096B24-E24D-4BFC-9A4D-64C93013BC39}.ReleaseEditorExe|x86.Build.0 = Release|Win32
		{9E096B24-E24D-4BFC-9A4D-64C93013BC39}.ReleaseEditorUnitTests|x64.ActiveCfg = Release|x64
		{9E096B24-E24D-4BFC-9A4D-64C93013BC39}.ReleaseEditorUnitTests|x64.Build.0 = Release|x64
		{9E096B24-E24D-4BFC-9A4D-64C93013BC39}.ReleaseEditorUnitTests|x86.ActiveCfg = Release|Win32
		{9E096B24-E24D-4BFC-9A4D-64C93013BC39}.ReleaseEditorUnitTests|x86.Build.0 = Release|Win32
		{9E096B24-E24D-4BFC-9A4D-64C93013BC39}.ReleaseExe|x64.ActiveCfg = Release|x64
		{9E096B24-E24D-4BFC-9A4D-64C93013BC39}.ReleaseExe|x64.Build.0 = Release|x64
		{9E096B24-E24D-4BFC-9A4D-64C93013BC39}.ReleaseExe|x86.ActiveCfg = Release|Win32
		{9E096B24-E24D-4BFC-9A4D-64C93013BC39}.ReleaseExe|x86.Build.0 = Release|Win32
		{9E096B24-E24D-4BFC-9A4D-64C93013BC39}.ReleaseGraphicsExe|x64.ActiveCfg = Release|x64
		{9E096B24-E24D-4BFC-9A4D-64C93013BC39}.ReleaseGraphicsExe|x64.Build.0 = Release|x64
		{9E096B24-E24D-4BFC-9A4D-64C93013BC39}.ReleaseGraphicsExe|x86.ActiveCfg = Release|Win32
		{9E096B24-E24D-4BFC-9A4D-64C93013BC39}.ReleaseGraphicsExe|x86.Build.0 = Release|Win32
		{9E096B24-E24D-4BFC-9A4D-64C93013BC39}.ReleaseUnitTests|x64.ActiveCfg = Release|x64
		{9E096B24-E24D-4BFC-9A4D-64C93013BC39}.ReleaseUnitTests|x64.Build.0 = Release|x64
		{9E096B24-E24D-4BFC-9A4D-64C93013BC39}.ReleaseUnitTests|x86.ActiveCfg = Release|Win32
		{9E096B24-E24D-4BFC-9A4D-64C93013BC39}.ReleaseUnitTests|x86.Build.0 = Release|Win32
		{49F28A62-3499-4DD9-B0D4-A6F8D83EEA4B}.Debug|x64.ActiveCfg = DebugUnitTests|x64
		{49F28A62-3499-4DD9-B0D4-A6F8D83EEA4B}.Debug|x64.Build.0 = DebugUnitTests|x64
		{49F28A62-3499-4DD9-B0D4-A6F8D83EEA4B}.Debug|x86.ActiveCfg = DebugEditorExe|Win32
		{49F28A62-3499-4DD9-B0D4-A6F8D83EEA4B}.Debug|x86.Build.0 = DebugEditorExe|Win32
		{49F28A62-3499-4DD9-B0D4-A6F8D83EEA4B}.DebugEditorExe|x64.ActiveCfg = DebugEditorExe|x64
		{49F28A62-3499-4DD9-B0D4-A6F8D83EEA4B}.DebugEditorExe|x64.Build.0 = DebugEditorExe|x64
		{49F28A62-3499-4DD9-B0D4-A6F8D83EEA4B}.DebugEditorExe|x86.ActiveCfg = DebugEditorExe|Win32
		{49F28A62-3499-4DD9-B0D4-A6F8D83EEA4B}.DebugEditorExe|x86.Build.0 = DebugEditorExe|Win32
		{49F28A62-3499-4DD9-B0D4-A6F8D83EEA4B}.DebugEditorUnitTests|x64.ActiveCfg = DebugEditorUnitTests|x64
		{49F28A62-3499-4DD9-B0D4-A6F8D83EEA4B}.DebugEditorUnitTests|x64.Build.0 = DebugEditorUnitTests|x64
		{49F28A62-3499-4DD9-B0D4-A6F8D83EEA4B}.DebugEditorUnitTests|x86.ActiveCfg = DebugEditorUnitTests|Win32
		{49F28A62-3499-4DD9-B0D4-A6F8D83EEA4B}.DebugEditorUnitTests|x86.Build.0 = DebugEditorUnitTests|Win32
		{49F28A62-3499-4DD9-B0D4-A6F8D83EEA4B}.DebugExe|x64.ActiveCfg = DebugExe|x64
		{49F28A62-3499-4DD9-B0D4-A6F8D83EEA4B}.DebugExe|x64.Build.0 = DebugExe|x64
		{49F28A62-3499-4DD9-B0D4-A6F8D83EEA4B}.DebugExe|x86.ActiveCfg = DebugExe|Win32
		{49F28A62-3499-4DD9-B0D4-A6F8D83EEA4B}.DebugExe|x86.Build.0 = DebugExe|Win32
		{49F28A62-3499-4DD9-B0D4-A6F8D83EEA4B}.DebugGraphicsExe|x64.ActiveCfg = DebugGraphicsExe|x64
		{49F28A62-3499-4DD9-B0D4-A6F8D83EEA4B}.DebugGraphicsExe|x64.Build.0 = DebugGraphicsExe|x64
		{49F28A62-3499-4DD9-B0D4-A6F8D83EEA4B}.DebugGraphicsExe|x86.ActiveCfg = DebugGraphicsExe|Win32
		{49F28A62-3499-4DD9-B0D4-A6F8D83EEA4B}.DebugGraphicsExe|x86.Build.0 = DebugGraphicsExe|Win32
		{49F28A62-3499-4DD9-B0D4-A6F8D83EEA4B}.DebugUnitTests|x64.ActiveCfg = DebugUnitTests|x64
		{49F28A62-3499-4DD9-B0D4-A6F8D83EEA4B}.DebugUnitTests|x64.Build.0 = DebugUnitTests|x64
		{49F28A62-3499-4DD9-B0D4-A6F8D83EEA4B}.DebugUnitTests|x86.ActiveCfg = DebugUnitTests|Win32
		{49F28A62-3499-4DD9-B0D4-A6F8D83EEA4B}.DebugUnitTests|x86.Build.0 = DebugUnitTests|Win32
		{49F28A62-3499-4DD9-B0D4-A6F8D83EEA4B}.Release|x64.ActiveCfg = ReleaseUnitTests|x64
		{49F28A62-3499-4DD9-B0D4-A6F8D83EEA4B}.Release|x64.Build.0 = ReleaseUnitTests|x64
		{49F28A62-3499-4DD9-B0D4-A6F8D83EEA4B}.Release|x86.ActiveCfg = ReleaseEditorExe|Win32
		{49F28A62-3499-4DD9-B0D4-A6F8D83EEA4B}.Release|x86.Build.0 = ReleaseEditorExe|Win32
		{49F28A62-3499-4DD9-B0D4-A6F8D83EEA4B}.ReleaseEditorExe|x64.ActiveCfg = ReleaseEditorExe|x64
		{49F28A62-3499-4DD9-B0D4-A6F8D83EEA4B}.ReleaseEditorExe|x64.Build.0 = ReleaseEditorExe|x64
		{49F28A62-3499-4DD9-B0D4-A6F8D83EEA4B}.ReleaseEditorExe|x86.ActiveCfg = ReleaseEditorExe|Win32
		{49F28A62-3499-4DD9-B0D4-A6F8D83EEA4B}.ReleaseEditorExe|x86.Build.0 = ReleaseEditorExe|Win32
		{49F28A62-3499-4DD9-B0D4-A6F8D83EEA4B}.ReleaseEditorUnitTests|x64.ActiveCfg = ReleaseEditorUnitTests|x64
		{49F28A62-3499-4DD9-B0D4-A6F8D83EEA4B}.ReleaseEditorUnitTests|x64.Build.0 = ReleaseEditorUnitTests|x64
		{49F28A62-3499-4DD9-B0D4-A6F8D83EEA4B}.ReleaseEditorUnitTests|x86.ActiveCfg = ReleaseEditorUnitTests|Win32
		{49F28A62-3499-4DD9-B0D4-A6F8D83EEA4B}.ReleaseEditorUnitTests|x86.Build.0 = ReleaseEditorUnitTests|Win32
		{49F28A62-3499-4DD9-B0D4-A6F8D83EEA4B}.ReleaseExe|x64.ActiveCfg = ReleaseExe|x64
		{49F28A62-3499-4DD9-B0D4-A6F8D83EEA4B}.ReleaseExe|x64.Build.0 = ReleaseExe|x64
		{49F28A62-3499-4DD9-B0D4-A6F8D83EEA4B}.ReleaseExe|x86.ActiveCfg = ReleaseExe|Win32
		{49F28A62-3499-4DD9-B0D4-A6F8D83EEA4B}.ReleaseExe|x86.Build.0 = ReleaseExe|Win32
		{49F28A62-3499-4DD9-B0D4-A6F8D83EEA4B}.ReleaseGraphicsExe|x64.ActiveCfg = ReleaseGraphicsExe|x64
		{49F28A62-3499-4DD9-B0D4-A6F8D83EEA4B}.ReleaseGraphicsExe|x64.Build.0 = ReleaseGraphicsExe|x64
		{49F28A62-3499-4DD9-B0D4-A6F8D83EEA4B}.ReleaseGraphicsExe|x86.ActiveCfg = ReleaseGraphicsExe|Win32
		{49F28A62-3499-4DD9-B0D4-A6F8D83EEA4B}.ReleaseGraphicsExe|x86.Build.0 = ReleaseGraphicsExe|Win32
		{49F28A62-3499-4DD9-B0D4-A6F8D83EEA4B}.ReleaseUnitTests|x64.ActiveCfg = ReleaseUnitTests|x64
		{49F28A62-3499-4DD9-B0D4-A6F8D83EEA4B}.ReleaseUnitTests|x64.Build.0 = ReleaseUnitTests|x64
		{49F28A62-3499-4DD9-B0D4-A6F8D83EEA4B}.ReleaseUnitTests|x86.ActiveCfg = ReleaseUnitTests|Win32
		{49F28A62-3499-4DD9-B0D4-A6F8D83EEA4B}.ReleaseUnitTests|x86.Build.0 = ReleaseUnitTests|Win32
		{2BD97F71-C51D-4422-A416-2B78779E9D80}.Debug|x64.ActiveCfg = Debug|x64
		{2BD97F71-C51D-4422-A416-2B78779E9D80}.Debug|x64.Build.0 = Debug|x64
		{2BD97F71-C51D-4422-A416-2B78779E9D80}.Debug|x86.ActiveCfg = Debug|Win32
		{2BD97F71-C51D-4422-A416-2B78779E9D80}.Debug|x86.Build.0 = Debug|Win32
		{2BD97F71-C51D-4422-A416-2B78779E9D80}.DebugEditorExe|x64.ActiveCfg = Debug|x64
		{2BD97F71-C51D-4422-A416-2B78779E9D80}.DebugEditorExe|x64.Build.0 = Debug|x64
		{2BD97F71-C51D-4422-A416-2B78779E9D80}.DebugEditorExe|x86.ActiveCfg = Debug|Win32
		{2BD97F71-C51D-4422-A416-2B78779E9D80}.DebugEditorExe|x86.Build.0 = Debug|Win32
		{2BD97F71-C51D-4422-A416-2B78779E9D80}.DebugEditorUnitTests|x64.ActiveCfg = Debug|x64
		{2BD97F71-C51D-4422-A416-2B78779E9D80}.DebugEditorUnitTests|x64.Build.0 = Debug|x64
		{2BD97F71-C51D-4422-A416-2B78779E9D80}.DebugEditorUnitTests|x86.ActiveCfg = Debug|Win32
		{2BD97F71-C51D-4422-A416-2B78779E9D80}.DebugEditorUnitTests|x86.Build.0 = Debug|Win32
		{2BD97F71-C51D-4422-A416-2B78779E9D80}.DebugExe|x64.ActiveCfg = Debug|x64
		{2BD97F71-C51D-4422-A416-2B78779E9D80}.DebugExe|x64.Build.0 = Debug|x64
		{2BD97F71-C51D-4422-A416-2B78779E9D80}.DebugExe|x86.ActiveCfg = Debug|Win32
		{2BD97F71-C51D-4422-A416-2B78779E9D80}.DebugExe|x86.Build.0 = Debug|Win32
		{2BD97F71-C51D-4422-A416-2B78779E9D80}.DebugGraphicsExe|x64.ActiveCfg = Debug|x64
		{2BD97F71-C51D-4422-A416-2B78779E9D80}.DebugGraphicsExe|x64.Build.0 = Debug|x64
		{2BD97F71-C51D-4422-A416-2B78779E9D80}.DebugGraphicsExe|x86.ActiveCfg = Debug|Win32
		{2BD97F71-C51D-4422-A416-2B78779E9D80}.DebugGraphicsExe|x86.Build.0 = Debug|Win32
		{2BD97F71-C51D-4422-A416-2B78779E9D80}.DebugUnitTests|x64.ActiveCfg = Debug|x64
		{2BD97F71-C51D-4422-A416-2B78779E9D80}.DebugUnitTests|x64.Build.0 = Debug|x64
		{2BD97F71-C51D-4422-A416-2B78779E9D80}.DebugUnitTests|x86.ActiveCfg = Debug|Win32
		{2BD97F71-C51D-4422-A416-2B78779E9D80}.DebugUnitTests|x86.Build.0 = Debug|Win32
		{2BD97F71-C51D-4422-A416-2B78779E9D80}.Release|x64.ActiveCfg = Release|x64
		{2BD97F71-C51D-4422-A416-2B78779E9D80}.Release|x64.Build.0 = Release|x64
		{2BD97F71-C51D-4422-A416-2B78779E9D80}.Release|x86.ActiveCfg = Release|Win32
		{2BD97F71-C51D-4422-A416-2B78779E9D80}.Release|x86.Build.0 = Release|Win32
		{2BD97F71-C51D-4422-A416-2B78779E9D80}.ReleaseEditorExe|x64.ActiveCfg = Release|x64
		{2BD97F71-C51D-4422-A416-2B78779E9D80}.ReleaseEditorExe|x64.Build.0 = Release|x64
		{2BD97F71-C51D-4422-A416-2B78779E9D80}.ReleaseEditorExe|x86.ActiveCfg = Release|Win32
		{2BD97F71-C51D-4422-A416-2B78779E9D80}.ReleaseEditorExe|x86.Build.0 = Release|Win32
		{2BD97F71-C51D-4422-A416-2B78779E9D80}.ReleaseEditorUnitTests|x64.ActiveCfg = Release|x64
		{2BD97F71-C51D-4422-A416-2B78779E9D80}.ReleaseEditorUnitTests|x64.Build.0 = Release|x64
		{2BD97F71-C51D-4422-A416-2B78779E9D80}.ReleaseEditorUnitTests|x86.ActiveCfg = Release|Win32
		{2BD97F71-C51D-4422-A416-2B78779E9D80}.ReleaseEditorUnitTests|x86.Build.0 = Release|Win32
		{2BD97F71-C51D-4422-A416-2B78779E9D80}.ReleaseExe|x64.ActiveCfg = Release|x64
		{2BD97F71-C51D-4422-A416-2B78779E9D80}.ReleaseExe|x64.Build.0 = Release|x64
		{2BD97F71-C51D-4422-A416-2B78779E9D80}.ReleaseExe|x86.ActiveCfg = Release|Win32
		{2BD97F71-C51D-4422-A416-2B78779E9D80}.ReleaseExe|x86.Build.0 = Release|Win32
		{2BD97F71-C51D-4422-A416-2B78779E9D80}.ReleaseGraphicsExe|x64.ActiveCfg = Release|x64
		{2BD97F71-C51D-4422-A416-2B78779E9D80}.ReleaseGraphicsExe|x64.Build.0 = Release|x64
		{2BD97F71-C51D-4422-A416-2B78779E9D80}.ReleaseGraphicsExe|x86.ActiveCfg = Release|Win32
		{2BD97F71-C51D-4422-A416-2B78779E9D80}.ReleaseGraphicsExe|x86.Build.0 = Release|Win32
		{2BD97F71-C51D-4422-A416-2B78779E9D80}.ReleaseUnitTests|x64.ActiveCfg = Release|x64
		{2BD97F71-C51D-4422-A416-2B78779E9D80}.ReleaseUnitTests|x64.Build.0 = Release|x64
		{2BD97F71-C51D-4422-A416-2B78779E9D80}.ReleaseUnitTests|x86.ActiveCfg = Release|Win32
		{2BD97F71-C51D-4422-A416-2B78779E9D80}.ReleaseUnitTests|x86.Build.0 = Release|Win32
		{D2DF305D-D19B-414A-BBE7-888B948DFF62}.Debug|x64.ActiveCfg = Debug|x64
		{D2DF305D-D19B-414A-BBE7-888B948DFF62}.Debug|x64.Build.0 = Debug|x64
		{D2DF305D-D19B-414A-BBE7-888B948DFF62}.Debug|x86.ActiveCfg = Debug|Win32
		{D2DF305D-D19B-414A-BBE7-888B948DFF62}.Debug|x86.Build.0 = Debug|Win32
		{D2DF305D-D19B-414A-BBE7-888B948DFF62}.DebugEditorExe|x64.ActiveCfg = Debug|x64
		{D2DF305D-D19B-414A-BBE7-888B948DFF62}.DebugEditorExe|x64.Build.0 = Debug|x64
		{D2DF305D-D19B-414A-BBE7-888B948DFF62}.DebugEditorExe|x86.ActiveCfg = Debug|Win32
		{D2DF305D-D19B-414A-BBE7-888B948DFF62}.DebugEditorExe|x86.Build.0 = Debug|Win32
		{D2DF305D-D19B-414A-BBE7-888B948DFF62}.DebugEditorUnitTests|x64.ActiveCfg = Debug|x64
		{D2DF305D-D19B-414A-BBE7-888B948DFF62}.DebugEditorUnitTests|x64.Build.0 = Debug|x64
		{D2DF305D-D19B-414A-BBE7-888B948DFF62}.DebugEditorUnitTests|x86.ActiveCfg = Debug|Win32
		{D2DF305D-D19B-414A-BBE7-888B948DFF62}.DebugEditorUnitTests|x86.Build.0 = Debug|Win32
		{D2DF305D-D19B-414A-BBE7-888B948DFF62}.DebugExe|x64.ActiveCfg = Debug|x64
		{D2DF305D-D19B-414A-BBE7-888B948DFF62}.DebugExe|x64.Build.0 = Debug|x64
		{D2DF305D-D19B-414A-BBE7-888B948DFF62}.DebugExe|x86.ActiveCfg = Debug|Win32
		{D2DF305D-D19B-414A-BBE7-888B948DFF62}.DebugExe|x86.Build.0 = Debug|Win32
		{D2DF305D-D19B-414A-BBE7-888B948DFF62}.DebugGraphicsExe|x64.ActiveCfg = Debug|x64
		{D2DF305D-D19B-414A-BBE7-888B948DFF62}.DebugGraphicsExe|x64.Build.0 = Debug|x64
		{D2DF305D-D19B-414A-BBE7-888B948DFF62}.DebugGraphicsExe|x86.ActiveCfg = Debug|Win32
		{D2DF305D-D19B-414A-BBE7-888B948DFF62}.DebugGraphicsExe|x86.Build.0 = Debug|Win32
		{D2DF305D-D19B-414A-BBE7-888B948DFF62}.DebugUnitTests|x64.ActiveCfg = Debug|x64
		{D2DF305D-D19B-414A-BBE7-888B948DFF62}.DebugUnitTests|x64.Build.0 = Debug|x64
		{D2DF305D-D19B-414A-BBE7-888B948DFF62}.DebugUnitTests|x86.ActiveCfg = Debug|Win32
		{D2DF305D-D19B-414A-BBE7-888B948DFF62}.DebugUnitTests|x86.Build.0 = Debug|Win32
		{D2DF305D-D19B-414A-BBE7-888B948DFF62}.Release|x64.ActiveCfg = Release|x64
		{D2DF305D-D19B-414A-BBE7-888B948DFF62}.Release|x64.Build.0 = Release|x64
		{D2DF305D-D19B-414A-BBE7-888B948DFF62}.Release|x86.ActiveCfg = Release|Win32
		{D2DF305D-D19B-414A-BBE7-888B948DFF62}.Release|x86.Build.0 = Release|Win32
		{D2DF305D-D19B-414A-BBE7-888B948DFF62}.ReleaseEditorExe|x64.ActiveCfg = Release|x64
		{D2DF305D-D19B-414A-BBE7-888B948DFF62}.ReleaseEditorExe|x64.Build.0 = Release|x64
		{D2DF305D-D19B-414A-BBE7-888B948DFF62}.ReleaseEditorExe|x86.ActiveCfg = Release|Win32
		{D2DF305D-D19B-414A-BBE7-888B948DFF62}.ReleaseEditorExe|x86.Build.0 = Release|Win32
		{D2DF305D-D19B-414A-BBE7-888B948DFF62}.ReleaseEditorUnitTests|x64.ActiveCfg = Debug|x64
		{D2DF305D-D19B-414A-BBE7-888B948DFF62}.ReleaseEditorUnitTests|x64.Build.0 = Debug|x64
		{D2DF305D-D19B-414A-BBE7-888B948DFF62}.ReleaseEditorUnitTests|x86.ActiveCfg = Release|Win32
		{D2DF305D-D19B-414A-BBE7-888B948DFF62}.ReleaseEditorUnitTests|x86.Build.0 = Release|Win32
		{D2DF305D-D19B-414A-BBE7-888B948DFF62}.ReleaseExe|x64.ActiveCfg = Release|x64
		{D2DF305D-D19B-414A-BBE7-888B948DFF62}.ReleaseExe|x64.Build.0 = Release|x64
		{D2DF305D-D19B-414A-BBE7-888B948DFF62}.ReleaseExe|x86.ActiveCfg = Release|Win32
		{D2DF305D-D19B-414A-BBE7-888B948DFF62}.ReleaseExe|x86.Build.0 = Release|Win32
		{D2DF305D-D19B-414A-BBE7-888B948DFF62}.ReleaseGraphicsExe|x64.ActiveCfg = Debug|x64
		{D2DF305D-D19B-414A-BBE7-888B948DFF62}.ReleaseGraphicsExe|x64.Build.0 = Debug|x64
		{D2DF305D-D19B-414A-BBE7-888B948DFF62}.ReleaseGraphicsExe|x86.ActiveCfg = Release|Win32
		{D2DF305D-D19B-414A-BBE7-888B948DFF62}.ReleaseGraphicsExe|x86.Build.0 = Release|Win32
		{D2DF305D-D19B-414A-BBE7-888B948DFF62}.ReleaseUnitTests|x64.ActiveCfg = Debug|x64
		{D2DF305D-D19B-414A-BBE7-888B948DFF62}.ReleaseUnitTests|x64.Build.0 = Debug|x64
		{D2DF305D-D19B-414A-BBE7-888B948DFF62}.ReleaseUnitTests|x86.ActiveCfg = Release|Win32
		{D2DF305D-D19B-414A-BBE7-888B948DFF62}.ReleaseUnitTests|x86.Build.0 = Release|Win32
	EndGlobalSection
	GlobalSection(SolutionProperties) = preSolution
		HideSolutionNode = FALSE
	EndGlobalSection
	GlobalSection(ExtensibilityGlobals) = postSolution
		SolutionGuid = {38BC6C34-37A4-41E5-8E88-69FE9F319263}
	EndGlobalSection
EndGlobal
