<?xml version="1.0" encoding="utf-8"?>
<Project ToolsVersion="4.0" xmlns="http://schemas.microsoft.com/developer/msbuild/2003">
  <ItemGroup>
    <Filter Include="AdaptorInterface">
      <UniqueIdentifier>{66de5f87-8309-45c3-8f1b-73a9998a3c98}</UniqueIdentifier>
    </Filter>
    <Filter Include="Utils">
      <UniqueIdentifier>{41f650d4-18ad-402d-bed0-2f227b0355d4}</UniqueIdentifier>
    </Filter>
    <Filter Include="GraphicsEngine">
      <UniqueIdentifier>{14c17afd-e44b-498b-828c-409abcb88bdb}</UniqueIdentifier>
    </Filter>
    <Filter Include="GraphicsEngine\Device">
      <UniqueIdentifier>{2b1a30f4-8399-4e18-a66c-2706ef221c9d}</UniqueIdentifier>
    </Filter>
    <Filter Include="GraphicsEngine\ResourceBuilder">
      <UniqueIdentifier>{84e3d707-2b2d-4458-bed0-68ed4a7e2210}</UniqueIdentifier>
    </Filter>
    <Filter Include="GraphicsEngine\SwapChain">
      <UniqueIdentifier>{25fca1dc-89dc-4eb9-86fd-458196cc44a1}</UniqueIdentifier>
    </Filter>
    <Filter Include="Resource">
      <UniqueIdentifier>{3b53919c-641f-4a21-803c-823567c46fa8}</UniqueIdentifier>
    </Filter>
    <Filter Include="Resource\Shader">
      <UniqueIdentifier>{efdc96de-5efd-4984-a530-4779ec16e520}</UniqueIdentifier>
    </Filter>
    <Filter Include="Shaders">
      <UniqueIdentifier>{ad823b26-60d2-44c9-8fad-3aad16520606}</UniqueIdentifier>
    </Filter>
    <Filter Include="ResourceManager">
      <UniqueIdentifier>{ee4a89a3-e52e-43a1-8cb1-8beae72116ee}</UniqueIdentifier>
    </Filter>
    <Filter Include="Resource\Mesh">
      <UniqueIdentifier>{451f893b-af2f-4540-b448-b40ab7d456e3}</UniqueIdentifier>
    </Filter>
    <Filter Include="Resource\Material">
      <UniqueIdentifier>{7b0fc08a-cd60-4156-abcc-e908bf36c183}</UniqueIdentifier>
    </Filter>
    <Filter Include="GraphicsEngine\ConstantBuffer">
      <UniqueIdentifier>{d230dab2-65e7-4af6-8dd8-6c3208c526fa}</UniqueIdentifier>
    </Filter>
    <Filter Include="RenderSystem">
      <UniqueIdentifier>{4d0b3b22-de09-40b2-b2c0-3640c30f2933}</UniqueIdentifier>
    </Filter>
    <Filter Include="NailCamera">
      <UniqueIdentifier>{e8370a40-d710-4a8d-8dcb-430aab3bf802}</UniqueIdentifier>
    </Filter>
    <Filter Include="GraphicsEngine\RenderableManager">
      <UniqueIdentifier>{80244bcb-1889-44fe-b2b5-fb0f02453bd3}</UniqueIdentifier>
    </Filter>
    <Filter Include="GraphicsEngine\RenderableManager\IRenderable">
      <UniqueIdentifier>{d9d9befe-d147-4bd9-9870-9b2ff0998b6c}</UniqueIdentifier>
    </Filter>
    <Filter Include="GraphicsEngine\RenderableManager\IRenderable\StaticMesh">
      <UniqueIdentifier>{fb7b53f2-4e24-4663-9aba-e3fbaf21b85b}</UniqueIdentifier>
    </Filter>
    <Filter Include="Resource\Texture">
      <UniqueIdentifier>{db20820c-deef-4b80-b972-92338038b52e}</UniqueIdentifier>
    </Filter>
    <Filter Include="Light">
      <UniqueIdentifier>{00b3b583-dc75-40dc-b537-2acd344dd505}</UniqueIdentifier>
    </Filter>
    <Filter Include="Light\ILight">
      <UniqueIdentifier>{623d0d1a-35e3-4b2e-a440-8253d8d26e16}</UniqueIdentifier>
    </Filter>
    <Filter Include="Light\DirectionalLight">
      <UniqueIdentifier>{3b1aad02-90c8-4d9f-8bea-7acfc5c8335b}</UniqueIdentifier>
    </Filter>
    <Filter Include="Light\PointLight">
      <UniqueIdentifier>{bc32e237-2f44-4d6a-88cb-f4420a7aa97e}</UniqueIdentifier>
    </Filter>
    <Filter Include="Light\SpotLight">
      <UniqueIdentifier>{b31a3bd1-1cea-4875-ac9d-6cf99d284c56}</UniqueIdentifier>
    </Filter>
    <Filter Include="GraphicsEngine\RenderTargetGroup">
      <UniqueIdentifier>{d48f5a68-226e-4936-92ce-f94bb02f9848}</UniqueIdentifier>
    </Filter>
    <Filter Include="FBXLoader">
      <UniqueIdentifier>{62dbce78-fb04-4e5f-97ff-328a4f8254b1}</UniqueIdentifier>
    </Filter>
    <Filter Include="Resource\Animation">
      <UniqueIdentifier>{eb8ca908-0835-4787-a5bc-46507564d786}</UniqueIdentifier>
    </Filter>
    <Filter Include="GraphicsEngine\RenderableManager\IRenderable\SkinnedMesh">
      <UniqueIdentifier>{dd8982f3-ee29-4343-92e6-96f93059c404}</UniqueIdentifier>
    </Filter>
    <Filter Include="FBXLoader\ModelLoader">
      <UniqueIdentifier>{fec12d7e-e5d3-4ed1-8b48-3cd6a3945031}</UniqueIdentifier>
    </Filter>
    <Filter Include="FBXLoader\ModelLoader\Header">
      <UniqueIdentifier>{b2254a48-8590-4f24-ab9c-56ff15105978}</UniqueIdentifier>
    </Filter>
    <Filter Include="Animator">
      <UniqueIdentifier>{27ade7b6-08b3-4f7e-a68c-a914c8294a3d}</UniqueIdentifier>
    </Filter>
    <Filter Include="Animator\AnimatorManager">
      <UniqueIdentifier>{8bda1498-93ae-46b4-920d-ce2c12fcdcc2}</UniqueIdentifier>
    </Filter>
    <Filter Include="Resource\Animation\AnimationGroup">
      <UniqueIdentifier>{0844c700-9d5a-4be5-bd83-ad7a40e2b79c}</UniqueIdentifier>
    </Filter>
    <Filter Include="Instancing">
      <UniqueIdentifier>{c4f51090-8781-4a73-b1c2-86ba54f100b8}</UniqueIdentifier>
    </Filter>
    <Filter Include="Instancing\InstanceBuffer">
      <UniqueIdentifier>{9cb8643b-1e6f-416f-886f-14c73456475e}</UniqueIdentifier>
    </Filter>
    <Filter Include="Instancing\InstancingManager">
      <UniqueIdentifier>{ccca542e-b089-49b6-85d8-94ef3ed7a5a1}</UniqueIdentifier>
    </Filter>
    <Filter Include="GraphicsEngine\RenderableManager\IRenderable\UI">
      <UniqueIdentifier>{9116d217-c39f-4b1e-b2be-f38c8d512d7c}</UniqueIdentifier>
    </Filter>
    <Filter Include="RenderSystem\ShadowPass">
      <UniqueIdentifier>{4cc813e4-2679-48b4-ab25-3e044b73e417}</UniqueIdentifier>
    </Filter>
    <Filter Include="RenderSystem\SkyBoxPass">
      <UniqueIdentifier>{41f90503-d69b-42db-aa72-3f618262db33}</UniqueIdentifier>
    </Filter>
    <Filter Include="RenderSystem\BloomPass">
      <UniqueIdentifier>{9493c1fc-363e-4926-ad26-5bc11d772bf5}</UniqueIdentifier>
    </Filter>
    <Filter Include="RenderSystem\PointLightShadowPass">
      <UniqueIdentifier>{97b51f6e-024a-41da-88f3-d68f8ca927ce}</UniqueIdentifier>
    </Filter>
  </ItemGroup>
  <ItemGroup>
    <ClInclude Include="Utils.h">
      <Filter>Utils</Filter>
    </ClInclude>
    <ClInclude Include="YGCameraAdapter.h">
      <Filter>AdaptorInterface</Filter>
    </ClInclude>
    <ClInclude Include="YGDebugCubeAdapter.h">
      <Filter>AdaptorInterface</Filter>
    </ClInclude>
    <ClInclude Include="YGDebugSphereAdapter.h">
      <Filter>AdaptorInterface</Filter>
    </ClInclude>
    <ClInclude Include="YGEventHandlerAdapter.h">
      <Filter>AdaptorInterface</Filter>
    </ClInclude>
    <ClInclude Include="YGFactoryAdapter.h">
      <Filter>AdaptorInterface</Filter>
    </ClInclude>
    <ClInclude Include="YGRenderableAdapter.h">
      <Filter>AdaptorInterface</Filter>
    </ClInclude>
    <ClInclude Include="YGRendererAdapter.h">
      <Filter>AdaptorInterface</Filter>
    </ClInclude>
    <ClInclude Include="YGResourceManagerAdapter.h">
      <Filter>AdaptorInterface</Filter>
    </ClInclude>
    <ClInclude Include="YGSkinnedMeshAdapter.h">
      <Filter>AdaptorInterface</Filter>
    </ClInclude>
    <ClInclude Include="YGStaticMeshAdapter.h">
      <Filter>AdaptorInterface</Filter>
    </ClInclude>
    <ClInclude Include="YGUIImageAdapter.h">
      <Filter>AdaptorInterface</Filter>
    </ClInclude>
    <ClInclude Include="YGUITextAdapter.h">
      <Filter>AdaptorInterface</Filter>
    </ClInclude>
    <ClInclude Include="YGAdapter.h">
      <Filter>AdaptorInterface</Filter>
    </ClInclude>
    <ClInclude Include="NailEngine.h">
      <Filter>GraphicsEngine</Filter>
    </ClInclude>
    <ClInclude Include="Device.h">
      <Filter>GraphicsEngine\Device</Filter>
    </ClInclude>
    <ClInclude Include="ResourceBuilder.h">
      <Filter>GraphicsEngine\ResourceBuilder</Filter>
    </ClInclude>
    <ClInclude Include="SwapChain.h">
      <Filter>GraphicsEngine\SwapChain</Filter>
    </ClInclude>
    <ClInclude Include="Shader.h">
      <Filter>Resource\Shader</Filter>
    </ClInclude>
    <ClInclude Include="ResourceManager.h">
      <Filter>ResourceManager</Filter>
    </ClInclude>
    <ClInclude Include="Mesh.h">
      <Filter>Resource\Mesh</Filter>
    </ClInclude>
    <ClInclude Include="Material.h">
      <Filter>Resource\Material</Filter>
    </ClInclude>
    <ClInclude Include="Struct.h">
      <Filter>Utils</Filter>
    </ClInclude>
    <ClInclude Include="SimpleMath.h">
      <Filter>Utils</Filter>
    </ClInclude>
    <ClInclude Include="VertexShader.h">
      <Filter>Resource\Shader</Filter>
    </ClInclude>
    <ClInclude Include="PixelShader.h">
      <Filter>Resource\Shader</Filter>
    </ClInclude>
    <ClInclude Include="ConstantBuffer.h">
      <Filter>GraphicsEngine\ConstantBuffer</Filter>
    </ClInclude>
    <ClInclude Include="RenderSystem.h">
      <Filter>RenderSystem</Filter>
    </ClInclude>
    <ClInclude Include="NailCamera.h">
      <Filter>NailCamera</Filter>
    </ClInclude>
    <ClInclude Include="IRenderable.h">
      <Filter>GraphicsEngine\RenderableManager\IRenderable</Filter>
    </ClInclude>
    <ClInclude Include="StaticMesh.h">
      <Filter>GraphicsEngine\RenderableManager\IRenderable\StaticMesh</Filter>
    </ClInclude>
    <ClInclude Include="YGMaterialAdapter.h">
      <Filter>AdaptorInterface</Filter>
    </ClInclude>
    <ClInclude Include="MaterialWrapper.h">
      <Filter>Resource\Material</Filter>
    </ClInclude>
    <ClInclude Include="Texture.h">
      <Filter>Resource\Texture</Filter>
    </ClInclude>
    <ClInclude Include="YGDirectionalLightAdapter.h">
      <Filter>AdaptorInterface</Filter>
    </ClInclude>
    <ClInclude Include="YGPointLightAdapter.h">
      <Filter>AdaptorInterface</Filter>
    </ClInclude>
    <ClInclude Include="YGSpotLightAdapter.h">
      <Filter>AdaptorInterface</Filter>
    </ClInclude>
    <ClInclude Include="IYunuMeshRenderer.h">
      <Filter>AdaptorInterface</Filter>
    </ClInclude>
    <ClInclude Include="ILight.h">
      <Filter>Light\ILight</Filter>
    </ClInclude>
    <ClInclude Include="DirectionalLight.h">
      <Filter>Light\DirectionalLight</Filter>
    </ClInclude>
    <ClInclude Include="LightManager.h">
      <Filter>Light</Filter>
    </ClInclude>
    <ClInclude Include="PointLight.h">
      <Filter>Light\PointLight</Filter>
    </ClInclude>
    <ClInclude Include="SpotLight.h">
      <Filter>Light\SpotLight</Filter>
    </ClInclude>
    <ClInclude Include="RenderTargetGroup.h">
      <Filter>GraphicsEngine\RenderTargetGroup</Filter>
    </ClInclude>
    <ClInclude Include="FBXLoader.h">
      <Filter>FBXLoader</Filter>
    </ClInclude>
    <ClInclude Include="Resource.h">
      <Filter>Resource</Filter>
    </ClInclude>
    <ClInclude Include="Animation.h">
      <Filter>Resource\Animation</Filter>
    </ClInclude>
    <ClInclude Include="YGAnimatorAdapter.h">
      <Filter>AdaptorInterface</Filter>
    </ClInclude>
    <ClInclude Include="SkinnedMesh.h">
      <Filter>GraphicsEngine\RenderableManager\IRenderable\SkinnedMesh</Filter>
    </ClInclude>
    <ClInclude Include="ModelLoader.h">
      <Filter>FBXLoader\ModelLoader</Filter>
    </ClInclude>
    <ClInclude Include="ModelData.h">
      <Filter>FBXLoader\ModelLoader\Header</Filter>
    </ClInclude>
    <ClInclude Include="NailAnimator.h">
      <Filter>Animator</Filter>
    </ClInclude>
    <ClInclude Include="NailAnimatorManager.h">
      <Filter>Animator\AnimatorManager</Filter>
    </ClInclude>
    <ClInclude Include="AnimationGroup.h">
      <Filter>Resource\Animation\AnimationGroup</Filter>
    </ClInclude>
    <ClInclude Include="InstanceBuffer.h">
      <Filter>Instancing\InstanceBuffer</Filter>
    </ClInclude>
    <ClInclude Include="InstancingManager.h">
      <Filter>Instancing\InstancingManager</Filter>
    </ClInclude>
    <ClInclude Include="UIImage.h">
      <Filter>GraphicsEngine\RenderableManager\IRenderable\UI</Filter>
    </ClInclude>
    <ClInclude Include="ShadowPass.h">
      <Filter>RenderSystem\ShadowPass</Filter>
    </ClInclude>
    <ClInclude Include="SkyBoxPass.h">
      <Filter>RenderSystem\SkyBoxPass</Filter>
    </ClInclude>
    <ClInclude Include="CameraManager.h">
      <Filter>NailCamera</Filter>
    </ClInclude>
    <ClInclude Include="UIText.h">
      <Filter>GraphicsEngine\RenderableManager\IRenderable\UI</Filter>
    </ClInclude>
    <ClInclude Include="BloomPass.h">
      <Filter>RenderSystem\BloomPass</Filter>
    </ClInclude>
    <ClInclude Include="PointLightShadowPass.h">
      <Filter>RenderSystem\PointLightShadowPass</Filter>
    </ClInclude>
    <ClInclude Include="GeometryShader.h">
      <Filter>Resource\Shader</Filter>
    </ClInclude>
  </ItemGroup>
  <ItemGroup>
    <ClCompile Include="YGExports.cpp">
      <Filter>AdaptorInterface</Filter>
    </ClCompile>
    <ClCompile Include="NailEngine.cpp">
      <Filter>GraphicsEngine</Filter>
    </ClCompile>
    <ClCompile Include="ResourceBuilder.cpp">
      <Filter>GraphicsEngine\ResourceBuilder</Filter>
    </ClCompile>
    <ClCompile Include="SwapChain.cpp">
      <Filter>GraphicsEngine\SwapChain</Filter>
    </ClCompile>
    <ClCompile Include="Shader.cpp">
      <Filter>Resource\Shader</Filter>
    </ClCompile>
    <ClCompile Include="ResourceManager.cpp">
      <Filter>ResourceManager</Filter>
    </ClCompile>
    <ClCompile Include="Mesh.cpp">
      <Filter>Resource\Mesh</Filter>
    </ClCompile>
    <ClCompile Include="Material.cpp">
      <Filter>Resource\Material</Filter>
    </ClCompile>
    <ClCompile Include="VertexShader.cpp">
      <Filter>Resource\Shader</Filter>
    </ClCompile>
    <ClCompile Include="PixelShader.cpp">
      <Filter>Resource\Shader</Filter>
    </ClCompile>
    <ClCompile Include="ConstantBuffer.cpp">
      <Filter>GraphicsEngine\ConstantBuffer</Filter>
    </ClCompile>
    <ClCompile Include="RenderSystem.cpp">
      <Filter>RenderSystem</Filter>
    </ClCompile>
    <ClCompile Include="NailCamera.cpp">
      <Filter>NailCamera</Filter>
    </ClCompile>
    <ClCompile Include="IRenderable.cpp">
      <Filter>GraphicsEngine\RenderableManager\IRenderable</Filter>
    </ClCompile>
    <ClCompile Include="StaticMesh.cpp">
      <Filter>GraphicsEngine\RenderableManager\IRenderable\StaticMesh</Filter>
    </ClCompile>
    <ClCompile Include="YGMaterialAdapter.cpp">
      <Filter>AdaptorInterface</Filter>
    </ClCompile>
    <ClCompile Include="Texture.cpp">
      <Filter>Resource\Texture</Filter>
    </ClCompile>
    <ClCompile Include="DirectionalLight.cpp">
      <Filter>Light\DirectionalLight</Filter>
    </ClCompile>
    <ClCompile Include="LightManager.cpp">
      <Filter>Light</Filter>
    </ClCompile>
    <ClCompile Include="PointLight.cpp">
      <Filter>Light\PointLight</Filter>
    </ClCompile>
    <ClCompile Include="SpotLight.cpp">
      <Filter>Light\SpotLight</Filter>
    </ClCompile>
    <ClCompile Include="RenderTargetGroup.cpp">
      <Filter>GraphicsEngine\RenderTargetGroup</Filter>
    </ClCompile>
    <ClCompile Include="SimpleMath.cpp">
      <Filter>Utils</Filter>
    </ClCompile>
    <ClCompile Include="FBXLoader.cpp">
      <Filter>FBXLoader</Filter>
    </ClCompile>
    <ClCompile Include="Resource.cpp">
      <Filter>Resource</Filter>
    </ClCompile>
    <ClCompile Include="Animation.cpp">
      <Filter>Resource\Animation</Filter>
    </ClCompile>
    <ClCompile Include="SkinnedMesh.cpp">
      <Filter>GraphicsEngine\RenderableManager\IRenderable\SkinnedMesh</Filter>
    </ClCompile>
    <ClCompile Include="ModelLoader.cpp">
      <Filter>FBXLoader\ModelLoader</Filter>
    </ClCompile>
    <ClCompile Include="NailAnimator.cpp">
      <Filter>Animator</Filter>
    </ClCompile>
    <ClCompile Include="NailAnimatorManager.cpp">
      <Filter>Animator\AnimatorManager</Filter>
    </ClCompile>
    <ClCompile Include="AnimationGroup.cpp">
      <Filter>Resource\Animation\AnimationGroup</Filter>
    </ClCompile>
    <ClCompile Include="InstanceBuffer.cpp">
      <Filter>Instancing\InstanceBuffer</Filter>
    </ClCompile>
    <ClCompile Include="InstancingManager.cpp">
      <Filter>Instancing\InstancingManager</Filter>
    </ClCompile>
    <ClCompile Include="UIImage.cpp">
      <Filter>GraphicsEngine\RenderableManager\IRenderable\UI</Filter>
    </ClCompile>
    <ClCompile Include="ShadowPass.cpp">
      <Filter>RenderSystem\ShadowPass</Filter>
    </ClCompile>
    <ClCompile Include="SkyBoxPass.cpp">
      <Filter>RenderSystem\SkyBoxPass</Filter>
    </ClCompile>
    <ClCompile Include="Device.cpp">
      <Filter>GraphicsEngine\Device</Filter>
    </ClCompile>
    <ClCompile Include="CameraManager.cpp">
      <Filter>NailCamera</Filter>
    </ClCompile>
    <ClCompile Include="UIText.cpp">
      <Filter>GraphicsEngine\RenderableManager\IRenderable\UI</Filter>
    </ClCompile>
    <ClCompile Include="BloomPass.cpp">
      <Filter>RenderSystem\BloomPass</Filter>
    </ClCompile>
    <ClCompile Include="PointLightShadowPass.cpp">
      <Filter>RenderSystem\PointLightShadowPass</Filter>
    </ClCompile>
    <ClCompile Include="GeometryShader.cpp">
      <Filter>Resource\Shader</Filter>
    </ClCompile>
  </ItemGroup>
  <ItemGroup>
    <FxCompile Include="RuntimeDependency\resources\Shader\DefaultVS.hlsl">
      <Filter>Shaders</Filter>
    </FxCompile>
    <FxCompile Include="RuntimeDependency\resources\Shader\DefaultPS.hlsl">
      <Filter>Shaders</Filter>
    </FxCompile>
    <FxCompile Include="RuntimeDependency\resources\Shader\DebugPS.hlsl">
      <Filter>Shaders</Filter>
    </FxCompile>
    <FxCompile Include="RuntimeDependency\resources\Shader\Deferred_DirectionalLightPS.hlsl">
      <Filter>Shaders</Filter>
    </FxCompile>
    <FxCompile Include="RuntimeDependency\resources\Shader\Deferred_DirectionalLightVS.hlsl">
      <Filter>Shaders</Filter>
    </FxCompile>
    <FxCompile Include="RuntimeDependency\resources\Shader\Deferred_FinalVS.hlsl">
      <Filter>Shaders</Filter>
    </FxCompile>
    <FxCompile Include="RuntimeDependency\resources\Shader\Deferred_FinalPS.hlsl">
      <Filter>Shaders</Filter>
    </FxCompile>
    <FxCompile Include="RuntimeDependency\resources\Shader\TexturePS.hlsl">
      <Filter>Shaders</Filter>
    </FxCompile>
    <FxCompile Include="RuntimeDependency\resources\Shader\TextureVS.hlsl">
      <Filter>Shaders</Filter>
    </FxCompile>
    <FxCompile Include="RuntimeDependency\resources\Shader\Deferred_PointLightVS.hlsl">
      <Filter>Shaders</Filter>
    </FxCompile>
    <FxCompile Include="RuntimeDependency\resources\Shader\Deferred_PointLightPS.hlsl">
      <Filter>Shaders</Filter>
    </FxCompile>
    <FxCompile Include="RuntimeDependency\resources\Shader\SkinnedVS.hlsl">
      <Filter>Shaders</Filter>
    </FxCompile>
    <FxCompile Include="RuntimeDependency\resources\Shader\ForwardPS.hlsl">
      <Filter>Shaders</Filter>
    </FxCompile>
    <FxCompile Include="RuntimeDependency\resources\Shader\DebugVS.hlsl">
      <Filter>Shaders</Filter>
    </FxCompile>
    <FxCompile Include="RuntimeDependency\resources\Shader\TestPS.hlsl">
      <Filter>Shaders</Filter>
    </FxCompile>
    <FxCompile Include="RuntimeDependency\resources\Shader\TestVS.hlsl">
      <Filter>Shaders</Filter>
    </FxCompile>
    <FxCompile Include="RuntimeDependency\resources\Shader\LeavesPS.hlsl">
      <Filter>Shaders</Filter>
    </FxCompile>
    <FxCompile Include="RuntimeDependency\resources\Shader\LeavesVS.hlsl">
      <Filter>Shaders</Filter>
    </FxCompile>
    <FxCompile Include="RuntimeDependency\resources\Shader\SkyBoxVS.hlsl">
      <Filter>Shaders</Filter>
    </FxCompile>
    <FxCompile Include="RuntimeDependency\resources\Shader\SkyBoxPS.hlsl">
      <Filter>Shaders</Filter>
    </FxCompile>
    <FxCompile Include="RuntimeDependency\resources\Shader\IrradianceVS.hlsl">
      <Filter>Shaders</Filter>
    </FxCompile>
    <FxCompile Include="RuntimeDependency\resources\Shader\IrradiancePS.hlsl">
      <Filter>Shaders</Filter>
    </FxCompile>
    <FxCompile Include="RuntimeDependency\resources\Shader\PreFilteredVS.hlsl">
      <Filter>Shaders</Filter>
    </FxCompile>
    <FxCompile Include="RuntimeDependency\resources\Shader\PreFilteredPS.hlsl">
      <Filter>Shaders</Filter>
    </FxCompile>
    <FxCompile Include="RuntimeDependency\resources\Shader\SpecLUTPS.hlsl">
      <Filter>Shaders</Filter>
    </FxCompile>
    <FxCompile Include="RuntimeDependency\resources\Shader\SpecLUTVS.hlsl">
      <Filter>Shaders</Filter>
    </FxCompile>
    <FxCompile Include="RuntimeDependency\resources\Shader\BackBufferPS.hlsl">
      <Filter>Shaders</Filter>
    </FxCompile>
    <FxCompile Include="RuntimeDependency\resources\Shader\Debug_AlphaPS.hlsl">
      <Filter>Shaders</Filter>
    </FxCompile>
    <FxCompile Include="RuntimeDependency\resources\Shader\CastleWallPS.hlsl">
      <Filter>Shaders</Filter>
    </FxCompile>
    <FxCompile Include="RuntimeDependency\resources\Shader\CopyPS.hlsl">
      <Filter>Shaders</Filter>
    </FxCompile>
    <FxCompile Include="RuntimeDependency\resources\Shader\BlurPS.hlsl">
      <Filter>Shaders</Filter>
    </FxCompile>
    <FxCompile Include="RuntimeDependency\resources\Shader\PointLightShadowVS.hlsl">
      <Filter>Shaders</Filter>
    </FxCompile>
    <FxCompile Include="RuntimeDependency\resources\Shader\PointLightShadowGS.hlsl">
      <Filter>Shaders</Filter>
    </FxCompile>
    <FxCompile Include="RuntimeDependency\resources\Shader\PointLightShadowPS.hlsl">
      <Filter>Shaders</Filter>
    </FxCompile>
    <FxCompile Include="RuntimeDependency\resources\Shader\Skinned_PointLightShadowVS.hlsl">
      <Filter>Shaders</Filter>
    </FxCompile>
  </ItemGroup>
  <ItemGroup>
    <None Include="SimpleMath.inl">
      <Filter>Utils</Filter>
    </None>
    <None Include="RuntimeDependency\resources\Shader\Utils.hlsli">
      <Filter>Shaders</Filter>
    </None>
    <None Include="RuntimeDependency\resources\Shader\Buffers.hlsli">
      <Filter>Shaders</Filter>
    </None>
    <None Include="RuntimeDependency\resources\Shader\Matrix.hlsli">
      <Filter>Shaders</Filter>
    </None>
    <None Include="RuntimeDependency\resources\Shader\Quaternion.hlsli">
      <Filter>Shaders</Filter>
    </None>
  </ItemGroup>
</Project>