<?xml version="1.0" encoding="utf-8"?>
<Project ToolsVersion="4.0" xmlns="http://schemas.microsoft.com/developer/msbuild/2003">
  <ItemGroup>
    <Filter Include="AdaptorInterface">
      <UniqueIdentifier>{66de5f87-8309-45c3-8f1b-73a9998a3c98}</UniqueIdentifier>
    </Filter>
    <Filter Include="Utils">
      <UniqueIdentifier>{41f650d4-18ad-402d-bed0-2f227b0355d4}</UniqueIdentifier>
    </Filter>
    <Filter Include="GraphicsEngine">
      <UniqueIdentifier>{14c17afd-e44b-498b-828c-409abcb88bdb}</UniqueIdentifier>
    </Filter>
    <Filter Include="GraphicsEngine\Device">
      <UniqueIdentifier>{2b1a30f4-8399-4e18-a66c-2706ef221c9d}</UniqueIdentifier>
    </Filter>
    <Filter Include="GraphicsEngine\ResourceBuilder">
      <UniqueIdentifier>{84e3d707-2b2d-4458-bed0-68ed4a7e2210}</UniqueIdentifier>
    </Filter>
    <Filter Include="GraphicsEngine\SwapChain">
      <UniqueIdentifier>{25fca1dc-89dc-4eb9-86fd-458196cc44a1}</UniqueIdentifier>
    </Filter>
    <Filter Include="Resource">
      <UniqueIdentifier>{3b53919c-641f-4a21-803c-823567c46fa8}</UniqueIdentifier>
    </Filter>
    <Filter Include="Resource\Shader">
      <UniqueIdentifier>{efdc96de-5efd-4984-a530-4779ec16e520}</UniqueIdentifier>
    </Filter>
    <Filter Include="Shaders">
      <UniqueIdentifier>{ad823b26-60d2-44c9-8fad-3aad16520606}</UniqueIdentifier>
    </Filter>
  </ItemGroup>
  <ItemGroup>
    <ClInclude Include="Utils.h">
      <Filter>Utils</Filter>
    </ClInclude>
    <ClInclude Include="YGCameraAdapter.h">
      <Filter>AdaptorInterface</Filter>
    </ClInclude>
    <ClInclude Include="YGDebugCubeAdapter.h">
      <Filter>AdaptorInterface</Filter>
    </ClInclude>
    <ClInclude Include="YGDebugSphereAdapter.h">
      <Filter>AdaptorInterface</Filter>
    </ClInclude>
    <ClInclude Include="YGEventHandlerAdapter.h">
      <Filter>AdaptorInterface</Filter>
    </ClInclude>
    <ClInclude Include="YGFactoryAdapter.h">
      <Filter>AdaptorInterface</Filter>
    </ClInclude>
    <ClInclude Include="YGRenderableAdapter.h">
      <Filter>AdaptorInterface</Filter>
    </ClInclude>
    <ClInclude Include="YGRendererAdapter.h">
      <Filter>AdaptorInterface</Filter>
    </ClInclude>
    <ClInclude Include="YGResourceManagerAdapter.h">
      <Filter>AdaptorInterface</Filter>
    </ClInclude>
    <ClInclude Include="YGSkinnedMeshAdapter.h">
      <Filter>AdaptorInterface</Filter>
    </ClInclude>
    <ClInclude Include="YGStaticMeshAdapter.h">
      <Filter>AdaptorInterface</Filter>
    </ClInclude>
    <ClInclude Include="YGUIImageAdapter.h">
      <Filter>AdaptorInterface</Filter>
    </ClInclude>
    <ClInclude Include="YGUITextAdapter.h">
      <Filter>AdaptorInterface</Filter>
    </ClInclude>
    <ClInclude Include="YGAdapter.h">
      <Filter>AdaptorInterface</Filter>
    </ClInclude>
    <ClInclude Include="NailEngine.h">
      <Filter>GraphicsEngine</Filter>
    </ClInclude>
    <ClInclude Include="Device.h">
      <Filter>GraphicsEngine\Device</Filter>
    </ClInclude>
    <ClInclude Include="ResourceBuilder.h">
      <Filter>GraphicsEngine\ResourceBuilder</Filter>
    </ClInclude>
    <ClInclude Include="SwapChain.h">
      <Filter>GraphicsEngine\SwapChain</Filter>
    </ClInclude>
    <ClInclude Include="Shader.h">
      <Filter>Resource\Shader</Filter>
    </ClInclude>
  </ItemGroup>
  <ItemGroup>
    <ClCompile Include="YGExports.cpp">
      <Filter>AdaptorInterface</Filter>
    </ClCompile>
    <ClCompile Include="NailEngine.cpp">
      <Filter>GraphicsEngine</Filter>
    </ClCompile>
    <ClCompile Include="Device.cpp">
      <Filter>GraphicsEngine\Device</Filter>
    </ClCompile>
    <ClCompile Include="ResourceBuilder.cpp">
      <Filter>GraphicsEngine\ResourceBuilder</Filter>
    </ClCompile>
    <ClCompile Include="SwapChain.cpp">
      <Filter>GraphicsEngine\SwapChain</Filter>
    </ClCompile>
    <ClCompile Include="Shader.cpp">
      <Filter>Resource\Shader</Filter>
    </ClCompile>
  </ItemGroup>
  <ItemGroup>
    <FxCompile Include="DefaultVS.hlsl">
      <Filter>Shaders</Filter>
    </FxCompile>
  </ItemGroup>
</Project>