<?xml version="1.0" encoding="utf-8"?>
<Project ToolsVersion="4.0" xmlns="http://schemas.microsoft.com/developer/msbuild/2003">
  <ItemGroup>
    <Filter Include="sources">
      <UniqueIdentifier>{08e36723-ce4f-4cff-9662-c40801cf1acf}</UniqueIdentifier>
    </Filter>
    <Filter Include="RTSCam">
      <UniqueIdentifier>{4d58ffff-525b-4e6d-a64c-bf1f311430a2}</UniqueIdentifier>
    </Filter>
    <Filter Include="RoamingCam">
      <UniqueIdentifier>{2d512d5b-fcbf-459a-af2e-e0419a2af7d6}</UniqueIdentifier>
    </Filter>
    <Filter Include="CamSwitcher">
      <UniqueIdentifier>{bf3324c5-849e-4c7f-af17-eeb0a882cc19}</UniqueIdentifier>
    </Filter>
    <Filter Include="RecastDetourTest">
      <UniqueIdentifier>{56c19951-ac88-4ad2-9b55-db6f941240e1}</UniqueIdentifier>
    </Filter>
    <Filter Include="DebugPlane">
      <UniqueIdentifier>{028fb8ff-0f7e-465c-894d-222249262cc3}</UniqueIdentifier>
    </Filter>
    <Filter Include="DebugBeacon">
      <UniqueIdentifier>{12a9b6c6-374f-4024-a2c3-3d67deff9469}</UniqueIdentifier>
    </Filter>
    <Filter Include="TerrainEditor">
      <UniqueIdentifier>{bdeb32c3-9345-46aa-9876-48fd5865c87c}</UniqueIdentifier>
    </Filter>
    <Filter Include="DebugMeshes">
      <UniqueIdentifier>{63795638-a23d-4b7e-a43d-3da8d1088678}</UniqueIdentifier>
    </Filter>
    <Filter Include="RTSTerrain">
      <UniqueIdentifier>{35902296-3a53-47ef-a7ac-de94b5000e79}</UniqueIdentifier>
    </Filter>
    <Filter Include="PeriodicAction">
      <UniqueIdentifier>{d31814ce-faa7-415f-8b5a-672e90071988}</UniqueIdentifier>
    </Filter>
    <Filter Include="Editor">
      <UniqueIdentifier>{a8da4320-0b8b-4bf9-8101-466d6da6cfeb}</UniqueIdentifier>
    </Filter>
    <Filter Include="Editor\Panel">
      <UniqueIdentifier>{076edac7-36b3-4f60-9a8d-fe25c71eb05e}</UniqueIdentifier>
    </Filter>
    <Filter Include="Contents">
      <UniqueIdentifier>{1c4fad8c-dd4d-4667-b404-8bfe4834498e}</UniqueIdentifier>
    </Filter>
    <Filter Include="Editor\imgui">
      <UniqueIdentifier>{0587d7a3-f2ce-4d56-b84f-a0005d3bfce6}</UniqueIdentifier>
    </Filter>
    <Filter Include="Editor\Events">
      <UniqueIdentifier>{54eeffd8-024b-4977-9705-73efefd2d99a}</UniqueIdentifier>
    </Filter>
    <Filter Include="Editor\Panel\List">
      <UniqueIdentifier>{8eccc7d3-f91f-4e56-aa6d-13596ef88423}</UniqueIdentifier>
    </Filter>
    <Filter Include="Editor\Commands">
      <UniqueIdentifier>{d1157612-53f5-422c-904b-39d5c1028d08}</UniqueIdentifier>
    </Filter>
    <Filter Include="Editor\Commands\MenubarCommands">
      <UniqueIdentifier>{59aa71fe-8d68-4297-8598-553d8498282d}</UniqueIdentifier>
    </Filter>
    <Filter Include="Editor\DataSystem">
      <UniqueIdentifier>{df3d0462-035e-4bad-98d4-634df95d5b42}</UniqueIdentifier>
    </Filter>
    <Filter Include="Editor\DataSystem\Iterator">
      <UniqueIdentifier>{5555cdbb-a236-4aa2-b001-d7e18a3006b6}</UniqueIdentifier>
    </Filter>
    <Filter Include="Editor\DataSystem\DataStructure">
      <UniqueIdentifier>{dd1ed6d9-7a8f-431e-bc9f-71b76bffdde2}</UniqueIdentifier>
    </Filter>
    <Filter Include="Editor\IO">
      <UniqueIdentifier>{33d969ad-26c9-4675-b49e-b952ef5f0763}</UniqueIdentifier>
    </Filter>
    <Filter Include="Editor\DataSystem\EditableData">
      <UniqueIdentifier>{47ea8057-a1f7-490c-8be2-48ee0ba2a859}</UniqueIdentifier>
    </Filter>
    <Filter Include="Editor\DataSystem\EditableData\InstanceData">
      <UniqueIdentifier>{eafa4f98-daf4-4d03-adc2-3ee83fbbc9df}</UniqueIdentifier>
    </Filter>
    <Filter Include="Editor\DataSystem\EditableData\SharedData">
      <UniqueIdentifier>{11241e27-faa2-4357-a3d8-416d74037a31}</UniqueIdentifier>
    </Filter>
    <Filter Include="Editor\DataSystem\EditableData\DataType">
      <UniqueIdentifier>{23af273e-3034-4921-a34c-25496efb6b27}</UniqueIdentifier>
    </Filter>
    <Filter Include="Editor\DataSystem\EditableData\SharedData\DataType">
      <UniqueIdentifier>{12c926e0-9622-4f19-940e-0f9fed6da0ec}</UniqueIdentifier>
    </Filter>
    <Filter Include="Editor\DataSystem\EditableData\InstanceData\DataType">
      <UniqueIdentifier>{18bad386-fd1e-43c8-881e-26fad3f74cad}</UniqueIdentifier>
    </Filter>
  </ItemGroup>
  <ItemGroup>
    <ClInclude Include="..\Include\ImGui\imconfig.h">
      <Filter>Editor\imgui</Filter>
    </ClInclude>
    <ClInclude Include="..\Include\ImGui\imgui.h">
      <Filter>Editor\imgui</Filter>
    </ClInclude>
    <ClInclude Include="..\Include\ImGui\imgui_internal.h">
      <Filter>Editor\imgui</Filter>
    </ClInclude>
    <ClInclude Include="..\Include\ImGui\backends\imgui_impl_dx11.h">
      <Filter>Editor\imgui</Filter>
    </ClInclude>
    <ClInclude Include="..\Include\ImGui\backends\imgui_impl_win32.h">
      <Filter>Editor\imgui</Filter>
    </ClInclude>
    <ClInclude Include="Application.h">
      <Filter>sources</Filter>
    </ClInclude>
    <ClInclude Include="Layer.h">
      <Filter>sources</Filter>
    </ClInclude>
    <ClInclude Include="EditorEvents.h">
      <Filter>Editor\Events</Filter>
    </ClInclude>
    <ClInclude Include="ContentsLayer.h">
      <Filter>Contents</Filter>
    </ClInclude>
    <ClInclude Include="RTSCam.h">
      <Filter>RTSCam</Filter>
    </ClInclude>
    <ClInclude Include="RoamingCam.h">
      <Filter>RoamingCam</Filter>
    </ClInclude>
    <ClInclude Include="CamSwitcher.h">
      <Filter>CamSwitcher</Filter>
    </ClInclude>
    <ClInclude Include="RequestDetourTest.h">
      <Filter>RecastDetourTest</Filter>
    </ClInclude>
    <ClInclude Include="DebugTilePlane.h">
      <Filter>DebugPlane</Filter>
    </ClInclude>
    <ClInclude Include="DebugBeacon.h">
      <Filter>DebugBeacon</Filter>
    </ClInclude>
    <ClInclude Include="TerrainEditor.h">
      <Filter>TerrainEditor</Filter>
    </ClInclude>
    <ClInclude Include="DebugMeshes.h">
      <Filter>DebugMeshes</Filter>
    </ClInclude>
    <ClInclude Include="PeriodicAction.h">
      <Filter>PeriodicAction</Filter>
    </ClInclude>
    <ClInclude Include="RTSTerrain.h">
      <Filter>RTSTerrain</Filter>
    </ClInclude>
    <ClInclude Include="ShakyCam.h">
      <Filter>Contents</Filter>
    </ClInclude>
    <ClInclude Include="EditorLayer.h">
      <Filter>Editor</Filter>
    </ClInclude>
    <ClInclude Include="EditorPanel.h">
      <Filter>Editor\Panel</Filter>
    </ClInclude>
    <ClInclude Include="Panel_CameraView.h">
      <Filter>Editor\Panel\List</Filter>
    </ClInclude>
    <ClInclude Include="Panel_Hierarchy.h">
      <Filter>Editor\Panel\List</Filter>
    </ClInclude>
    <ClInclude Include="Panel_Inspector.h">
      <Filter>Editor\Panel\List</Filter>
    </ClInclude>
    <ClInclude Include="Panel_MiniMap.h">
      <Filter>Editor\Panel\List</Filter>
    </ClInclude>
    <ClInclude Include="Panel_SceneView.h">
      <Filter>Editor\Panel\List</Filter>
    </ClInclude>
    <ClInclude Include="Command.h">
      <Filter>Editor\Commands</Filter>
    </ClInclude>
    <ClInclude Include="CommandManager.h">
      <Filter>Editor\Commands</Filter>
    </ClInclude>
    <ClInclude Include="ProgramExitCommand.h">
      <Filter>Editor\Commands\MenubarCommands</Filter>
    </ClInclude>
    <ClInclude Include="MenubarCommands.h">
      <Filter>Editor\Commands\MenubarCommands</Filter>
    </ClInclude>
    <ClInclude Include="Panel_Preview.h">
      <Filter>Editor\Panel\List</Filter>
    </ClInclude>
    <ClInclude Include="PanelList.h">
      <Filter>Editor\Panel</Filter>
    </ClInclude>
    <ClInclude Include="Panel_Palette.h">
      <Filter>Editor\Panel\List</Filter>
    </ClInclude>
    <ClInclude Include="CircularQueue.h">
      <Filter>Editor\DataSystem\DataStructure</Filter>
    </ClInclude>
    <ClInclude Include="UUID.h">
      <Filter>Editor\DataSystem</Filter>
    </ClInclude>
    <ClInclude Include="Identifiable.h">
      <Filter>Editor\DataSystem</Filter>
    </ClInclude>
    <ClInclude Include="Storable.h">
      <Filter>Editor\DataSystem</Filter>
    </ClInclude>
    <ClInclude Include="MapFileManager.h">
      <Filter>Editor\IO</Filter>
    </ClInclude>
    <ClInclude Include="InstanceManager.h">
      <Filter>Editor\DataSystem</Filter>
    </ClInclude>
    <ClInclude Include="EditableData.h">
      <Filter>Editor\DataSystem\EditableData</Filter>
    </ClInclude>
    <ClInclude Include="InstanceData.h">
      <Filter>Editor\DataSystem\EditableData\InstanceData</Filter>
    </ClInclude>
    <ClInclude Include="SharedData.h">
      <Filter>Editor\DataSystem\EditableData\SharedData</Filter>
    </ClInclude>
    <ClInclude Include="Ornaments.h">
      <Filter>Editor\DataSystem\EditableData\DataType</Filter>
    </ClInclude>
    <ClInclude Include="Terrain.h">
      <Filter>Editor\DataSystem\EditableData\DataType</Filter>
    </ClInclude>
    <ClInclude Include="Units.h">
      <Filter>Editor\DataSystem\EditableData\DataType</Filter>
    </ClInclude>
    <ClInclude Include="Units_SharedData.h">
      <Filter>Editor\DataSystem\EditableData\SharedData\DataType</Filter>
    </ClInclude>
    <ClInclude Include="Ornaments_SharedData.h">
      <Filter>Editor\DataSystem\EditableData\SharedData\DataType</Filter>
    </ClInclude>
    <ClInclude Include="Terrain_SharedData.h">
      <Filter>Editor\DataSystem\EditableData\SharedData\DataType</Filter>
    </ClInclude>
    <ClInclude Include="Units_InstanceData.h">
      <Filter>Editor\DataSystem\EditableData\InstanceData\DataType</Filter>
    </ClInclude>
    <ClInclude Include="Ornaments_InstanceData.h">
      <Filter>Editor\DataSystem\EditableData\InstanceData\DataType</Filter>
    </ClInclude>
    <ClInclude Include="Terrain_InstanceData.h">
      <Filter>Editor\DataSystem\EditableData\InstanceData\DataType</Filter>
    </ClInclude>
  </ItemGroup>
  <ItemGroup>
    <ClCompile Include="EntryPoint.cpp">
      <Filter>sources</Filter>
    </ClCompile>
    <ClCompile Include="..\Include\ImGui\imgui.cpp">
      <Filter>Editor\imgui</Filter>
    </ClCompile>
    <ClCompile Include="..\Include\ImGui\imgui_demo.cpp">
      <Filter>Editor\imgui</Filter>
    </ClCompile>
    <ClCompile Include="..\Include\ImGui\imgui_draw.cpp">
      <Filter>Editor\imgui</Filter>
    </ClCompile>
    <ClCompile Include="..\Include\ImGui\imgui_tables.cpp">
      <Filter>Editor\imgui</Filter>
    </ClCompile>
    <ClCompile Include="..\Include\ImGui\imgui_widgets.cpp">
      <Filter>Editor\imgui</Filter>
    </ClCompile>
    <ClCompile Include="..\Include\ImGui\backends\imgui_impl_dx11.cpp">
      <Filter>Editor\imgui</Filter>
    </ClCompile>
    <ClCompile Include="..\Include\ImGui\backends\imgui_impl_win32.cpp">
      <Filter>Editor\imgui</Filter>
    </ClCompile>
    <ClCompile Include="Application.cpp">
      <Filter>sources</Filter>
    </ClCompile>
    <ClCompile Include="RTSCam.cpp">
      <Filter>RTSCam</Filter>
    </ClCompile>
    <ClCompile Include="RoamingCam.cpp">
      <Filter>RoamingCam</Filter>
    </ClCompile>
    <ClCompile Include="CamSwitcher.cpp">
      <Filter>CamSwitcher</Filter>
    </ClCompile>
    <ClCompile Include="RequestDetourTest.cpp">
      <Filter>RecastDetourTest</Filter>
    </ClCompile>
    <ClCompile Include="EditorEvents.cpp">
      <Filter>Editor\Events</Filter>
    </ClCompile>
    <ClCompile Include="ContentsLayer.cpp">
      <Filter>Contents</Filter>
    </ClCompile>
    <ClCompile Include="ShakyCam.cpp">
      <Filter>Contents</Filter>
    </ClCompile>
    <ClCompile Include="EditorLayer.cpp">
      <Filter>Editor</Filter>
    </ClCompile>
    <ClCompile Include="Panel_CameraView.cpp">
      <Filter>Editor\Panel\List</Filter>
    </ClCompile>
    <ClCompile Include="Panel_Hierarchy.cpp">
      <Filter>Editor\Panel\List</Filter>
    </ClCompile>
    <ClCompile Include="Panel_Inspector.cpp">
      <Filter>Editor\Panel\List</Filter>
    </ClCompile>
    <ClCompile Include="Panel_MiniMap.cpp">
      <Filter>Editor\Panel\List</Filter>
    </ClCompile>
    <ClCompile Include="Panel_SceneView.cpp">
      <Filter>Editor\Panel\List</Filter>
    </ClCompile>
    <ClCompile Include="CommandManager.cpp">
      <Filter>Editor\Commands</Filter>
    </ClCompile>
    <ClCompile Include="ProgramExitCommand.cpp">
      <Filter>Editor\Commands\MenubarCommands</Filter>
    </ClCompile>
    <ClCompile Include="main.cpp" />
    <ClCompile Include="..\YunutyEngineDemo\main_alt.cpp" />
    <ClCompile Include="Panel_Preview.cpp">
      <Filter>Editor\Panel\List</Filter>
    </ClCompile>
    <ClCompile Include="Panel_Palette.cpp">
      <Filter>Editor\Panel\List</Filter>
    </ClCompile>
    <ClCompile Include="Identifiable.cpp">
      <Filter>Editor\DataSystem</Filter>
    </ClCompile>
    <ClCompile Include="Storable.cpp">
      <Filter>Editor\DataSystem</Filter>
    </ClCompile>
    <ClCompile Include="MapFileManager.cpp">
      <Filter>Editor\IO</Filter>
    </ClCompile>
    <ClCompile Include="InstanceManager.cpp">
      <Filter>Editor\DataSystem</Filter>
    </ClCompile>
    <ClCompile Include="Ornaments.cpp">
      <Filter>Editor\DataSystem\EditableData\DataType</Filter>
    </ClCompile>
    <ClCompile Include="Terrain.cpp">
      <Filter>Editor\DataSystem\EditableData\DataType</Filter>
    </ClCompile>
    <ClCompile Include="Units.cpp">
      <Filter>Editor\DataSystem\EditableData\DataType</Filter>
    </ClCompile>
    <ClCompile Include="Ornaments_SharedData.cpp">
      <Filter>Editor\DataSystem\EditableData\SharedData\DataType</Filter>
    </ClCompile>
    <ClCompile Include="Terrain_SharedData.cpp">
      <Filter>Editor\DataSystem\EditableData\SharedData\DataType</Filter>
    </ClCompile>
    <ClCompile Include="Units_SharedData.cpp">
      <Filter>Editor\DataSystem\EditableData\SharedData\DataType</Filter>
    </ClCompile>
    <ClCompile Include="Ornaments_InstanceData.cpp">
      <Filter>Editor\DataSystem\EditableData\InstanceData\DataType</Filter>
    </ClCompile>
    <ClCompile Include="Terrain_InstanceData.cpp">
      <Filter>Editor\DataSystem\EditableData\InstanceData\DataType</Filter>
    </ClCompile>
    <ClCompile Include="Units_InstanceData.cpp">
      <Filter>Editor\DataSystem\EditableData\InstanceData\DataType</Filter>
    </ClCompile>
  </ItemGroup>
</Project>