<?xml version="1.0" encoding="utf-8"?>
<Project ToolsVersion="4.0" xmlns="http://schemas.microsoft.com/developer/msbuild/2003">
  <ItemGroup>
    <Filter Include="imgui">
      <UniqueIdentifier>{0587d7a3-f2ce-4d56-b84f-a0005d3bfce6}</UniqueIdentifier>
    </Filter>
    <Filter Include="sources">
      <UniqueIdentifier>{08e36723-ce4f-4cff-9662-c40801cf1acf}</UniqueIdentifier>
    </Filter>
    <Filter Include="Dotween">
      <UniqueIdentifier>{f412aa5f-6d0c-4d12-886c-cc62b5a8eeaf}</UniqueIdentifier>
    </Filter>
    <Filter Include="Scripts">
      <UniqueIdentifier>{121d28b6-c354-41fd-9b67-492aa15aa2b0}</UniqueIdentifier>
    </Filter>
  </ItemGroup>
  <ItemGroup>
    <ClInclude Include="ShakyCam.h" />
    <ClInclude Include="..\Include\ImGui\backends\imgui_impl_dx11.h">
      <Filter>sources</Filter>
    </ClInclude>
    <ClInclude Include="..\Include\ImGui\backends\imgui_impl_win32.h">
      <Filter>sources</Filter>
    </ClInclude>
    <ClInclude Include="..\Include\ImGui\imconfig.h">
      <Filter>imgui</Filter>
    </ClInclude>
    <ClInclude Include="..\Include\ImGui\imgui.h">
      <Filter>imgui</Filter>
    </ClInclude>
    <ClInclude Include="..\Include\ImGui\imgui_internal.h">
      <Filter>imgui</Filter>
    </ClInclude>
    <ClInclude Include="Dotween.h">
      <Filter>Dotween</Filter>
    </ClInclude>
    <ClInclude Include="DotweenTimer.h">
      <Filter>Dotween</Filter>
    </ClInclude>
    <ClInclude Include="DotweenTimerPool.h">
      <Filter>Dotween</Filter>
    </ClInclude>
    <ClInclude Include="Easing.h">
      <Filter>Dotween</Filter>
    </ClInclude>
    <ClInclude Include="Player.h" />
  </ItemGroup>
  <ItemGroup>
    <ClCompile Include="ShakyCam.cpp" />
    <ClCompile Include="main_alt.cpp">
      <Filter>sources</Filter>
    </ClCompile>
    <ClCompile Include="..\Include\ImGui\backends\imgui_impl_dx11.cpp">
      <Filter>sources</Filter>
    </ClCompile>
    <ClCompile Include="..\Include\ImGui\backends\imgui_impl_win32.cpp">
      <Filter>sources</Filter>
    </ClCompile>
    <ClCompile Include="..\Include\ImGui\imgui.cpp">
      <Filter>imgui</Filter>
    </ClCompile>
    <ClCompile Include="..\Include\ImGui\imgui_demo.cpp">
      <Filter>imgui</Filter>
    </ClCompile>
    <ClCompile Include="..\Include\ImGui\imgui_draw.cpp">
      <Filter>imgui</Filter>
    </ClCompile>
    <ClCompile Include="..\Include\ImGui\imgui_tables.cpp">
      <Filter>imgui</Filter>
    </ClCompile>
    <ClCompile Include="..\Include\ImGui\imgui_widgets.cpp">
      <Filter>imgui</Filter>
    </ClCompile>
    <ClCompile Include="main.cpp">
      <Filter>sources</Filter>
    </ClCompile>
    <ClCompile Include="Dotween.cpp">
      <Filter>Dotween</Filter>
    </ClCompile>
    <ClCompile Include="DotweenTimer.cpp">
      <Filter>Dotween</Filter>
    </ClCompile>
    <ClCompile Include="DotweenTimerPool.cpp">
      <Filter>Dotween</Filter>
    </ClCompile>
    <ClCompile Include="Easing.cpp">
      <Filter>Dotween</Filter>
    </ClCompile>
    <ClCompile Include="Player.cpp" />
  </ItemGroup>
</Project>