<?xml version="1.0" encoding="utf-8"?>
<Project ToolsVersion="4.0" xmlns="http://schemas.microsoft.com/developer/msbuild/2003">
  <ItemGroup>
    <Filter Include="imgui">
      <UniqueIdentifier>{0587d7a3-f2ce-4d56-b84f-a0005d3bfce6}</UniqueIdentifier>
    </Filter>
    <Filter Include="sources">
      <UniqueIdentifier>{08e36723-ce4f-4cff-9662-c40801cf1acf}</UniqueIdentifier>
    </Filter>
    <Filter Include="RTSCam">
      <UniqueIdentifier>{4d58ffff-525b-4e6d-a64c-bf1f311430a2}</UniqueIdentifier>
    </Filter>
    <Filter Include="RoamingCam">
      <UniqueIdentifier>{2d512d5b-fcbf-459a-af2e-e0419a2af7d6}</UniqueIdentifier>
    </Filter>
    <Filter Include="CamSwitcher">
      <UniqueIdentifier>{bf3324c5-849e-4c7f-af17-eeb0a882cc19}</UniqueIdentifier>
    </Filter>
    <Filter Include="RecastDetourTest">
      <UniqueIdentifier>{56c19951-ac88-4ad2-9b55-db6f941240e1}</UniqueIdentifier>
    </Filter>
    <Filter Include="DebugPlane">
      <UniqueIdentifier>{028fb8ff-0f7e-465c-894d-222249262cc3}</UniqueIdentifier>
    </Filter>
    <Filter Include="DebugBeacon">
      <UniqueIdentifier>{12a9b6c6-374f-4024-a2c3-3d67deff9469}</UniqueIdentifier>
    </Filter>
    <Filter Include="Creatures">
      <UniqueIdentifier>{605ddaf4-661b-47d4-b24d-c39eb08784ec}</UniqueIdentifier>
    </Filter>
    <Filter Include="Creatures\Interface">
      <UniqueIdentifier>{e64316a1-c9d4-4ce9-9b47-1a2d6c6abdd6}</UniqueIdentifier>
    </Filter>
  </ItemGroup>
  <ItemGroup>
    <ClInclude Include="ShakyCam.h" />
    <ClInclude Include="..\Include\ImGui\backends\imgui_impl_dx11.h">
      <Filter>sources</Filter>
    </ClInclude>
    <ClInclude Include="..\Include\ImGui\backends\imgui_impl_win32.h">
      <Filter>sources</Filter>
    </ClInclude>
    <ClInclude Include="..\Include\ImGui\imconfig.h">
      <Filter>imgui</Filter>
    </ClInclude>
    <ClInclude Include="..\Include\ImGui\imgui.h">
      <Filter>imgui</Filter>
    </ClInclude>
    <ClInclude Include="..\Include\ImGui\imgui_internal.h">
      <Filter>imgui</Filter>
    </ClInclude>
    <ClInclude Include="RTSCam.h">
      <Filter>RTSCam</Filter>
    </ClInclude>
    <ClInclude Include="RoamingCam.h">
      <Filter>RoamingCam</Filter>
    </ClInclude>
    <ClInclude Include="CamSwitcher.h">
      <Filter>CamSwitcher</Filter>
    </ClInclude>
    <ClInclude Include="RequestDetourTest.h">
      <Filter>RecastDetourTest</Filter>
    </ClInclude>
    <ClInclude Include="DebugTilePlane.h">
      <Filter>DebugPlane</Filter>
    </ClInclude>
    <ClInclude Include="DebugBeacon.h">
      <Filter>DebugBeacon</Filter>
    </ClInclude>
    <ClInclude Include="ICreature.h">
      <Filter>Creatures\Interface</Filter>
    </ClInclude>
    <ClInclude Include="IGrounded.h">
      <Filter>Creatures\Interface</Filter>
    </ClInclude>
    <ClInclude Include="Zealot.h">
      <Filter>Creatures</Filter>
    </ClInclude>
    <ClInclude Include="Zergling.h">
      <Filter>Creatures</Filter>
    </ClInclude>
  </ItemGroup>
  <ItemGroup>
    <ClCompile Include="ShakyCam.cpp" />
    <ClCompile Include="main_alt.cpp">
      <Filter>sources</Filter>
    </ClCompile>
    <ClCompile Include="..\Include\ImGui\backends\imgui_impl_dx11.cpp">
      <Filter>sources</Filter>
    </ClCompile>
    <ClCompile Include="..\Include\ImGui\backends\imgui_impl_win32.cpp">
      <Filter>sources</Filter>
    </ClCompile>
    <ClCompile Include="..\Include\ImGui\imgui.cpp">
      <Filter>imgui</Filter>
    </ClCompile>
    <ClCompile Include="..\Include\ImGui\imgui_demo.cpp">
      <Filter>imgui</Filter>
    </ClCompile>
    <ClCompile Include="..\Include\ImGui\imgui_draw.cpp">
      <Filter>imgui</Filter>
    </ClCompile>
    <ClCompile Include="..\Include\ImGui\imgui_tables.cpp">
      <Filter>imgui</Filter>
    </ClCompile>
    <ClCompile Include="..\Include\ImGui\imgui_widgets.cpp">
      <Filter>imgui</Filter>
    </ClCompile>
    <ClCompile Include="main.cpp">
      <Filter>sources</Filter>
    </ClCompile>
    <ClCompile Include="RTSCam.cpp">
      <Filter>RTSCam</Filter>
    </ClCompile>
    <ClCompile Include="RoamingCam.cpp">
      <Filter>RoamingCam</Filter>
    </ClCompile>
    <ClCompile Include="CamSwitcher.cpp">
      <Filter>CamSwitcher</Filter>
    </ClCompile>
    <ClCompile Include="RequestDetourTest.cpp">
      <Filter>RecastDetourTest</Filter>
    </ClCompile>
    <ClCompile Include="IGrounded.cpp">
      <Filter>Creatures\Interface</Filter>
    </ClCompile>
    <ClCompile Include="Zealot.cpp">
      <Filter>Creatures</Filter>
    </ClCompile>
    <ClCompile Include="Zergling.cpp">
      <Filter>Creatures</Filter>
    </ClCompile>
  </ItemGroup>
</Project>